Microsoft Visual Studio Solution File, Format Version 8.00
Project("{8BC9CEB8-8B4A-11D0-8D11-00A0C91BC942}") = "ClassLib", "..\ClassLib.2003.vcproj", "{44F0B7AD-2952-4D7C-AF72-6A0CB26F00DB}"
	ProjectSection(ProjectDependencies) = postProject
	EndProjectSection
EndProject
Project("{8BC9CEB8-8B4A-11D0-8D11-00A0C91BC942}") = "ADO", "ADO\ADO.2003.vcproj", "{E8242B19-BA49-4336-94CA-4F8658DD319F}"
	ProjectSection(ProjectDependencies) = postProject
		{44F0B7AD-2952-4D7C-AF72-6A0CB26F00DB} = {44F0B7AD-2952-4D7C-AF72-6A0CB26F00DB}
	EndProjectSection
EndProject
Project("{8BC9CEB8-8B4A-11D0-8D11-00A0C91BC942}") = "Browser", "Browser\Browser.2003.vcproj", "{8E273289-6E33-42E5-89E3-4407C4E9F2BE}"
	ProjectSection(ProjectDependencies) = postProject
		{44F0B7AD-2952-4D7C-AF72-6A0CB26F00DB} = {44F0B7AD-2952-4D7C-AF72-6A0CB26F00DB}
	EndProjectSection
EndProject
Project("{8BC9CEB8-8B4A-11D0-8D11-00A0C91BC942}") = "ColorPicker", "ColorPicker\ColorPicker.2003.vcproj", "{C80514DE-7E95-4AD4-8EB2-AAB4D33B73DD}"
	ProjectSection(ProjectDependencies) = postProject
		{44F0B7AD-2952-4D7C-AF72-6A0CB26F00DB} = {44F0B7AD-2952-4D7C-AF72-6A0CB26F00DB}
	EndProjectSection
EndProject
Project("{8BC9CEB8-8B4A-11D0-8D11-00A0C91BC942}") = "CRC", "CRC\CRC.2003.vcproj", "{AC8F4373-7E4F-49AA-9AA4-3BF86BFD09EF}"
	ProjectSection(ProjectDependencies) = postProject
		{44F0B7AD-2952-4D7C-AF72-6A0CB26F00DB} = {44F0B7AD-2952-4D7C-AF72-6A0CB26F00DB}
	EndProjectSection
EndProject
Project("{8BC9CEB8-8B4A-11D0-8D11-00A0C91BC942}") = "DynamicDialog", "DynamicDialog\DynamicDialog.2003.vcproj", "{E7582C0A-2B10-466B-908F-AFD3D81CF3EC}"
	ProjectSection(ProjectDependencies) = postProject
		{44F0B7AD-2952-4D7C-AF72-6A0CB26F00DB} = {44F0B7AD-2952-4D7C-AF72-6A0CB26F00DB}
	EndProjectSection
EndProject
Project("{8BC9CEB8-8B4A-11D0-8D11-00A0C91BC942}") = "FastFind", "FastFind\FastFind.2003.vcproj", "{7038E450-46D2-4E5C-9BCD-BD426D1F539C}"
	ProjectSection(ProjectDependencies) = postProject
		{44F0B7AD-2952-4D7C-AF72-6A0CB26F00DB} = {44F0B7AD-2952-4D7C-AF72-6A0CB26F00DB}
	EndProjectSection
EndProject
Project("{8BC9CEB8-8B4A-11D0-8D11-00A0C91BC942}") = "FileDirTree", "FileDirTree\FileDirTree.2003.vcproj", "{B3D54E9E-B35E-472D-A443-8C2AAFFACCC3}"
	ProjectSection(ProjectDependencies) = postProject
		{44F0B7AD-2952-4D7C-AF72-6A0CB26F00DB} = {44F0B7AD-2952-4D7C-AF72-6A0CB26F00DB}
	EndProjectSection
EndProject
Project("{8BC9CEB8-8B4A-11D0-8D11-00A0C91BC942}") = "InfoBar", "InfoBar\InfoBar.2003.vcproj", "{3AB24FD8-2732-4BF9-88BD-4DA55A38CF98}"
	ProjectSection(ProjectDependencies) = postProject
		{44F0B7AD-2952-4D7C-AF72-6A0CB26F00DB} = {44F0B7AD-2952-4D7C-AF72-6A0CB26F00DB}
	EndProjectSection
EndProject
Project("{8BC9CEB8-8B4A-11D0-8D11-00A0C91BC942}") = "LayoutEngine", "LayoutEngine\LayoutEngine.2003.vcproj", "{730F1D72-65F5-446E-BC0C-6EE3B40506D3}"
	ProjectSection(ProjectDependencies) = postProject
		{44F0B7AD-2952-4D7C-AF72-6A0CB26F00DB} = {44F0B7AD-2952-4D7C-AF72-6A0CB26F00DB}
	EndProjectSection
EndProject
Project("{8BC9CEB8-8B4A-11D0-8D11-00A0C91BC942}") = "MDI", "MDI\MDI.2003.vcproj", "{87C5DA2F-C340-46C2-BCE8-C1C7342A5917}"
	ProjectSection(ProjectDependencies) = postProject
		{44F0B7AD-2952-4D7C-AF72-6A0CB26F00DB} = {44F0B7AD-2952-4D7C-AF72-6A0CB26F00DB}
	EndProjectSection
EndProject
Project("{8BC9CEB8-8B4A-11D0-8D11-00A0C91BC942}") = "MRU", "MRU\MRU.2003.vcproj", "{0880B28D-9A15-4EFE-872C-895B2509E50D}"
	ProjectSection(ProjectDependencies) = postProject
		{44F0B7AD-2952-4D7C-AF72-6A0CB26F00DB} = {44F0B7AD-2952-4D7C-AF72-6A0CB26F00DB}
	EndProjectSection
EndProject
Project("{8BC9CEB8-8B4A-11D0-8D11-00A0C91BC942}") = "MultiMon", "MultiMon\MultiMon.2003.vcproj", "{4F1BF7CD-0D2B-46A8-A89B-D435B06FDB2A}"
	ProjectSection(ProjectDependencies) = postProject
		{44F0B7AD-2952-4D7C-AF72-6A0CB26F00DB} = {44F0B7AD-2952-4D7C-AF72-6A0CB26F00DB}
	EndProjectSection
EndProject
Project("{8BC9CEB8-8B4A-11D0-8D11-00A0C91BC942}") = "PanelBar", "PanelBar\PanelBar.2003.vcproj", "{9270D6A4-03D3-4573-94E6-C6E40709B02F}"
	ProjectSection(ProjectDependencies) = postProject
		{44F0B7AD-2952-4D7C-AF72-6A0CB26F00DB} = {44F0B7AD-2952-4D7C-AF72-6A0CB26F00DB}
	EndProjectSection
EndProject
Project("{8BC9CEB8-8B4A-11D0-8D11-00A0C91BC942}") = "XPControls", "XPControls\XPControls.2003.vcproj", "{5D957307-E73B-4A16-8DFA-75B73087E4BA}"
	ProjectSection(ProjectDependencies) = postProject
		{44F0B7AD-2952-4D7C-AF72-6A0CB26F00DB} = {44F0B7AD-2952-4D7C-AF72-6A0CB26F00DB}
	EndProjectSection
EndProject
Project("{8BC9CEB8-8B4A-11D0-8D11-00A0C91BC942}") = "XPMenu", "XPMenu\XPMenu.2003.vcproj", "{4B0C66EE-BBEB-404B-ABE0-DAA0A5B99BD2}"
	ProjectSection(ProjectDependencies) = postProject
		{44F0B7AD-2952-4D7C-AF72-6A0CB26F00DB} = {44F0B7AD-2952-4D7C-AF72-6A0CB26F00DB}
	EndProjectSection
EndProject
Global
	GlobalSection(SolutionConfiguration) = preSolution
		MBCS Debug = MBCS Debug
		MBCS Release = MBCS Release
		Unicode Debug = Unicode Debug
		Unicode Release = Unicode Release
	EndGlobalSection
	GlobalSection(ProjectDependencies) = postSolution
	EndGlobalSection
	GlobalSection(ProjectConfiguration) = postSolution
		{44F0B7AD-2952-4D7C-AF72-6A0CB26F00DB}.MBCS Debug.ActiveCfg = MBCS Debug|Win32
		{44F0B7AD-2952-4D7C-AF72-6A0CB26F00DB}.MBCS Debug.Build.0 = MBCS Debug|Win32
		{44F0B7AD-2952-4D7C-AF72-6A0CB26F00DB}.MBCS Release.ActiveCfg = MBCS Release|Win32
		{44F0B7AD-2952-4D7C-AF72-6A0CB26F00DB}.MBCS Release.Build.0 = MBCS Release|Win32
		{44F0B7AD-2952-4D7C-AF72-6A0CB26F00DB}.Unicode Debug.ActiveCfg = Unicode Debug|Win32
		{44F0B7AD-2952-4D7C-AF72-6A0CB26F00DB}.Unicode Debug.Build.0 = Unicode Debug|Win32
		{44F0B7AD-2952-4D7C-AF72-6A0CB26F00DB}.Unicode Release.ActiveCfg = Unicode Release|Win32
		{44F0B7AD-2952-4D7C-AF72-6A0CB26F00DB}.Unicode Release.Build.0 = Unicode Release|Win32
		{E8242B19-BA49-4336-94CA-4F8658DD319F}.MBCS Debug.ActiveCfg = MBCS Debug|Win32
		{E8242B19-BA49-4336-94CA-4F8658DD319F}.MBCS Debug.Build.0 = MBCS Debug|Win32
		{E8242B19-BA49-4336-94CA-4F8658DD319F}.MBCS Release.ActiveCfg = MBCS Release|Win32
		{E8242B19-BA49-4336-94CA-4F8658DD319F}.MBCS Release.Build.0 = MBCS Release|Win32
		{E8242B19-BA49-4336-94CA-4F8658DD319F}.Unicode Debug.ActiveCfg = Unicode Debug|Win32
		{E8242B19-BA49-4336-94CA-4F8658DD319F}.Unicode Debug.Build.0 = Unicode Debug|Win32
		{E8242B19-BA49-4336-94CA-4F8658DD319F}.Unicode Release.ActiveCfg = Unicode Release|Win32
		{E8242B19-BA49-4336-94CA-4F8658DD319F}.Unicode Release.Build.0 = Unicode Release|Win32
		{8E273289-6E33-42E5-89E3-4407C4E9F2BE}.MBCS Debug.ActiveCfg = MBCS Debug|Win32
		{8E273289-6E33-42E5-89E3-4407C4E9F2BE}.MBCS Debug.Build.0 = MBCS Debug|Win32
		{8E273289-6E33-42E5-89E3-4407C4E9F2BE}.MBCS Release.ActiveCfg = MBCS Release|Win32
		{8E273289-6E33-42E5-89E3-4407C4E9F2BE}.MBCS Release.Build.0 = MBCS Release|Win32
		{8E273289-6E33-42E5-89E3-4407C4E9F2BE}.Unicode Debug.ActiveCfg = Unicode Debug|Win32
		{8E273289-6E33-42E5-89E3-4407C4E9F2BE}.Unicode Debug.Build.0 = Unicode Debug|Win32
		{8E273289-6E33-42E5-89E3-4407C4E9F2BE}.Unicode Release.ActiveCfg = Unicode Release|Win32
		{8E273289-6E33-42E5-89E3-4407C4E9F2BE}.Unicode Release.Build.0 = Unicode Release|Win32
		{C80514DE-7E95-4AD4-8EB2-AAB4D33B73DD}.MBCS Debug.ActiveCfg = MBCS Debug|Win32
		{C80514DE-7E95-4AD4-8EB2-AAB4D33B73DD}.MBCS Debug.Build.0 = MBCS Debug|Win32
		{C80514DE-7E95-4AD4-8EB2-AAB4D33B73DD}.MBCS Release.ActiveCfg = MBCS Release|Win32
		{C80514DE-7E95-4AD4-8EB2-AAB4D33B73DD}.MBCS Release.Build.0 = MBCS Release|Win32
		{C80514DE-7E95-4AD4-8EB2-AAB4D33B73DD}.Unicode Debug.ActiveCfg = Unicode Debug|Win32
		{C80514DE-7E95-4AD4-8EB2-AAB4D33B73DD}.Unicode Debug.Build.0 = Unicode Debug|Win32
		{C80514DE-7E95-4AD4-8EB2-AAB4D33B73DD}.Unicode Release.ActiveCfg = Unicode Release|Win32
		{C80514DE-7E95-4AD4-8EB2-AAB4D33B73DD}.Unicode Release.Build.0 = Unicode Release|Win32
		{AC8F4373-7E4F-49AA-9AA4-3BF86BFD09EF}.MBCS Debug.ActiveCfg = MBCS Debug|Win32
		{AC8F4373-7E4F-49AA-9AA4-3BF86BFD09EF}.MBCS Debug.Build.0 = MBCS Debug|Win32
		{AC8F4373-7E4F-49AA-9AA4-3BF86BFD09EF}.MBCS Release.ActiveCfg = MBCS Release|Win32
		{AC8F4373-7E4F-49AA-9AA4-3BF86BFD09EF}.MBCS Release.Build.0 = MBCS Release|Win32
		{AC8F4373-7E4F-49AA-9AA4-3BF86BFD09EF}.Unicode Debug.ActiveCfg = Unicode Debug|Win32
		{AC8F4373-7E4F-49AA-9AA4-3BF86BFD09EF}.Unicode Debug.Build.0 = Unicode Debug|Win32
		{AC8F4373-7E4F-49AA-9AA4-3BF86BFD09EF}.Unicode Release.ActiveCfg = Unicode Release|Win32
		{AC8F4373-7E4F-49AA-9AA4-3BF86BFD09EF}.Unicode Release.Build.0 = Unicode Release|Win32
		{E7582C0A-2B10-466B-908F-AFD3D81CF3EC}.MBCS Debug.ActiveCfg = MBCS Debug|Win32
		{E7582C0A-2B10-466B-908F-AFD3D81CF3EC}.MBCS Debug.Build.0 = MBCS Debug|Win32
		{E7582C0A-2B10-466B-908F-AFD3D81CF3EC}.MBCS Release.ActiveCfg = MBCS Release|Win32
		{E7582C0A-2B10-466B-908F-AFD3D81CF3EC}.MBCS Release.Build.0 = MBCS Release|Win32
		{E7582C0A-2B10-466B-908F-AFD3D81CF3EC}.Unicode Debug.ActiveCfg = Unicode Debug|Win32
		{E7582C0A-2B10-466B-908F-AFD3D81CF3EC}.Unicode Debug.Build.0 = Unicode Debug|Win32
		{E7582C0A-2B10-466B-908F-AFD3D81CF3EC}.Unicode Release.ActiveCfg = Unicode Release|Win32
		{E7582C0A-2B10-466B-908F-AFD3D81CF3EC}.Unicode Release.Build.0 = Unicode Release|Win32
		{7038E450-46D2-4E5C-9BCD-BD426D1F539C}.MBCS Debug.ActiveCfg = MBCS Debug|Win32
		{7038E450-46D2-4E5C-9BCD-BD426D1F539C}.MBCS Debug.Build.0 = MBCS Debug|Win32
		{7038E450-46D2-4E5C-9BCD-BD426D1F539C}.MBCS Release.ActiveCfg = MBCS Release|Win32
		{7038E450-46D2-4E5C-9BCD-BD426D1F539C}.MBCS Release.Build.0 = MBCS Release|Win32
		{7038E450-46D2-4E5C-9BCD-BD426D1F539C}.Unicode Debug.ActiveCfg = Unicode Debug|Win32
		{7038E450-46D2-4E5C-9BCD-BD426D1F539C}.Unicode Debug.Build.0 = Unicode Debug|Win32
		{7038E450-46D2-4E5C-9BCD-BD426D1F539C}.Unicode Release.ActiveCfg = Unicode Release|Win32
		{7038E450-46D2-4E5C-9BCD-BD426D1F539C}.Unicode Release.Build.0 = Unicode Release|Win32
		{B3D54E9E-B35E-472D-A443-8C2AAFFACCC3}.MBCS Debug.ActiveCfg = MBCS Debug|Win32
		{B3D54E9E-B35E-472D-A443-8C2AAFFACCC3}.MBCS Debug.Build.0 = MBCS Debug|Win32
		{B3D54E9E-B35E-472D-A443-8C2AAFFACCC3}.MBCS Release.ActiveCfg = MBCS Release|Win32
		{B3D54E9E-B35E-472D-A443-8C2AAFFACCC3}.MBCS Release.Build.0 = MBCS Release|Win32
		{B3D54E9E-B35E-472D-A443-8C2AAFFACCC3}.Unicode Debug.ActiveCfg = Unicode Debug|Win32
		{B3D54E9E-B35E-472D-A443-8C2AAFFACCC3}.Unicode Debug.Build.0 = Unicode Debug|Win32
		{B3D54E9E-B35E-472D-A443-8C2AAFFACCC3}.Unicode Release.ActiveCfg = Unicode Release|Win32
		{B3D54E9E-B35E-472D-A443-8C2AAFFACCC3}.Unicode Release.Build.0 = Unicode Release|Win32
		{3AB24FD8-2732-4BF9-88BD-4DA55A38CF98}.MBCS Debug.ActiveCfg = MBCS Debug|Win32
		{3AB24FD8-2732-4BF9-88BD-4DA55A38CF98}.MBCS Debug.Build.0 = MBCS Debug|Win32
		{3AB24FD8-2732-4BF9-88BD-4DA55A38CF98}.MBCS Release.ActiveCfg = MBCS Release|Win32
		{3AB24FD8-2732-4BF9-88BD-4DA55A38CF98}.MBCS Release.Build.0 = MBCS Release|Win32
		{3AB24FD8-2732-4BF9-88BD-4DA55A38CF98}.Unicode Debug.ActiveCfg = Unicode Debug|Win32
		{3AB24FD8-2732-4BF9-88BD-4DA55A38CF98}.Unicode Debug.Build.0 = Unicode Debug|Win32
		{3AB24FD8-2732-4BF9-88BD-4DA55A38CF98}.Unicode Release.ActiveCfg = Unicode Release|Win32
		{3AB24FD8-2732-4BF9-88BD-4DA55A38CF98}.Unicode Release.Build.0 = Unicode Release|Win32
		{730F1D72-65F5-446E-BC0C-6EE3B40506D3}.MBCS Debug.ActiveCfg = MBCS Debug|Win32
		{730F1D72-65F5-446E-BC0C-6EE3B40506D3}.MBCS Debug.Build.0 = MBCS Debug|Win32
		{730F1D72-65F5-446E-BC0C-6EE3B40506D3}.MBCS Release.ActiveCfg = MBCS Release|Win32
		{730F1D72-65F5-446E-BC0C-6EE3B40506D3}.MBCS Release.Build.0 = MBCS Release|Win32
		{730F1D72-65F5-446E-BC0C-6EE3B40506D3}.Unicode Debug.ActiveCfg = Unicode Debug|Win32
		{730F1D72-65F5-446E-BC0C-6EE3B40506D3}.Unicode Debug.Build.0 = Unicode Debug|Win32
		{730F1D72-65F5-446E-BC0C-6EE3B40506D3}.Unicode Release.ActiveCfg = Unicode Release|Win32
		{730F1D72-65F5-446E-BC0C-6EE3B40506D3}.Unicode Release.Build.0 = Unicode Release|Win32
		{87C5DA2F-C340-46C2-BCE8-C1C7342A5917}.MBCS Debug.ActiveCfg = MBCS Debug|Win32
		{87C5DA2F-C340-46C2-BCE8-C1C7342A5917}.MBCS Debug.Build.0 = MBCS Debug|Win32
		{87C5DA2F-C340-46C2-BCE8-C1C7342A5917}.MBCS Release.ActiveCfg = MBCS Release|Win32
		{87C5DA2F-C340-46C2-BCE8-C1C7342A5917}.MBCS Release.Build.0 = MBCS Release|Win32
		{87C5DA2F-C340-46C2-BCE8-C1C7342A5917}.Unicode Debug.ActiveCfg = Unicode Debug|Win32
		{87C5DA2F-C340-46C2-BCE8-C1C7342A5917}.Unicode Debug.Build.0 = Unicode Debug|Win32
		{87C5DA2F-C340-46C2-BCE8-C1C7342A5917}.Unicode Release.ActiveCfg = Unicode Release|Win32
		{87C5DA2F-C340-46C2-BCE8-C1C7342A5917}.Unicode Release.Build.0 = Unicode Release|Win32
		{0880B28D-9A15-4EFE-872C-895B2509E50D}.MBCS Debug.ActiveCfg = MBCS Debug|Win32
		{0880B28D-9A15-4EFE-872C-895B2509E50D}.MBCS Debug.Build.0 = MBCS Debug|Win32
		{0880B28D-9A15-4EFE-872C-895B2509E50D}.MBCS Release.ActiveCfg = MBCS Release|Win32
		{0880B28D-9A15-4EFE-872C-895B2509E50D}.MBCS Release.Build.0 = MBCS Release|Win32
		{0880B28D-9A15-4EFE-872C-895B2509E50D}.Unicode Debug.ActiveCfg = Unicode Debug|Win32
		{0880B28D-9A15-4EFE-872C-895B2509E50D}.Unicode Debug.Build.0 = Unicode Debug|Win32
		{0880B28D-9A15-4EFE-872C-895B2509E50D}.Unicode Release.ActiveCfg = Unicode Release|Win32
		{0880B28D-9A15-4EFE-872C-895B2509E50D}.Unicode Release.Build.0 = Unicode Release|Win32
		{4F1BF7CD-0D2B-46A8-A89B-D435B06FDB2A}.MBCS Debug.ActiveCfg = MBCS Debug|Win32
		{4F1BF7CD-0D2B-46A8-A89B-D435B06FDB2A}.MBCS Debug.Build.0 = MBCS Debug|Win32
		{4F1BF7CD-0D2B-46A8-A89B-D435B06FDB2A}.MBCS Release.ActiveCfg = MBCS Release|Win32
		{4F1BF7CD-0D2B-46A8-A89B-D435B06FDB2A}.MBCS Release.Build.0 = MBCS Release|Win32
		{4F1BF7CD-0D2B-46A8-A89B-D435B06FDB2A}.Unicode Debug.ActiveCfg = Unicode Debug|Win32
		{4F1BF7CD-0D2B-46A8-A89B-D435B06FDB2A}.Unicode Debug.Build.0 = Unicode Debug|Win32
		{4F1BF7CD-0D2B-46A8-A89B-D435B06FDB2A}.Unicode Release.ActiveCfg = Unicode Release|Win32
		{4F1BF7CD-0D2B-46A8-A89B-D435B06FDB2A}.Unicode Release.Build.0 = Unicode Release|Win32
		{9270D6A4-03D3-4573-94E6-C6E40709B02F}.MBCS Debug.ActiveCfg = MBCS Debug|Win32
		{9270D6A4-03D3-4573-94E6-C6E40709B02F}.MBCS Debug.Build.0 = MBCS Debug|Win32
		{9270D6A4-03D3-4573-94E6-C6E40709B02F}.MBCS Release.ActiveCfg = MBCS Release|Win32
		{9270D6A4-03D3-4573-94E6-C6E40709B02F}.MBCS Release.Build.0 = MBCS Release|Win32
		{9270D6A4-03D3-4573-94E6-C6E40709B02F}.Unicode Debug.ActiveCfg = Unicode Debug|Win32
		{9270D6A4-03D3-4573-94E6-C6E40709B02F}.Unicode Debug.Build.0 = Unicode Debug|Win32
		{9270D6A4-03D3-4573-94E6-C6E40709B02F}.Unicode Release.ActiveCfg = Unicode Release|Win32
		{9270D6A4-03D3-4573-94E6-C6E40709B02F}.Unicode Release.Build.0 = Unicode Release|Win32
		{5D957307-E73B-4A16-8DFA-75B73087E4BA}.MBCS Debug.ActiveCfg = MBCS Debug|Win32
		{5D957307-E73B-4A16-8DFA-75B73087E4BA}.MBCS Debug.Build.0 = MBCS Debug|Win32
		{5D957307-E73B-4A16-8DFA-75B73087E4BA}.MBCS Release.ActiveCfg = MBCS Release|Win32
		{5D957307-E73B-4A16-8DFA-75B73087E4BA}.MBCS Release.Build.0 = MBCS Release|Win32
		{5D957307-E73B-4A16-8DFA-75B73087E4BA}.Unicode Debug.ActiveCfg = Unicode Debug|Win32
		{5D957307-E73B-4A16-8DFA-75B73087E4BA}.Unicode Debug.Build.0 = Unicode Debug|Win32
		{5D957307-E73B-4A16-8DFA-75B73087E4BA}.Unicode Release.ActiveCfg = Unicode Release|Win32
		{5D957307-E73B-4A16-8DFA-75B73087E4BA}.Unicode Release.Build.0 = Unicode Release|Win32
		{4B0C66EE-BBEB-404B-ABE0-DAA0A5B99BD2}.MBCS Debug.ActiveCfg = MBCS Debug|Win32
		{4B0C66EE-BBEB-404B-ABE0-DAA0A5B99BD2}.MBCS Debug.Build.0 = MBCS Debug|Win32
		{4B0C66EE-BBEB-404B-ABE0-DAA0A5B99BD2}.MBCS Release.ActiveCfg = MBCS Release|Win32
		{4B0C66EE-BBEB-404B-ABE0-DAA0A5B99BD2}.MBCS Release.Build.0 = MBCS Release|Win32
		{4B0C66EE-BBEB-404B-ABE0-DAA0A5B99BD2}.Unicode Debug.ActiveCfg = Unicode Debug|Win32
		{4B0C66EE-BBEB-404B-ABE0-DAA0A5B99BD2}.Unicode Debug.Build.0 = Unicode Debug|Win32
		{4B0C66EE-BBEB-404B-ABE0-DAA0A5B99BD2}.Unicode Release.ActiveCfg = Unicode Release|Win32
		{4B0C66EE-BBEB-404B-ABE0-DAA0A5B99BD2}.Unicode Release.Build.0 = Unicode Release|Win32
	EndGlobalSection
	GlobalSection(ExtensibilityGlobals) = postSolution
	EndGlobalSection
	GlobalSection(ExtensibilityAddIns) = postSolution
	EndGlobalSection
EndGlobal
