Microsoft Visual Studio Solution File, Format Version 8.00
Project("{D4EFD700-BBAA-11D2-8EE0-00C04F5E0C38}") = "ChartCtrl", "ChartCtrl.HWProj", "{C2427C75-1E14-4C28-93DA-CB00A9B7EF7F}"
	ProjectSection(ProjectDependencies) = postProject
	EndProjectSection
EndProject
Global
	GlobalSection(VisualSVN) = preSolution
	EndGlobalSection
	GlobalSection(SolutionConfiguration) = preSolution
		Release = Release
	EndGlobalSection
	GlobalSection(ProjectDependencies) = postSolution
	EndGlobalSection
	GlobalSection(ProjectConfiguration) = postSolution
		{C2427C75-1E14-4C28-93DA-CB00A9B7EF7F}.Release.ActiveCfg = Release
		{C2427C75-1E14-4C28-93DA-CB00A9B7EF7F}.Release.Build.0 = Release
	EndGlobalSection
	GlobalSection(ExtensibilityGlobals) = postSolution
	EndGlobalSection
	GlobalSection(ExtensibilityAddIns) = postSolution
	EndGlobalSection
EndGlobal
