Microsoft Visual Studio Solution File, Format Version 10.00
# Visual Studio 2008
Project("{2150E333-8FDC-42A3-9474-1A3956D46DE8}") = "Common", "Common", "{175A8388-3BBA-4694-97EB-BCBB5EEEACF2}"
EndProject
Project("{2150E333-8FDC-42A3-9474-1A3956D46DE8}") = "General Purpose", "General Purpose", "{842A174A-6383-4F08-B1A4-346136C18B06}"
EndProject
Project("{8BC9CEB8-8B4A-11D0-8D11-00A0C91BC942}") = "zlib", "zlib\zlibsp.2008.vcproj", "{CC1E3C61-4C85-41E1-8AE2-BAB9B9AC363B}"
EndProject
Project("{8BC9CEB8-8B4A-11D0-8D11-00A0C91BC942}") = "ZipArchive", "ZipArchive\ZipArchiveSP.2008.vcproj", "{0420A41F-0464-4FAC-B042-6227314A7379}"
	ProjectSection(ProjectDependencies) = postProject
		{CC1E3C61-4C85-41E1-8AE2-BAB9B9AC363B} = {CC1E3C61-4C85-41E1-8AE2-BAB9B9AC363B}
	EndProjectSection
EndProject
Project("{2150E333-8FDC-42A3-9474-1A3956D46DE8}") = "Regular Expression", "Regular Expression", "{32DF6192-08AB-445C-974D-4A2450D1B9D3}"
EndProject
Project("{8BC9CEB8-8B4A-11D0-8D11-00A0C91BC942}") = "LibPCRE", "PCRE\LibPCRE_SP.2008.vcproj", "{41D117F4-7C9F-46D9-A94F-59A0EE59D0E8}"
EndProject
Project("{8BC9CEB8-8B4A-11D0-8D11-00A0C91BC942}") = "LibPCRE++", "PCRE\LibPCRE++_SP.2008.vcproj", "{E7448A28-3414-4FD9-8847-8288D51FB04E}"
EndProject
Project("{8BC9CEB8-8B4A-11D0-8D11-00A0C91BC942}") = "LibPosixPCRE", "PCRE\LibPosixPCRE_SP.2008.vcproj", "{784DB461-73A9-484C-BB8C-3ED0F721A413}"
EndProject
Global
	GlobalSection(SolutionConfigurationPlatforms) = preSolution
		Smartphone Debug|Windows Mobile 5.0 Smartphone SDK (ARMV4I) = Smartphone Debug|Windows Mobile 5.0 Smartphone SDK (ARMV4I)
		Smartphone Release|Windows Mobile 5.0 Smartphone SDK (ARMV4I) = Smartphone Release|Windows Mobile 5.0 Smartphone SDK (ARMV4I)
	EndGlobalSection
	GlobalSection(ProjectConfigurationPlatforms) = postSolution
		{CC1E3C61-4C85-41E1-8AE2-BAB9B9AC363B}.Smartphone Debug|Windows Mobile 5.0 Smartphone SDK (ARMV4I).ActiveCfg = Smartphone Debug|Windows Mobile 5.0 Smartphone SDK (ARMV4I)
		{CC1E3C61-4C85-41E1-8AE2-BAB9B9AC363B}.Smartphone Debug|Windows Mobile 5.0 Smartphone SDK (ARMV4I).Build.0 = Smartphone Debug|Windows Mobile 5.0 Smartphone SDK (ARMV4I)
		{CC1E3C61-4C85-41E1-8AE2-BAB9B9AC363B}.Smartphone Debug|Windows Mobile 5.0 Smartphone SDK (ARMV4I).Deploy.0 = Smartphone Debug|Windows Mobile 5.0 Smartphone SDK (ARMV4I)
		{CC1E3C61-4C85-41E1-8AE2-BAB9B9AC363B}.Smartphone Release|Windows Mobile 5.0 Smartphone SDK (ARMV4I).ActiveCfg = Smartphone Release|Windows Mobile 5.0 Smartphone SDK (ARMV4I)
		{CC1E3C61-4C85-41E1-8AE2-BAB9B9AC363B}.Smartphone Release|Windows Mobile 5.0 Smartphone SDK (ARMV4I).Build.0 = Smartphone Release|Windows Mobile 5.0 Smartphone SDK (ARMV4I)
		{CC1E3C61-4C85-41E1-8AE2-BAB9B9AC363B}.Smartphone Release|Windows Mobile 5.0 Smartphone SDK (ARMV4I).Deploy.0 = Smartphone Release|Windows Mobile 5.0 Smartphone SDK (ARMV4I)
		{0420A41F-0464-4FAC-B042-6227314A7379}.Smartphone Debug|Windows Mobile 5.0 Smartphone SDK (ARMV4I).ActiveCfg = Smartphone Debug|Windows Mobile 5.0 Smartphone SDK (ARMV4I)
		{0420A41F-0464-4FAC-B042-6227314A7379}.Smartphone Debug|Windows Mobile 5.0 Smartphone SDK (ARMV4I).Build.0 = Smartphone Debug|Windows Mobile 5.0 Smartphone SDK (ARMV4I)
		{0420A41F-0464-4FAC-B042-6227314A7379}.Smartphone Debug|Windows Mobile 5.0 Smartphone SDK (ARMV4I).Deploy.0 = Smartphone Debug|Windows Mobile 5.0 Smartphone SDK (ARMV4I)
		{0420A41F-0464-4FAC-B042-6227314A7379}.Smartphone Release|Windows Mobile 5.0 Smartphone SDK (ARMV4I).ActiveCfg = Smartphone Release|Windows Mobile 5.0 Smartphone SDK (ARMV4I)
		{0420A41F-0464-4FAC-B042-6227314A7379}.Smartphone Release|Windows Mobile 5.0 Smartphone SDK (ARMV4I).Build.0 = Smartphone Release|Windows Mobile 5.0 Smartphone SDK (ARMV4I)
		{0420A41F-0464-4FAC-B042-6227314A7379}.Smartphone Release|Windows Mobile 5.0 Smartphone SDK (ARMV4I).Deploy.0 = Smartphone Release|Windows Mobile 5.0 Smartphone SDK (ARMV4I)
		{41D117F4-7C9F-46D9-A94F-59A0EE59D0E8}.Smartphone Debug|Windows Mobile 5.0 Smartphone SDK (ARMV4I).ActiveCfg = Smartphone Debug|Windows Mobile 5.0 Smartphone SDK (ARMV4I)
		{41D117F4-7C9F-46D9-A94F-59A0EE59D0E8}.Smartphone Debug|Windows Mobile 5.0 Smartphone SDK (ARMV4I).Build.0 = Smartphone Debug|Windows Mobile 5.0 Smartphone SDK (ARMV4I)
		{41D117F4-7C9F-46D9-A94F-59A0EE59D0E8}.Smartphone Debug|Windows Mobile 5.0 Smartphone SDK (ARMV4I).Deploy.0 = Smartphone Debug|Windows Mobile 5.0 Smartphone SDK (ARMV4I)
		{41D117F4-7C9F-46D9-A94F-59A0EE59D0E8}.Smartphone Release|Windows Mobile 5.0 Smartphone SDK (ARMV4I).ActiveCfg = Smartphone Release|Windows Mobile 5.0 Smartphone SDK (ARMV4I)
		{41D117F4-7C9F-46D9-A94F-59A0EE59D0E8}.Smartphone Release|Windows Mobile 5.0 Smartphone SDK (ARMV4I).Build.0 = Smartphone Release|Windows Mobile 5.0 Smartphone SDK (ARMV4I)
		{41D117F4-7C9F-46D9-A94F-59A0EE59D0E8}.Smartphone Release|Windows Mobile 5.0 Smartphone SDK (ARMV4I).Deploy.0 = Smartphone Release|Windows Mobile 5.0 Smartphone SDK (ARMV4I)
		{E7448A28-3414-4FD9-8847-8288D51FB04E}.Smartphone Debug|Windows Mobile 5.0 Smartphone SDK (ARMV4I).ActiveCfg = Smartphone Debug|Windows Mobile 5.0 Smartphone SDK (ARMV4I)
		{E7448A28-3414-4FD9-8847-8288D51FB04E}.Smartphone Debug|Windows Mobile 5.0 Smartphone SDK (ARMV4I).Build.0 = Smartphone Debug|Windows Mobile 5.0 Smartphone SDK (ARMV4I)
		{E7448A28-3414-4FD9-8847-8288D51FB04E}.Smartphone Debug|Windows Mobile 5.0 Smartphone SDK (ARMV4I).Deploy.0 = Smartphone Debug|Windows Mobile 5.0 Smartphone SDK (ARMV4I)
		{E7448A28-3414-4FD9-8847-8288D51FB04E}.Smartphone Release|Windows Mobile 5.0 Smartphone SDK (ARMV4I).ActiveCfg = Smartphone Release|Windows Mobile 5.0 Smartphone SDK (ARMV4I)
		{E7448A28-3414-4FD9-8847-8288D51FB04E}.Smartphone Release|Windows Mobile 5.0 Smartphone SDK (ARMV4I).Build.0 = Smartphone Release|Windows Mobile 5.0 Smartphone SDK (ARMV4I)
		{E7448A28-3414-4FD9-8847-8288D51FB04E}.Smartphone Release|Windows Mobile 5.0 Smartphone SDK (ARMV4I).Deploy.0 = Smartphone Release|Windows Mobile 5.0 Smartphone SDK (ARMV4I)
		{784DB461-73A9-484C-BB8C-3ED0F721A413}.Smartphone Debug|Windows Mobile 5.0 Smartphone SDK (ARMV4I).ActiveCfg = Smartphone Debug|Windows Mobile 5.0 Smartphone SDK (ARMV4I)
		{784DB461-73A9-484C-BB8C-3ED0F721A413}.Smartphone Debug|Windows Mobile 5.0 Smartphone SDK (ARMV4I).Build.0 = Smartphone Debug|Windows Mobile 5.0 Smartphone SDK (ARMV4I)
		{784DB461-73A9-484C-BB8C-3ED0F721A413}.Smartphone Debug|Windows Mobile 5.0 Smartphone SDK (ARMV4I).Deploy.0 = Smartphone Debug|Windows Mobile 5.0 Smartphone SDK (ARMV4I)
		{784DB461-73A9-484C-BB8C-3ED0F721A413}.Smartphone Release|Windows Mobile 5.0 Smartphone SDK (ARMV4I).ActiveCfg = Smartphone Release|Windows Mobile 5.0 Smartphone SDK (ARMV4I)
		{784DB461-73A9-484C-BB8C-3ED0F721A413}.Smartphone Release|Windows Mobile 5.0 Smartphone SDK (ARMV4I).Build.0 = Smartphone Release|Windows Mobile 5.0 Smartphone SDK (ARMV4I)
		{784DB461-73A9-484C-BB8C-3ED0F721A413}.Smartphone Release|Windows Mobile 5.0 Smartphone SDK (ARMV4I).Deploy.0 = Smartphone Release|Windows Mobile 5.0 Smartphone SDK (ARMV4I)
	EndGlobalSection
	GlobalSection(SolutionProperties) = preSolution
		HideSolutionNode = FALSE
	EndGlobalSection
	GlobalSection(NestedProjects) = preSolution
		{CC1E3C61-4C85-41E1-8AE2-BAB9B9AC363B} = {175A8388-3BBA-4694-97EB-BCBB5EEEACF2}
		{0420A41F-0464-4FAC-B042-6227314A7379} = {842A174A-6383-4F08-B1A4-346136C18B06}
		{41D117F4-7C9F-46D9-A94F-59A0EE59D0E8} = {32DF6192-08AB-445C-974D-4A2450D1B9D3}
		{E7448A28-3414-4FD9-8847-8288D51FB04E} = {32DF6192-08AB-445C-974D-4A2450D1B9D3}
		{784DB461-73A9-484C-BB8C-3ED0F721A413} = {32DF6192-08AB-445C-974D-4A2450D1B9D3}
	EndGlobalSection
EndGlobal
