Microsoft Visual Studio Solution File, Format Version 10.00
# Visual Studio 2008
Project("{2150E333-8FDC-42A3-9474-1A3956D46DE8}") = "Common", "Common", "{33B7566E-0D22-42CF-B087-53F2C819B5F2}"
EndProject
Project("{2150E333-8FDC-42A3-9474-1A3956D46DE8}") = "General Purpose", "General Purpose", "{D62A97DE-D16E-4E68-B5F6-769C1C5D7642}"
EndProject
Project("{8BC9CEB8-8B4A-11D0-8D11-00A0C91BC942}") = "zlib", "zlib\zlibppc.2008.vcproj", "{CC1E3C61-4C85-41E1-8AE2-BAB9B9AC363B}"
EndProject
Project("{8BC9CEB8-8B4A-11D0-8D11-00A0C91BC942}") = "ZipArchive", "ZipArchive\ZipArchivePPC.2008.vcproj", "{0420A41F-0464-4FAC-B042-6227314A7379}"
	ProjectSection(ProjectDependencies) = postProject
		{CC1E3C61-4C85-41E1-8AE2-BAB9B9AC363B} = {CC1E3C61-4C85-41E1-8AE2-BAB9B9AC363B}
	EndProjectSection
EndProject
Global
	GlobalSection(SolutionConfigurationPlatforms) = preSolution
		Pocket PC Debug|Windows Mobile 5.0 Pocket PC SDK (ARMV4I) = Pocket PC Debug|Windows Mobile 5.0 Pocket PC SDK (ARMV4I)
		Pocket PC Release|Windows Mobile 5.0 Pocket PC SDK (ARMV4I) = Pocket PC Release|Windows Mobile 5.0 Pocket PC SDK (ARMV4I)
	EndGlobalSection
	GlobalSection(ProjectConfigurationPlatforms) = postSolution
		{CC1E3C61-4C85-41E1-8AE2-BAB9B9AC363B}.Pocket PC Debug|Windows Mobile 5.0 Pocket PC SDK (ARMV4I).ActiveCfg = Pocket PC Debug|Windows Mobile 5.0 Pocket PC SDK (ARMV4I)
		{CC1E3C61-4C85-41E1-8AE2-BAB9B9AC363B}.Pocket PC Debug|Windows Mobile 5.0 Pocket PC SDK (ARMV4I).Build.0 = Pocket PC Debug|Windows Mobile 5.0 Pocket PC SDK (ARMV4I)
		{CC1E3C61-4C85-41E1-8AE2-BAB9B9AC363B}.Pocket PC Debug|Windows Mobile 5.0 Pocket PC SDK (ARMV4I).Deploy.0 = Pocket PC Debug|Windows Mobile 5.0 Pocket PC SDK (ARMV4I)
		{CC1E3C61-4C85-41E1-8AE2-BAB9B9AC363B}.Pocket PC Release|Windows Mobile 5.0 Pocket PC SDK (ARMV4I).ActiveCfg = Pocket PC Release|Windows Mobile 5.0 Pocket PC SDK (ARMV4I)
		{CC1E3C61-4C85-41E1-8AE2-BAB9B9AC363B}.Pocket PC Release|Windows Mobile 5.0 Pocket PC SDK (ARMV4I).Build.0 = Pocket PC Release|Windows Mobile 5.0 Pocket PC SDK (ARMV4I)
		{CC1E3C61-4C85-41E1-8AE2-BAB9B9AC363B}.Pocket PC Release|Windows Mobile 5.0 Pocket PC SDK (ARMV4I).Deploy.0 = Pocket PC Release|Windows Mobile 5.0 Pocket PC SDK (ARMV4I)
		{0420A41F-0464-4FAC-B042-6227314A7379}.Pocket PC Debug|Windows Mobile 5.0 Pocket PC SDK (ARMV4I).ActiveCfg = Pocket PC Debug|Windows Mobile 5.0 Pocket PC SDK (ARMV4I)
		{0420A41F-0464-4FAC-B042-6227314A7379}.Pocket PC Debug|Windows Mobile 5.0 Pocket PC SDK (ARMV4I).Build.0 = Pocket PC Debug|Windows Mobile 5.0 Pocket PC SDK (ARMV4I)
		{0420A41F-0464-4FAC-B042-6227314A7379}.Pocket PC Debug|Windows Mobile 5.0 Pocket PC SDK (ARMV4I).Deploy.0 = Pocket PC Debug|Windows Mobile 5.0 Pocket PC SDK (ARMV4I)
		{0420A41F-0464-4FAC-B042-6227314A7379}.Pocket PC Release|Windows Mobile 5.0 Pocket PC SDK (ARMV4I).ActiveCfg = Pocket PC Release|Windows Mobile 5.0 Pocket PC SDK (ARMV4I)
		{0420A41F-0464-4FAC-B042-6227314A7379}.Pocket PC Release|Windows Mobile 5.0 Pocket PC SDK (ARMV4I).Build.0 = Pocket PC Release|Windows Mobile 5.0 Pocket PC SDK (ARMV4I)
		{0420A41F-0464-4FAC-B042-6227314A7379}.Pocket PC Release|Windows Mobile 5.0 Pocket PC SDK (ARMV4I).Deploy.0 = Pocket PC Release|Windows Mobile 5.0 Pocket PC SDK (ARMV4I)
	EndGlobalSection
	GlobalSection(SolutionProperties) = preSolution
		HideSolutionNode = FALSE
	EndGlobalSection
	GlobalSection(NestedProjects) = preSolution
		{CC1E3C61-4C85-41E1-8AE2-BAB9B9AC363B} = {33B7566E-0D22-42CF-B087-53F2C819B5F2}
		{0420A41F-0464-4FAC-B042-6227314A7379} = {D62A97DE-D16E-4E68-B5F6-769C1C5D7642}
	EndGlobalSection
EndGlobal
