Microsoft Visual Studio Solution File, Format Version 10.00
# Visual Studio 2008
Project("{8BC9CEB8-8B4A-11D0-8D11-00A0C91BC942}") = "Naughter", "Naughter\Naughter.2008.vcproj", "{2EBC127D-357A-4258-B19F-78466C0C467B}"
EndProject
Project("{8BC9CEB8-8B4A-11D0-8D11-00A0C91BC942}") = "CodeProject", "CodeProject\CodeProject.2008.vcproj", "{55F49127-D37F-4C01-861A-55ACC3A71242}"
EndProject
Project("{8BC9CEB8-8B4A-11D0-8D11-00A0C91BC942}") = "AfxGadgets", "AfxGadgets\AfxGadgets.2008.vcproj", "{6B7749EE-74DF-496C-9EBE-0E6C73CAA50B}"
EndProject
Project("{8BC9CEB8-8B4A-11D0-8D11-00A0C91BC942}") = "zlib", "zlib\zlib.2008.vcproj", "{4B70F6A5-35AE-4CEE-815C-20E1F31B5F5E}"
EndProject
Project("{8BC9CEB8-8B4A-11D0-8D11-00A0C91BC942}") = "ZipArchive", "ZipArchive\ZipArchive.2008.vcproj", "{EFD1CCD3-3C31-4BDE-976A-B45A08FBFF83}"
	ProjectSection(ProjectDependencies) = postProject
		{4B70F6A5-35AE-4CEE-815C-20E1F31B5F5E} = {4B70F6A5-35AE-4CEE-815C-20E1F31B5F5E}
	EndProjectSection
EndProject
Project("{8BC9CEB8-8B4A-11D0-8D11-00A0C91BC942}") = "ClassLib", "Jan_van_den_Baard\ClassLib\ClassLib.2008.vcproj", "{44F0B7AD-2952-4D7C-AF72-6A0CB26F00DB}"
EndProject
Project("{8BC9CEB8-8B4A-11D0-8D11-00A0C91BC942}") = "Brainchild", "Jan_van_den_Baard\Brainchild\Brainchild.2008.vcproj", "{8E941715-D8DA-46A6-BA3A-37FA06367DE6}"
EndProject
Project("{8BC9CEB8-8B4A-11D0-8D11-00A0C91BC942}") = "BCApplet", "Jan_van_den_Baard\BCApplet\BCApplet.2008.vcproj", "{2244F7C1-5A6E-4B0F-BE20-0188BEDF73D8}"
	ProjectSection(ProjectDependencies) = postProject
		{8E941715-D8DA-46A6-BA3A-37FA06367DE6} = {8E941715-D8DA-46A6-BA3A-37FA06367DE6}
		{44F0B7AD-2952-4D7C-AF72-6A0CB26F00DB} = {44F0B7AD-2952-4D7C-AF72-6A0CB26F00DB}
	EndProjectSection
EndProject
Project("{8BC9CEB8-8B4A-11D0-8D11-00A0C91BC942}") = "CJLibrary", "CJLibrary\CJLibrary.2008.vcproj", "{79DED8B0-AB89-46EA-97FE-B2C0129D7401}"
EndProject
Project("{8BC9CEB8-8B4A-11D0-8D11-00A0C91BC942}") = "libjpeg", "Graphics\libjpeg\libjpeg.2008.vcproj", "{CFEF302C-6A18-4730-A429-2461C1AC2E61}"
EndProject
Project("{8BC9CEB8-8B4A-11D0-8D11-00A0C91BC942}") = "libmng", "Graphics\libmng\libmng.2008.vcproj", "{1B250FF9-59DA-4F60-98DD-C3C0E9BE2F7C}"
	ProjectSection(ProjectDependencies) = postProject
		{4B70F6A5-35AE-4CEE-815C-20E1F31B5F5E} = {4B70F6A5-35AE-4CEE-815C-20E1F31B5F5E}
	EndProjectSection
EndProject
Project("{8BC9CEB8-8B4A-11D0-8D11-00A0C91BC942}") = "libpng", "Graphics\libpng\libpng.2008.vcproj", "{8646B05A-1711-4E89-BB3D-ADE551D9836C}"
	ProjectSection(ProjectDependencies) = postProject
		{4B70F6A5-35AE-4CEE-815C-20E1F31B5F5E} = {4B70F6A5-35AE-4CEE-815C-20E1F31B5F5E}
	EndProjectSection
EndProject
Project("{8BC9CEB8-8B4A-11D0-8D11-00A0C91BC942}") = "libtiff", "Graphics\libtiff\libtiff.2008.vcproj", "{3551A0AD-0231-4229-BED1-829CC3B7712E}"
	ProjectSection(ProjectDependencies) = postProject
		{4B70F6A5-35AE-4CEE-815C-20E1F31B5F5E} = {4B70F6A5-35AE-4CEE-815C-20E1F31B5F5E}
	EndProjectSection
EndProject
Project("{8BC9CEB8-8B4A-11D0-8D11-00A0C91BC942}") = "OpenJPEG", "Graphics\OpenJPEG\OpenJPEG.2008.vcproj", "{3B567EEC-3F1F-4C75-91CD-5B3B7E096F3B}"
EndProject
Project("{8BC9CEB8-8B4A-11D0-8D11-00A0C91BC942}") = "OpenEXR", "Graphics\OpenEXR\OpenEXR.2008.vcproj", "{14E1708C-7C58-4757-81F3-C6434F41B33B}"
	ProjectSection(ProjectDependencies) = postProject
		{4B70F6A5-35AE-4CEE-815C-20E1F31B5F5E} = {4B70F6A5-35AE-4CEE-815C-20E1F31B5F5E}
	EndProjectSection
EndProject
Project("{8BC9CEB8-8B4A-11D0-8D11-00A0C91BC942}") = "FreeImage", "FreeImage\FreeImage.2008.vcproj", "{B74C3F31-EAE2-47F2-80F3-F749311DE762}"
	ProjectSection(ProjectDependencies) = postProject
		{CFEF302C-6A18-4730-A429-2461C1AC2E61} = {CFEF302C-6A18-4730-A429-2461C1AC2E61}
		{8646B05A-1711-4E89-BB3D-ADE551D9836C} = {8646B05A-1711-4E89-BB3D-ADE551D9836C}
		{14E1708C-7C58-4757-81F3-C6434F41B33B} = {14E1708C-7C58-4757-81F3-C6434F41B33B}
		{AC3B609B-D001-4954-AEFD-431F50C9EB3A} = {AC3B609B-D001-4954-AEFD-431F50C9EB3A}
		{3551A0AD-0231-4229-BED1-829CC3B7712E} = {3551A0AD-0231-4229-BED1-829CC3B7712E}
		{3B567EEC-3F1F-4C75-91CD-5B3B7E096F3B} = {3B567EEC-3F1F-4C75-91CD-5B3B7E096F3B}
		{1B250FF9-59DA-4F60-98DD-C3C0E9BE2F7C} = {1B250FF9-59DA-4F60-98DD-C3C0E9BE2F7C}
	EndProjectSection
EndProject
Project("{8BC9CEB8-8B4A-11D0-8D11-00A0C91BC942}") = "FreeImagePlus", "FreeImagePlus\FreeImagePlus.2008.vcproj", "{EB1B996F-0A4C-46BE-A099-030AC5976E64}"
	ProjectSection(ProjectDependencies) = postProject
		{B74C3F31-EAE2-47F2-80F3-F749311DE762} = {B74C3F31-EAE2-47F2-80F3-F749311DE762}
	EndProjectSection
EndProject
Project("{2150E333-8FDC-42A3-9474-1A3956D46DE8}") = "MFC Extensions", "MFC Extensions", "{B62D3682-8248-46CC-815F-4A7B6BD5EB95}"
EndProject
Project("{2150E333-8FDC-42A3-9474-1A3956D46DE8}") = "Graphics", "Graphics", "{FDEEF85C-B228-4DC2-BE67-002D63EF5E5D}"
EndProject
Project("{2150E333-8FDC-42A3-9474-1A3956D46DE8}") = "Jan van den Baard", "Jan van den Baard", "{ED5079A9-5110-4527-B400-B6A23D52803E}"
EndProject
Project("{2150E333-8FDC-42A3-9474-1A3956D46DE8}") = "Common", "Common", "{7811E230-BCB0-4E29-8ADB-74C85C712EF6}"
EndProject
Project("{2150E333-8FDC-42A3-9474-1A3956D46DE8}") = "General Purpose", "General Purpose", "{09FD50CB-4B26-4620-A2AB-117AA50F1330}"
EndProject
Project("{8BC9CEB8-8B4A-11D0-8D11-00A0C91BC942}") = "LibRawLite", "Graphics\LibRawLite\LibRawLite.2008.vcproj", "{AC3B609B-D001-4954-AEFD-431F50C9EB3A}"
EndProject
Project("{2150E333-8FDC-42A3-9474-1A3956D46DE8}") = "Cryptography", "Cryptography", "{8514D57A-D157-4B4D-B67F-EA65FA725766}"
EndProject
Project("{8BC9CEB8-8B4A-11D0-8D11-00A0C91BC942}") = "Crypto++DLL", "Crypto++\Crypto++DLL.2008.vcproj", "{A5C073B4-27EC-4A3F-8D02-73529C70F475}"
EndProject
Project("{8BC9CEB8-8B4A-11D0-8D11-00A0C91BC942}") = "LibCrypto++", "Crypto++\LibCrypto++.2008.vcproj", "{BB0AAC6A-DA87-477A-8E83-DEA7FDD14A26}"
EndProject
Project("{2150E333-8FDC-42A3-9474-1A3956D46DE8}") = "Regular Expression", "Regular Expression", "{6BFEAF3E-FB05-4F0B-BF32-5A01C9FB6231}"
EndProject
Project("{8BC9CEB8-8B4A-11D0-8D11-00A0C91BC942}") = "LibPCRE", "PCRE\LibPCRE.2008.vcproj", "{C3747F7E-4912-47AF-B447-2BED07B41F87}"
EndProject
Project("{8BC9CEB8-8B4A-11D0-8D11-00A0C91BC942}") = "LibPosixPCRE", "PCRE\LibPosixPCRE.2008.vcproj", "{D024843C-E81D-4C68-8900-8B22BAAA336B}"
	ProjectSection(ProjectDependencies) = postProject
		{C3747F7E-4912-47AF-B447-2BED07B41F87} = {C3747F7E-4912-47AF-B447-2BED07B41F87}
	EndProjectSection
EndProject
Project("{8BC9CEB8-8B4A-11D0-8D11-00A0C91BC942}") = "LibPCRE++", "PCRE\LibPCRE++.2008.vcproj", "{A0AE856C-02E9-4CAE-A34D-B13C0BF4FFB3}"
	ProjectSection(ProjectDependencies) = postProject
		{C3747F7E-4912-47AF-B447-2BED07B41F87} = {C3747F7E-4912-47AF-B447-2BED07B41F87}
	EndProjectSection
EndProject
Project("{2150E333-8FDC-42A3-9474-1A3956D46DE8}") = "AbstractSpoon", "AbstractSpoon", "{83F8863F-2EB6-48BF-8174-FB638768DE60}"
	ProjectSection(SolutionItems) = preProject
		AbstractSpoon\EclipsePublicLicense.rtf = AbstractSpoon\EclipsePublicLicense.rtf
		AbstractSpoon\ToDoListSetup.iss = AbstractSpoon\ToDoListSetup.iss
	EndProjectSection
EndProject
Project("{8BC9CEB8-8B4A-11D0-8D11-00A0C91BC942}") = "ToDoList", "AbstractSpoon\ToDoList\ToDoList.2008.vcproj", "{66F653CA-5669-48BA-A47B-5A941ECEC448}"
	ProjectSection(ProjectDependencies) = postProject
		{55F49127-D37F-4C01-861A-55ACC3A71242} = {55F49127-D37F-4C01-861A-55ACC3A71242}
		{8CE77835-2DE4-48B1-B279-40D2B7522506} = {8CE77835-2DE4-48B1-B279-40D2B7522506}
		{FF062B4A-0840-4466-8D24-D00DC620439E} = {FF062B4A-0840-4466-8D24-D00DC620439E}
		{8948E44A-7D2C-42B3-B430-CEB224BDF557} = {8948E44A-7D2C-42B3-B430-CEB224BDF557}
		{C1231262-07A1-4D64-BF85-3CBE5E793655} = {C1231262-07A1-4D64-BF85-3CBE5E793655}
		{E8FEC777-AB65-4135-A1E5-22F3FD335299} = {E8FEC777-AB65-4135-A1E5-22F3FD335299}
		{2EBC127D-357A-4258-B19F-78466C0C467B} = {2EBC127D-357A-4258-B19F-78466C0C467B}
		{3892F47D-7B8D-4C46-9514-63E829589C9F} = {3892F47D-7B8D-4C46-9514-63E829589C9F}
		{3D0C6F8D-DBCF-4A58-957C-C40E348FB9F5} = {3D0C6F8D-DBCF-4A58-957C-C40E348FB9F5}
		{D4CB1EE3-844F-47CB-AB28-66DB1FAF9438} = {D4CB1EE3-844F-47CB-AB28-66DB1FAF9438}
		{42E283ED-ED74-40EE-B258-8F9993106945} = {42E283ED-ED74-40EE-B258-8F9993106945}
		{12EE9BED-7352-46C3-8BEC-984A6B2174B8} = {12EE9BED-7352-46C3-8BEC-984A6B2174B8}
		{198B4BEF-AB52-4F8C-8A76-2BB93BA587A8} = {198B4BEF-AB52-4F8C-8A76-2BB93BA587A8}
	EndProjectSection
EndProject
Project("{2150E333-8FDC-42A3-9474-1A3956D46DE8}") = "Spellcheck", "Spellcheck", "{B87601B5-EE9A-4E5B-B266-C4FC3A60A002}"
EndProject
Project("{8BC9CEB8-8B4A-11D0-8D11-00A0C91BC942}") = "MySpell", "MySpell\MySpell.2008.vcproj", "{27C082A8-D189-4526-A465-1D0404F1FADC}"
EndProject
Project("{8BC9CEB8-8B4A-11D0-8D11-00A0C91BC942}") = "MySpellCheck", "AbstractSpoon\MySpellCheck\MySpellCheck.2008.vcproj", "{FF062B4A-0840-4466-8D24-D00DC620439E}"
	ProjectSection(ProjectDependencies) = postProject
		{27C082A8-D189-4526-A465-1D0404F1FADC} = {27C082A8-D189-4526-A465-1D0404F1FADC}
	EndProjectSection
EndProject
Project("{8BC9CEB8-8B4A-11D0-8D11-00A0C91BC942}") = "EncryptDecrypt", "AbstractSpoon\EncryptDecrypt\EncryptDecrypt.2008.vcproj", "{D4CB1EE3-844F-47CB-AB28-66DB1FAF9438}"
	ProjectSection(ProjectDependencies) = postProject
		{55F49127-D37F-4C01-861A-55ACC3A71242} = {55F49127-D37F-4C01-861A-55ACC3A71242}
	EndProjectSection
EndProject
Project("{8BC9CEB8-8B4A-11D0-8D11-00A0C91BC942}") = "FMindImportExport", "AbstractSpoon\FMindImportExport\FMindImportExport.2008.vcproj", "{198B4BEF-AB52-4F8C-8A76-2BB93BA587A8}"
	ProjectSection(ProjectDependencies) = postProject
		{55F49127-D37F-4C01-861A-55ACC3A71242} = {55F49127-D37F-4C01-861A-55ACC3A71242}
		{2EBC127D-357A-4258-B19F-78466C0C467B} = {2EBC127D-357A-4258-B19F-78466C0C467B}
	EndProjectSection
EndProject
Project("{8BC9CEB8-8B4A-11D0-8D11-00A0C91BC942}") = "GPExport", "AbstractSpoon\GPExport\GPExport.2008.vcproj", "{3892F47D-7B8D-4C46-9514-63E829589C9F}"
	ProjectSection(ProjectDependencies) = postProject
		{55F49127-D37F-4C01-861A-55ACC3A71242} = {55F49127-D37F-4C01-861A-55ACC3A71242}
		{2EBC127D-357A-4258-B19F-78466C0C467B} = {2EBC127D-357A-4258-B19F-78466C0C467B}
	EndProjectSection
EndProject
Project("{8BC9CEB8-8B4A-11D0-8D11-00A0C91BC942}") = "iCalImportExport", "AbstractSpoon\iCalImportExport\iCalImportExport.2008.vcproj", "{E8FEC777-AB65-4135-A1E5-22F3FD335299}"
	ProjectSection(ProjectDependencies) = postProject
		{55F49127-D37F-4C01-861A-55ACC3A71242} = {55F49127-D37F-4C01-861A-55ACC3A71242}
	EndProjectSection
EndProject
Project("{8BC9CEB8-8B4A-11D0-8D11-00A0C91BC942}") = "MLOImport", "AbstractSpoon\MLOImport\MLOImport.2008.vcproj", "{8CE77835-2DE4-48B1-B279-40D2B7522506}"
	ProjectSection(ProjectDependencies) = postProject
		{55F49127-D37F-4C01-861A-55ACC3A71242} = {55F49127-D37F-4C01-861A-55ACC3A71242}
		{2EBC127D-357A-4258-B19F-78466C0C467B} = {2EBC127D-357A-4258-B19F-78466C0C467B}
	EndProjectSection
EndProject
Project("{8BC9CEB8-8B4A-11D0-8D11-00A0C91BC942}") = "OutlookImpExp", "AbstractSpoon\OutlookImpExp\OutlookImpExp.2008.vcproj", "{42E283ED-ED74-40EE-B258-8F9993106945}"
	ProjectSection(ProjectDependencies) = postProject
		{55F49127-D37F-4C01-861A-55ACC3A71242} = {55F49127-D37F-4C01-861A-55ACC3A71242}
	EndProjectSection
EndProject
Project("{8BC9CEB8-8B4A-11D0-8D11-00A0C91BC942}") = "PlainTextImport", "AbstractSpoon\PlainTextImport\PlainTextImport.2008.vcproj", "{8948E44A-7D2C-42B3-B430-CEB224BDF557}"
	ProjectSection(ProjectDependencies) = postProject
		{55F49127-D37F-4C01-861A-55ACC3A71242} = {55F49127-D37F-4C01-861A-55ACC3A71242}
	EndProjectSection
EndProject
Project("{8BC9CEB8-8B4A-11D0-8D11-00A0C91BC942}") = "RTFContentCtrl", "AbstractSpoon\RTFContentCtrl\RTFContentCtrl.2008.vcproj", "{12EE9BED-7352-46C3-8BEC-984A6B2174B8}"
	ProjectSection(ProjectDependencies) = postProject
		{55F49127-D37F-4C01-861A-55ACC3A71242} = {55F49127-D37F-4C01-861A-55ACC3A71242}
		{4B70F6A5-35AE-4CEE-815C-20E1F31B5F5E} = {4B70F6A5-35AE-4CEE-815C-20E1F31B5F5E}
	EndProjectSection
EndProject
Project("{8BC9CEB8-8B4A-11D0-8D11-00A0C91BC942}") = "CalendarExt", "AbstractSpoon\CalendarExt\CalendarExt.2008.vcproj", "{C1231262-07A1-4D64-BF85-3CBE5E793655}"
	ProjectSection(ProjectDependencies) = postProject
		{55F49127-D37F-4C01-861A-55ACC3A71242} = {55F49127-D37F-4C01-861A-55ACC3A71242}
		{2EBC127D-357A-4258-B19F-78466C0C467B} = {2EBC127D-357A-4258-B19F-78466C0C467B}
	EndProjectSection
EndProject
Project("{2150E333-8FDC-42A3-9474-1A3956D46DE8}") = "Syntax Edit", "Syntax Edit", "{EE5F77BC-FDC9-4D20-85E1-FF79EDFC54D0}"
EndProject
Project("{8BC9CEB8-8B4A-11D0-8D11-00A0C91BC942}") = "Scintilla", "Scintilla\Scintilla.2008.vcproj", "{E638F87E-C6B2-43F3-B4EC-692D0A4B3B73}"
EndProject
Project("{2150E333-8FDC-42A3-9474-1A3956D46DE8}") = "Security", "Security", "{306DE93F-C9A6-4499-9197-F4CB49D05CC6}"
EndProject
Project("{8BC9CEB8-8B4A-11D0-8D11-00A0C91BC942}") = "myOpenSSL", "myOpenSSL\myOpenSSL.2008.vcproj", "{E06EA1B8-32FE-429A-AD40-EA0B5A700CC3}"
EndProject
Project("{8BC9CEB8-8B4A-11D0-8D11-00A0C91BC942}") = "ResizableLib", "ResizableLib\ResizableLib.2008.vcproj", "{B84E5A3F-2FCE-4075-8C6D-34F439205457}"
EndProject
Project("{2150E333-8FDC-42A3-9474-1A3956D46DE8}") = "XML", "XML", "{164564BE-A125-41C8-8099-C03381D35D63}"
EndProject
Project("{8BC9CEB8-8B4A-11D0-8D11-00A0C91BC942}") = "LibExpat", "Expat\LibExpat.2008.vcproj", "{556E86CA-B91F-4E5A-9A91-40C220474D89}"
EndProject
Project("{8BC9CEB8-8B4A-11D0-8D11-00A0C91BC942}") = "TinyXML", "TinyXML\TinyXML.2008.vcproj", "{3C893F63-B146-433C-87EF-DEEB926351FE}"
EndProject
Project("{8BC9CEB8-8B4A-11D0-8D11-00A0C91BC942}") = "LibSCEW", "SCEW\LibSCEW.2008.vcproj", "{E5A0B295-607E-48D5-9A9E-2FC112775D09}"
	ProjectSection(ProjectDependencies) = postProject
		{556E86CA-B91F-4E5A-9A91-40C220474D89} = {556E86CA-B91F-4E5A-9A91-40C220474D89}
	EndProjectSection
EndProject
Project("{8BC9CEB8-8B4A-11D0-8D11-00A0C91BC942}") = "Rtf2HtmlBridge", "AbstractSpoon\Rtf2HtmlBridge\Rtf2HtmlBridge.2008.vcproj", "{3D0C6F8D-DBCF-4A58-957C-C40E348FB9F5}"
	ProjectSection(ProjectDependencies) = postProject
		{1691252C-C5A4-4044-877F-4BA925C86332} = {1691252C-C5A4-4044-877F-4BA925C86332}
	EndProjectSection
EndProject
Project("{8BC9CEB8-8B4A-11D0-8D11-00A0C91BC942}") = "RtfConverter", "RtfConverter\RtfConverter.2008.vcproj", "{1691252C-C5A4-4044-877F-4BA925C86332}"
EndProject
Project("{8BC9CEB8-8B4A-11D0-8D11-00A0C91BC942}") = "LibPCRE16", "PCRE\LibPCRE16.2008.vcproj", "{A6F968D1-42AC-4202-94D0-75CDA7848EBE}"
EndProject
Global
	GlobalSection(SolutionConfigurationPlatforms) = preSolution
		MBCS Debug|Win32 = MBCS Debug|Win32
		MBCS Release|Win32 = MBCS Release|Win32
		Unicode Debug|Win32 = Unicode Debug|Win32
		Unicode Release|Win32 = Unicode Release|Win32
	EndGlobalSection
	GlobalSection(ProjectConfigurationPlatforms) = postSolution
		{2EBC127D-357A-4258-B19F-78466C0C467B}.MBCS Debug|Win32.ActiveCfg = MBCS Debug|Win32
		{2EBC127D-357A-4258-B19F-78466C0C467B}.MBCS Debug|Win32.Build.0 = MBCS Debug|Win32
		{2EBC127D-357A-4258-B19F-78466C0C467B}.MBCS Release|Win32.ActiveCfg = MBCS Release|Win32
		{2EBC127D-357A-4258-B19F-78466C0C467B}.MBCS Release|Win32.Build.0 = MBCS Release|Win32
		{2EBC127D-357A-4258-B19F-78466C0C467B}.Unicode Debug|Win32.ActiveCfg = Unicode Debug|Win32
		{2EBC127D-357A-4258-B19F-78466C0C467B}.Unicode Debug|Win32.Build.0 = Unicode Debug|Win32
		{2EBC127D-357A-4258-B19F-78466C0C467B}.Unicode Release|Win32.ActiveCfg = Unicode Release|Win32
		{2EBC127D-357A-4258-B19F-78466C0C467B}.Unicode Release|Win32.Build.0 = Unicode Release|Win32
		{55F49127-D37F-4C01-861A-55ACC3A71242}.MBCS Debug|Win32.ActiveCfg = MBCS Debug|Win32
		{55F49127-D37F-4C01-861A-55ACC3A71242}.MBCS Debug|Win32.Build.0 = MBCS Debug|Win32
		{55F49127-D37F-4C01-861A-55ACC3A71242}.MBCS Release|Win32.ActiveCfg = MBCS Release|Win32
		{55F49127-D37F-4C01-861A-55ACC3A71242}.MBCS Release|Win32.Build.0 = MBCS Release|Win32
		{55F49127-D37F-4C01-861A-55ACC3A71242}.Unicode Debug|Win32.ActiveCfg = Unicode Debug|Win32
		{55F49127-D37F-4C01-861A-55ACC3A71242}.Unicode Debug|Win32.Build.0 = Unicode Debug|Win32
		{55F49127-D37F-4C01-861A-55ACC3A71242}.Unicode Release|Win32.ActiveCfg = Unicode Release|Win32
		{55F49127-D37F-4C01-861A-55ACC3A71242}.Unicode Release|Win32.Build.0 = Unicode Release|Win32
		{6B7749EE-74DF-496C-9EBE-0E6C73CAA50B}.MBCS Debug|Win32.ActiveCfg = MBCS Debug|Win32
		{6B7749EE-74DF-496C-9EBE-0E6C73CAA50B}.MBCS Debug|Win32.Build.0 = MBCS Debug|Win32
		{6B7749EE-74DF-496C-9EBE-0E6C73CAA50B}.MBCS Release|Win32.ActiveCfg = MBCS Release|Win32
		{6B7749EE-74DF-496C-9EBE-0E6C73CAA50B}.MBCS Release|Win32.Build.0 = MBCS Release|Win32
		{6B7749EE-74DF-496C-9EBE-0E6C73CAA50B}.Unicode Debug|Win32.ActiveCfg = Unicode Debug|Win32
		{6B7749EE-74DF-496C-9EBE-0E6C73CAA50B}.Unicode Debug|Win32.Build.0 = Unicode Debug|Win32
		{6B7749EE-74DF-496C-9EBE-0E6C73CAA50B}.Unicode Release|Win32.ActiveCfg = Unicode Release|Win32
		{6B7749EE-74DF-496C-9EBE-0E6C73CAA50B}.Unicode Release|Win32.Build.0 = Unicode Release|Win32
		{4B70F6A5-35AE-4CEE-815C-20E1F31B5F5E}.MBCS Debug|Win32.ActiveCfg = MBCS Debug|Win32
		{4B70F6A5-35AE-4CEE-815C-20E1F31B5F5E}.MBCS Debug|Win32.Build.0 = MBCS Debug|Win32
		{4B70F6A5-35AE-4CEE-815C-20E1F31B5F5E}.MBCS Release|Win32.ActiveCfg = MBCS Release|Win32
		{4B70F6A5-35AE-4CEE-815C-20E1F31B5F5E}.MBCS Release|Win32.Build.0 = MBCS Release|Win32
		{4B70F6A5-35AE-4CEE-815C-20E1F31B5F5E}.Unicode Debug|Win32.ActiveCfg = Unicode Debug|Win32
		{4B70F6A5-35AE-4CEE-815C-20E1F31B5F5E}.Unicode Debug|Win32.Build.0 = Unicode Debug|Win32
		{4B70F6A5-35AE-4CEE-815C-20E1F31B5F5E}.Unicode Release|Win32.ActiveCfg = Unicode Release|Win32
		{4B70F6A5-35AE-4CEE-815C-20E1F31B5F5E}.Unicode Release|Win32.Build.0 = Unicode Release|Win32
		{EFD1CCD3-3C31-4BDE-976A-B45A08FBFF83}.MBCS Debug|Win32.ActiveCfg = MBCS Debug|Win32
		{EFD1CCD3-3C31-4BDE-976A-B45A08FBFF83}.MBCS Debug|Win32.Build.0 = MBCS Debug|Win32
		{EFD1CCD3-3C31-4BDE-976A-B45A08FBFF83}.MBCS Release|Win32.ActiveCfg = MBCS Release|Win32
		{EFD1CCD3-3C31-4BDE-976A-B45A08FBFF83}.MBCS Release|Win32.Build.0 = MBCS Release|Win32
		{EFD1CCD3-3C31-4BDE-976A-B45A08FBFF83}.Unicode Debug|Win32.ActiveCfg = Unicode Debug|Win32
		{EFD1CCD3-3C31-4BDE-976A-B45A08FBFF83}.Unicode Debug|Win32.Build.0 = Unicode Debug|Win32
		{EFD1CCD3-3C31-4BDE-976A-B45A08FBFF83}.Unicode Release|Win32.ActiveCfg = Unicode Release|Win32
		{EFD1CCD3-3C31-4BDE-976A-B45A08FBFF83}.Unicode Release|Win32.Build.0 = Unicode Release|Win32
		{44F0B7AD-2952-4D7C-AF72-6A0CB26F00DB}.MBCS Debug|Win32.ActiveCfg = MBCS Debug|Win32
		{44F0B7AD-2952-4D7C-AF72-6A0CB26F00DB}.MBCS Debug|Win32.Build.0 = MBCS Debug|Win32
		{44F0B7AD-2952-4D7C-AF72-6A0CB26F00DB}.MBCS Release|Win32.ActiveCfg = MBCS Release|Win32
		{44F0B7AD-2952-4D7C-AF72-6A0CB26F00DB}.MBCS Release|Win32.Build.0 = MBCS Release|Win32
		{44F0B7AD-2952-4D7C-AF72-6A0CB26F00DB}.Unicode Debug|Win32.ActiveCfg = Unicode Debug|Win32
		{44F0B7AD-2952-4D7C-AF72-6A0CB26F00DB}.Unicode Debug|Win32.Build.0 = Unicode Debug|Win32
		{44F0B7AD-2952-4D7C-AF72-6A0CB26F00DB}.Unicode Release|Win32.ActiveCfg = Unicode Release|Win32
		{44F0B7AD-2952-4D7C-AF72-6A0CB26F00DB}.Unicode Release|Win32.Build.0 = Unicode Release|Win32
		{8E941715-D8DA-46A6-BA3A-37FA06367DE6}.MBCS Debug|Win32.ActiveCfg = MBCS Debug|Win32
		{8E941715-D8DA-46A6-BA3A-37FA06367DE6}.MBCS Debug|Win32.Build.0 = MBCS Debug|Win32
		{8E941715-D8DA-46A6-BA3A-37FA06367DE6}.MBCS Release|Win32.ActiveCfg = MBCS Release|Win32
		{8E941715-D8DA-46A6-BA3A-37FA06367DE6}.MBCS Release|Win32.Build.0 = MBCS Release|Win32
		{8E941715-D8DA-46A6-BA3A-37FA06367DE6}.Unicode Debug|Win32.ActiveCfg = Unicode Debug|Win32
		{8E941715-D8DA-46A6-BA3A-37FA06367DE6}.Unicode Debug|Win32.Build.0 = Unicode Debug|Win32
		{8E941715-D8DA-46A6-BA3A-37FA06367DE6}.Unicode Release|Win32.ActiveCfg = Unicode Release|Win32
		{8E941715-D8DA-46A6-BA3A-37FA06367DE6}.Unicode Release|Win32.Build.0 = Unicode Release|Win32
		{2244F7C1-5A6E-4B0F-BE20-0188BEDF73D8}.MBCS Debug|Win32.ActiveCfg = MBCS Debug|Win32
		{2244F7C1-5A6E-4B0F-BE20-0188BEDF73D8}.MBCS Debug|Win32.Build.0 = MBCS Debug|Win32
		{2244F7C1-5A6E-4B0F-BE20-0188BEDF73D8}.MBCS Release|Win32.ActiveCfg = MBCS Release|Win32
		{2244F7C1-5A6E-4B0F-BE20-0188BEDF73D8}.MBCS Release|Win32.Build.0 = MBCS Release|Win32
		{2244F7C1-5A6E-4B0F-BE20-0188BEDF73D8}.Unicode Debug|Win32.ActiveCfg = Unicode Debug|Win32
		{2244F7C1-5A6E-4B0F-BE20-0188BEDF73D8}.Unicode Debug|Win32.Build.0 = Unicode Debug|Win32
		{2244F7C1-5A6E-4B0F-BE20-0188BEDF73D8}.Unicode Release|Win32.ActiveCfg = Unicode Release|Win32
		{2244F7C1-5A6E-4B0F-BE20-0188BEDF73D8}.Unicode Release|Win32.Build.0 = Unicode Release|Win32
		{79DED8B0-AB89-46EA-97FE-B2C0129D7401}.MBCS Debug|Win32.ActiveCfg = MBCS Debug|Win32
		{79DED8B0-AB89-46EA-97FE-B2C0129D7401}.MBCS Debug|Win32.Build.0 = MBCS Debug|Win32
		{79DED8B0-AB89-46EA-97FE-B2C0129D7401}.MBCS Release|Win32.ActiveCfg = MBCS Release|Win32
		{79DED8B0-AB89-46EA-97FE-B2C0129D7401}.MBCS Release|Win32.Build.0 = MBCS Release|Win32
		{79DED8B0-AB89-46EA-97FE-B2C0129D7401}.Unicode Debug|Win32.ActiveCfg = Unicode Debug|Win32
		{79DED8B0-AB89-46EA-97FE-B2C0129D7401}.Unicode Debug|Win32.Build.0 = Unicode Debug|Win32
		{79DED8B0-AB89-46EA-97FE-B2C0129D7401}.Unicode Release|Win32.ActiveCfg = Unicode Release|Win32
		{79DED8B0-AB89-46EA-97FE-B2C0129D7401}.Unicode Release|Win32.Build.0 = Unicode Release|Win32
		{CFEF302C-6A18-4730-A429-2461C1AC2E61}.MBCS Debug|Win32.ActiveCfg = MBCS Debug|Win32
		{CFEF302C-6A18-4730-A429-2461C1AC2E61}.MBCS Debug|Win32.Build.0 = MBCS Debug|Win32
		{CFEF302C-6A18-4730-A429-2461C1AC2E61}.MBCS Release|Win32.ActiveCfg = MBCS Release|Win32
		{CFEF302C-6A18-4730-A429-2461C1AC2E61}.MBCS Release|Win32.Build.0 = MBCS Release|Win32
		{CFEF302C-6A18-4730-A429-2461C1AC2E61}.Unicode Debug|Win32.ActiveCfg = Unicode Debug|Win32
		{CFEF302C-6A18-4730-A429-2461C1AC2E61}.Unicode Debug|Win32.Build.0 = Unicode Debug|Win32
		{CFEF302C-6A18-4730-A429-2461C1AC2E61}.Unicode Release|Win32.ActiveCfg = Unicode Release|Win32
		{CFEF302C-6A18-4730-A429-2461C1AC2E61}.Unicode Release|Win32.Build.0 = Unicode Release|Win32
		{1B250FF9-59DA-4F60-98DD-C3C0E9BE2F7C}.MBCS Debug|Win32.ActiveCfg = MBCS Debug|Win32
		{1B250FF9-59DA-4F60-98DD-C3C0E9BE2F7C}.MBCS Debug|Win32.Build.0 = MBCS Debug|Win32
		{1B250FF9-59DA-4F60-98DD-C3C0E9BE2F7C}.MBCS Release|Win32.ActiveCfg = MBCS Release|Win32
		{1B250FF9-59DA-4F60-98DD-C3C0E9BE2F7C}.MBCS Release|Win32.Build.0 = MBCS Release|Win32
		{1B250FF9-59DA-4F60-98DD-C3C0E9BE2F7C}.Unicode Debug|Win32.ActiveCfg = Unicode Debug|Win32
		{1B250FF9-59DA-4F60-98DD-C3C0E9BE2F7C}.Unicode Debug|Win32.Build.0 = Unicode Debug|Win32
		{1B250FF9-59DA-4F60-98DD-C3C0E9BE2F7C}.Unicode Release|Win32.ActiveCfg = Unicode Release|Win32
		{1B250FF9-59DA-4F60-98DD-C3C0E9BE2F7C}.Unicode Release|Win32.Build.0 = Unicode Release|Win32
		{8646B05A-1711-4E89-BB3D-ADE551D9836C}.MBCS Debug|Win32.ActiveCfg = MBCS Debug|Win32
		{8646B05A-1711-4E89-BB3D-ADE551D9836C}.MBCS Debug|Win32.Build.0 = MBCS Debug|Win32
		{8646B05A-1711-4E89-BB3D-ADE551D9836C}.MBCS Release|Win32.ActiveCfg = MBCS Release|Win32
		{8646B05A-1711-4E89-BB3D-ADE551D9836C}.MBCS Release|Win32.Build.0 = MBCS Release|Win32
		{8646B05A-1711-4E89-BB3D-ADE551D9836C}.Unicode Debug|Win32.ActiveCfg = Unicode Debug|Win32
		{8646B05A-1711-4E89-BB3D-ADE551D9836C}.Unicode Debug|Win32.Build.0 = Unicode Debug|Win32
		{8646B05A-1711-4E89-BB3D-ADE551D9836C}.Unicode Release|Win32.ActiveCfg = Unicode Release|Win32
		{8646B05A-1711-4E89-BB3D-ADE551D9836C}.Unicode Release|Win32.Build.0 = Unicode Release|Win32
		{3551A0AD-0231-4229-BED1-829CC3B7712E}.MBCS Debug|Win32.ActiveCfg = MBCS Debug|Win32
		{3551A0AD-0231-4229-BED1-829CC3B7712E}.MBCS Debug|Win32.Build.0 = MBCS Debug|Win32
		{3551A0AD-0231-4229-BED1-829CC3B7712E}.MBCS Release|Win32.ActiveCfg = MBCS Release|Win32
		{3551A0AD-0231-4229-BED1-829CC3B7712E}.MBCS Release|Win32.Build.0 = MBCS Release|Win32
		{3551A0AD-0231-4229-BED1-829CC3B7712E}.Unicode Debug|Win32.ActiveCfg = Unicode Debug|Win32
		{3551A0AD-0231-4229-BED1-829CC3B7712E}.Unicode Debug|Win32.Build.0 = Unicode Debug|Win32
		{3551A0AD-0231-4229-BED1-829CC3B7712E}.Unicode Release|Win32.ActiveCfg = Unicode Release|Win32
		{3551A0AD-0231-4229-BED1-829CC3B7712E}.Unicode Release|Win32.Build.0 = Unicode Release|Win32
		{3B567EEC-3F1F-4C75-91CD-5B3B7E096F3B}.MBCS Debug|Win32.ActiveCfg = MBCS Debug|Win32
		{3B567EEC-3F1F-4C75-91CD-5B3B7E096F3B}.MBCS Debug|Win32.Build.0 = MBCS Debug|Win32
		{3B567EEC-3F1F-4C75-91CD-5B3B7E096F3B}.MBCS Release|Win32.ActiveCfg = MBCS Release|Win32
		{3B567EEC-3F1F-4C75-91CD-5B3B7E096F3B}.MBCS Release|Win32.Build.0 = MBCS Release|Win32
		{3B567EEC-3F1F-4C75-91CD-5B3B7E096F3B}.Unicode Debug|Win32.ActiveCfg = Unicode Debug|Win32
		{3B567EEC-3F1F-4C75-91CD-5B3B7E096F3B}.Unicode Debug|Win32.Build.0 = Unicode Debug|Win32
		{3B567EEC-3F1F-4C75-91CD-5B3B7E096F3B}.Unicode Release|Win32.ActiveCfg = Unicode Release|Win32
		{3B567EEC-3F1F-4C75-91CD-5B3B7E096F3B}.Unicode Release|Win32.Build.0 = Unicode Release|Win32
		{14E1708C-7C58-4757-81F3-C6434F41B33B}.MBCS Debug|Win32.ActiveCfg = MBCS Debug|Win32
		{14E1708C-7C58-4757-81F3-C6434F41B33B}.MBCS Debug|Win32.Build.0 = MBCS Debug|Win32
		{14E1708C-7C58-4757-81F3-C6434F41B33B}.MBCS Release|Win32.ActiveCfg = MBCS Release|Win32
		{14E1708C-7C58-4757-81F3-C6434F41B33B}.MBCS Release|Win32.Build.0 = MBCS Release|Win32
		{14E1708C-7C58-4757-81F3-C6434F41B33B}.Unicode Debug|Win32.ActiveCfg = Unicode Debug|Win32
		{14E1708C-7C58-4757-81F3-C6434F41B33B}.Unicode Debug|Win32.Build.0 = Unicode Debug|Win32
		{14E1708C-7C58-4757-81F3-C6434F41B33B}.Unicode Release|Win32.ActiveCfg = Unicode Release|Win32
		{14E1708C-7C58-4757-81F3-C6434F41B33B}.Unicode Release|Win32.Build.0 = Unicode Release|Win32
		{B74C3F31-EAE2-47F2-80F3-F749311DE762}.MBCS Debug|Win32.ActiveCfg = MBCS Debug|Win32
		{B74C3F31-EAE2-47F2-80F3-F749311DE762}.MBCS Debug|Win32.Build.0 = MBCS Debug|Win32
		{B74C3F31-EAE2-47F2-80F3-F749311DE762}.MBCS Release|Win32.ActiveCfg = MBCS Release|Win32
		{B74C3F31-EAE2-47F2-80F3-F749311DE762}.MBCS Release|Win32.Build.0 = MBCS Release|Win32
		{B74C3F31-EAE2-47F2-80F3-F749311DE762}.Unicode Debug|Win32.ActiveCfg = Unicode Debug|Win32
		{B74C3F31-EAE2-47F2-80F3-F749311DE762}.Unicode Debug|Win32.Build.0 = Unicode Debug|Win32
		{B74C3F31-EAE2-47F2-80F3-F749311DE762}.Unicode Release|Win32.ActiveCfg = Unicode Release|Win32
		{B74C3F31-EAE2-47F2-80F3-F749311DE762}.Unicode Release|Win32.Build.0 = Unicode Release|Win32
		{EB1B996F-0A4C-46BE-A099-030AC5976E64}.MBCS Debug|Win32.ActiveCfg = MBCS Debug|Win32
		{EB1B996F-0A4C-46BE-A099-030AC5976E64}.MBCS Debug|Win32.Build.0 = MBCS Debug|Win32
		{EB1B996F-0A4C-46BE-A099-030AC5976E64}.MBCS Release|Win32.ActiveCfg = MBCS Release|Win32
		{EB1B996F-0A4C-46BE-A099-030AC5976E64}.MBCS Release|Win32.Build.0 = MBCS Release|Win32
		{EB1B996F-0A4C-46BE-A099-030AC5976E64}.Unicode Debug|Win32.ActiveCfg = Unicode Debug|Win32
		{EB1B996F-0A4C-46BE-A099-030AC5976E64}.Unicode Debug|Win32.Build.0 = Unicode Debug|Win32
		{EB1B996F-0A4C-46BE-A099-030AC5976E64}.Unicode Release|Win32.ActiveCfg = Unicode Release|Win32
		{EB1B996F-0A4C-46BE-A099-030AC5976E64}.Unicode Release|Win32.Build.0 = Unicode Release|Win32
		{AC3B609B-D001-4954-AEFD-431F50C9EB3A}.MBCS Debug|Win32.ActiveCfg = MBCS Debug|Win32
		{AC3B609B-D001-4954-AEFD-431F50C9EB3A}.MBCS Debug|Win32.Build.0 = MBCS Debug|Win32
		{AC3B609B-D001-4954-AEFD-431F50C9EB3A}.MBCS Release|Win32.ActiveCfg = MBCS Release|Win32
		{AC3B609B-D001-4954-AEFD-431F50C9EB3A}.MBCS Release|Win32.Build.0 = MBCS Release|Win32
		{AC3B609B-D001-4954-AEFD-431F50C9EB3A}.Unicode Debug|Win32.ActiveCfg = Unicode Debug|Win32
		{AC3B609B-D001-4954-AEFD-431F50C9EB3A}.Unicode Debug|Win32.Build.0 = Unicode Debug|Win32
		{AC3B609B-D001-4954-AEFD-431F50C9EB3A}.Unicode Release|Win32.ActiveCfg = Unicode Release|Win32
		{AC3B609B-D001-4954-AEFD-431F50C9EB3A}.Unicode Release|Win32.Build.0 = Unicode Release|Win32
		{A5C073B4-27EC-4A3F-8D02-73529C70F475}.MBCS Debug|Win32.ActiveCfg = MBCS Debug|Win32
		{A5C073B4-27EC-4A3F-8D02-73529C70F475}.MBCS Debug|Win32.Build.0 = MBCS Debug|Win32
		{A5C073B4-27EC-4A3F-8D02-73529C70F475}.MBCS Release|Win32.ActiveCfg = MBCS Release|Win32
		{A5C073B4-27EC-4A3F-8D02-73529C70F475}.MBCS Release|Win32.Build.0 = MBCS Release|Win32
		{A5C073B4-27EC-4A3F-8D02-73529C70F475}.Unicode Debug|Win32.ActiveCfg = Unicode Debug|Win32
		{A5C073B4-27EC-4A3F-8D02-73529C70F475}.Unicode Debug|Win32.Build.0 = Unicode Debug|Win32
		{A5C073B4-27EC-4A3F-8D02-73529C70F475}.Unicode Release|Win32.ActiveCfg = Unicode Release|Win32
		{A5C073B4-27EC-4A3F-8D02-73529C70F475}.Unicode Release|Win32.Build.0 = Unicode Release|Win32
		{BB0AAC6A-DA87-477A-8E83-DEA7FDD14A26}.MBCS Debug|Win32.ActiveCfg = MBCS Debug|Win32
		{BB0AAC6A-DA87-477A-8E83-DEA7FDD14A26}.MBCS Debug|Win32.Build.0 = MBCS Debug|Win32
		{BB0AAC6A-DA87-477A-8E83-DEA7FDD14A26}.MBCS Release|Win32.ActiveCfg = MBCS Release|Win32
		{BB0AAC6A-DA87-477A-8E83-DEA7FDD14A26}.MBCS Release|Win32.Build.0 = MBCS Release|Win32
		{BB0AAC6A-DA87-477A-8E83-DEA7FDD14A26}.Unicode Debug|Win32.ActiveCfg = Unicode Debug|Win32
		{BB0AAC6A-DA87-477A-8E83-DEA7FDD14A26}.Unicode Debug|Win32.Build.0 = Unicode Debug|Win32
		{BB0AAC6A-DA87-477A-8E83-DEA7FDD14A26}.Unicode Release|Win32.ActiveCfg = Unicode Release|Win32
		{BB0AAC6A-DA87-477A-8E83-DEA7FDD14A26}.Unicode Release|Win32.Build.0 = Unicode Release|Win32
		{C3747F7E-4912-47AF-B447-2BED07B41F87}.MBCS Debug|Win32.ActiveCfg = MBCS Debug|Win32
		{C3747F7E-4912-47AF-B447-2BED07B41F87}.MBCS Debug|Win32.Build.0 = MBCS Debug|Win32
		{C3747F7E-4912-47AF-B447-2BED07B41F87}.MBCS Release|Win32.ActiveCfg = MBCS Release|Win32
		{C3747F7E-4912-47AF-B447-2BED07B41F87}.MBCS Release|Win32.Build.0 = MBCS Release|Win32
		{C3747F7E-4912-47AF-B447-2BED07B41F87}.Unicode Debug|Win32.ActiveCfg = Unicode Debug|Win32
		{C3747F7E-4912-47AF-B447-2BED07B41F87}.Unicode Debug|Win32.Build.0 = Unicode Debug|Win32
		{C3747F7E-4912-47AF-B447-2BED07B41F87}.Unicode Release|Win32.ActiveCfg = Unicode Release|Win32
		{C3747F7E-4912-47AF-B447-2BED07B41F87}.Unicode Release|Win32.Build.0 = Unicode Release|Win32
		{D024843C-E81D-4C68-8900-8B22BAAA336B}.MBCS Debug|Win32.ActiveCfg = MBCS Debug|Win32
		{D024843C-E81D-4C68-8900-8B22BAAA336B}.MBCS Debug|Win32.Build.0 = MBCS Debug|Win32
		{D024843C-E81D-4C68-8900-8B22BAAA336B}.MBCS Release|Win32.ActiveCfg = MBCS Release|Win32
		{D024843C-E81D-4C68-8900-8B22BAAA336B}.MBCS Release|Win32.Build.0 = MBCS Release|Win32
		{D024843C-E81D-4C68-8900-8B22BAAA336B}.Unicode Debug|Win32.ActiveCfg = Unicode Debug|Win32
		{D024843C-E81D-4C68-8900-8B22BAAA336B}.Unicode Debug|Win32.Build.0 = Unicode Debug|Win32
		{D024843C-E81D-4C68-8900-8B22BAAA336B}.Unicode Release|Win32.ActiveCfg = Unicode Release|Win32
		{D024843C-E81D-4C68-8900-8B22BAAA336B}.Unicode Release|Win32.Build.0 = Unicode Release|Win32
		{A0AE856C-02E9-4CAE-A34D-B13C0BF4FFB3}.MBCS Debug|Win32.ActiveCfg = MBCS Debug|Win32
		{A0AE856C-02E9-4CAE-A34D-B13C0BF4FFB3}.MBCS Debug|Win32.Build.0 = MBCS Debug|Win32
		{A0AE856C-02E9-4CAE-A34D-B13C0BF4FFB3}.MBCS Release|Win32.ActiveCfg = MBCS Release|Win32
		{A0AE856C-02E9-4CAE-A34D-B13C0BF4FFB3}.MBCS Release|Win32.Build.0 = MBCS Release|Win32
		{A0AE856C-02E9-4CAE-A34D-B13C0BF4FFB3}.Unicode Debug|Win32.ActiveCfg = Unicode Debug|Win32
		{A0AE856C-02E9-4CAE-A34D-B13C0BF4FFB3}.Unicode Debug|Win32.Build.0 = Unicode Debug|Win32
		{A0AE856C-02E9-4CAE-A34D-B13C0BF4FFB3}.Unicode Release|Win32.ActiveCfg = Unicode Release|Win32
		{A0AE856C-02E9-4CAE-A34D-B13C0BF4FFB3}.Unicode Release|Win32.Build.0 = Unicode Release|Win32
		{66F653CA-5669-48BA-A47B-5A941ECEC448}.MBCS Debug|Win32.ActiveCfg = MBCS Debug|Win32
		{66F653CA-5669-48BA-A47B-5A941ECEC448}.MBCS Debug|Win32.Build.0 = MBCS Debug|Win32
		{66F653CA-5669-48BA-A47B-5A941ECEC448}.MBCS Release|Win32.ActiveCfg = MBCS Release|Win32
		{66F653CA-5669-48BA-A47B-5A941ECEC448}.MBCS Release|Win32.Build.0 = MBCS Release|Win32
		{66F653CA-5669-48BA-A47B-5A941ECEC448}.Unicode Debug|Win32.ActiveCfg = Unicode Debug|Win32
		{66F653CA-5669-48BA-A47B-5A941ECEC448}.Unicode Debug|Win32.Build.0 = Unicode Debug|Win32
		{66F653CA-5669-48BA-A47B-5A941ECEC448}.Unicode Release|Win32.ActiveCfg = Unicode Release|Win32
		{66F653CA-5669-48BA-A47B-5A941ECEC448}.Unicode Release|Win32.Build.0 = Unicode Release|Win32
		{27C082A8-D189-4526-A465-1D0404F1FADC}.MBCS Debug|Win32.ActiveCfg = MBCS Debug|Win32
		{27C082A8-D189-4526-A465-1D0404F1FADC}.MBCS Debug|Win32.Build.0 = MBCS Debug|Win32
		{27C082A8-D189-4526-A465-1D0404F1FADC}.MBCS Release|Win32.ActiveCfg = MBCS Release|Win32
		{27C082A8-D189-4526-A465-1D0404F1FADC}.MBCS Release|Win32.Build.0 = MBCS Release|Win32
		{27C082A8-D189-4526-A465-1D0404F1FADC}.Unicode Debug|Win32.ActiveCfg = Unicode Debug|Win32
		{27C082A8-D189-4526-A465-1D0404F1FADC}.Unicode Debug|Win32.Build.0 = Unicode Debug|Win32
		{27C082A8-D189-4526-A465-1D0404F1FADC}.Unicode Release|Win32.ActiveCfg = Unicode Release|Win32
		{27C082A8-D189-4526-A465-1D0404F1FADC}.Unicode Release|Win32.Build.0 = Unicode Release|Win32
		{FF062B4A-0840-4466-8D24-D00DC620439E}.MBCS Debug|Win32.ActiveCfg = MBCS Debug|Win32
		{FF062B4A-0840-4466-8D24-D00DC620439E}.MBCS Debug|Win32.Build.0 = MBCS Debug|Win32
		{FF062B4A-0840-4466-8D24-D00DC620439E}.MBCS Release|Win32.ActiveCfg = MBCS Release|Win32
		{FF062B4A-0840-4466-8D24-D00DC620439E}.MBCS Release|Win32.Build.0 = MBCS Release|Win32
		{FF062B4A-0840-4466-8D24-D00DC620439E}.Unicode Debug|Win32.ActiveCfg = Unicode Debug|Win32
		{FF062B4A-0840-4466-8D24-D00DC620439E}.Unicode Debug|Win32.Build.0 = Unicode Debug|Win32
		{FF062B4A-0840-4466-8D24-D00DC620439E}.Unicode Release|Win32.ActiveCfg = Unicode Release|Win32
		{FF062B4A-0840-4466-8D24-D00DC620439E}.Unicode Release|Win32.Build.0 = Unicode Release|Win32
		{D4CB1EE3-844F-47CB-AB28-66DB1FAF9438}.MBCS Debug|Win32.ActiveCfg = MBCS Debug|Win32
		{D4CB1EE3-844F-47CB-AB28-66DB1FAF9438}.MBCS Debug|Win32.Build.0 = MBCS Debug|Win32
		{D4CB1EE3-844F-47CB-AB28-66DB1FAF9438}.MBCS Release|Win32.ActiveCfg = MBCS Release|Win32
		{D4CB1EE3-844F-47CB-AB28-66DB1FAF9438}.MBCS Release|Win32.Build.0 = MBCS Release|Win32
		{D4CB1EE3-844F-47CB-AB28-66DB1FAF9438}.Unicode Debug|Win32.ActiveCfg = Unicode Debug|Win32
		{D4CB1EE3-844F-47CB-AB28-66DB1FAF9438}.Unicode Debug|Win32.Build.0 = Unicode Debug|Win32
		{D4CB1EE3-844F-47CB-AB28-66DB1FAF9438}.Unicode Release|Win32.ActiveCfg = Unicode Release|Win32
		{D4CB1EE3-844F-47CB-AB28-66DB1FAF9438}.Unicode Release|Win32.Build.0 = Unicode Release|Win32
		{198B4BEF-AB52-4F8C-8A76-2BB93BA587A8}.MBCS Debug|Win32.ActiveCfg = MBCS Debug|Win32
		{198B4BEF-AB52-4F8C-8A76-2BB93BA587A8}.MBCS Debug|Win32.Build.0 = MBCS Debug|Win32
		{198B4BEF-AB52-4F8C-8A76-2BB93BA587A8}.MBCS Release|Win32.ActiveCfg = MBCS Release|Win32
		{198B4BEF-AB52-4F8C-8A76-2BB93BA587A8}.MBCS Release|Win32.Build.0 = MBCS Release|Win32
		{198B4BEF-AB52-4F8C-8A76-2BB93BA587A8}.Unicode Debug|Win32.ActiveCfg = Unicode Debug|Win32
		{198B4BEF-AB52-4F8C-8A76-2BB93BA587A8}.Unicode Debug|Win32.Build.0 = Unicode Debug|Win32
		{198B4BEF-AB52-4F8C-8A76-2BB93BA587A8}.Unicode Release|Win32.ActiveCfg = Unicode Release|Win32
		{198B4BEF-AB52-4F8C-8A76-2BB93BA587A8}.Unicode Release|Win32.Build.0 = Unicode Release|Win32
		{3892F47D-7B8D-4C46-9514-63E829589C9F}.MBCS Debug|Win32.ActiveCfg = MBCS Debug|Win32
		{3892F47D-7B8D-4C46-9514-63E829589C9F}.MBCS Debug|Win32.Build.0 = MBCS Debug|Win32
		{3892F47D-7B8D-4C46-9514-63E829589C9F}.MBCS Release|Win32.ActiveCfg = MBCS Release|Win32
		{3892F47D-7B8D-4C46-9514-63E829589C9F}.MBCS Release|Win32.Build.0 = MBCS Release|Win32
		{3892F47D-7B8D-4C46-9514-63E829589C9F}.Unicode Debug|Win32.ActiveCfg = Unicode Debug|Win32
		{3892F47D-7B8D-4C46-9514-63E829589C9F}.Unicode Debug|Win32.Build.0 = Unicode Debug|Win32
		{3892F47D-7B8D-4C46-9514-63E829589C9F}.Unicode Release|Win32.ActiveCfg = Unicode Release|Win32
		{3892F47D-7B8D-4C46-9514-63E829589C9F}.Unicode Release|Win32.Build.0 = Unicode Release|Win32
		{E8FEC777-AB65-4135-A1E5-22F3FD335299}.MBCS Debug|Win32.ActiveCfg = MBCS Debug|Win32
		{E8FEC777-AB65-4135-A1E5-22F3FD335299}.MBCS Debug|Win32.Build.0 = MBCS Debug|Win32
		{E8FEC777-AB65-4135-A1E5-22F3FD335299}.MBCS Release|Win32.ActiveCfg = MBCS Release|Win32
		{E8FEC777-AB65-4135-A1E5-22F3FD335299}.MBCS Release|Win32.Build.0 = MBCS Release|Win32
		{E8FEC777-AB65-4135-A1E5-22F3FD335299}.Unicode Debug|Win32.ActiveCfg = Unicode Debug|Win32
		{E8FEC777-AB65-4135-A1E5-22F3FD335299}.Unicode Debug|Win32.Build.0 = Unicode Debug|Win32
		{E8FEC777-AB65-4135-A1E5-22F3FD335299}.Unicode Release|Win32.ActiveCfg = Unicode Release|Win32
		{E8FEC777-AB65-4135-A1E5-22F3FD335299}.Unicode Release|Win32.Build.0 = Unicode Release|Win32
		{8CE77835-2DE4-48B1-B279-40D2B7522506}.MBCS Debug|Win32.ActiveCfg = MBCS Debug|Win32
		{8CE77835-2DE4-48B1-B279-40D2B7522506}.MBCS Debug|Win32.Build.0 = MBCS Debug|Win32
		{8CE77835-2DE4-48B1-B279-40D2B7522506}.MBCS Release|Win32.ActiveCfg = MBCS Release|Win32
		{8CE77835-2DE4-48B1-B279-40D2B7522506}.MBCS Release|Win32.Build.0 = MBCS Release|Win32
		{8CE77835-2DE4-48B1-B279-40D2B7522506}.Unicode Debug|Win32.ActiveCfg = Unicode Debug|Win32
		{8CE77835-2DE4-48B1-B279-40D2B7522506}.Unicode Debug|Win32.Build.0 = Unicode Debug|Win32
		{8CE77835-2DE4-48B1-B279-40D2B7522506}.Unicode Release|Win32.ActiveCfg = Unicode Release|Win32
		{8CE77835-2DE4-48B1-B279-40D2B7522506}.Unicode Release|Win32.Build.0 = Unicode Release|Win32
		{42E283ED-ED74-40EE-B258-8F9993106945}.MBCS Debug|Win32.ActiveCfg = MBCS Debug|Win32
		{42E283ED-ED74-40EE-B258-8F9993106945}.MBCS Debug|Win32.Build.0 = MBCS Debug|Win32
		{42E283ED-ED74-40EE-B258-8F9993106945}.MBCS Release|Win32.ActiveCfg = MBCS Release|Win32
		{42E283ED-ED74-40EE-B258-8F9993106945}.MBCS Release|Win32.Build.0 = MBCS Release|Win32
		{42E283ED-ED74-40EE-B258-8F9993106945}.Unicode Debug|Win32.ActiveCfg = Unicode Debug|Win32
		{42E283ED-ED74-40EE-B258-8F9993106945}.Unicode Debug|Win32.Build.0 = Unicode Debug|Win32
		{42E283ED-ED74-40EE-B258-8F9993106945}.Unicode Release|Win32.ActiveCfg = Unicode Release|Win32
		{42E283ED-ED74-40EE-B258-8F9993106945}.Unicode Release|Win32.Build.0 = Unicode Release|Win32
		{8948E44A-7D2C-42B3-B430-CEB224BDF557}.MBCS Debug|Win32.ActiveCfg = MBCS Debug|Win32
		{8948E44A-7D2C-42B3-B430-CEB224BDF557}.MBCS Debug|Win32.Build.0 = MBCS Debug|Win32
		{8948E44A-7D2C-42B3-B430-CEB224BDF557}.MBCS Release|Win32.ActiveCfg = MBCS Release|Win32
		{8948E44A-7D2C-42B3-B430-CEB224BDF557}.MBCS Release|Win32.Build.0 = MBCS Release|Win32
		{8948E44A-7D2C-42B3-B430-CEB224BDF557}.Unicode Debug|Win32.ActiveCfg = Unicode Debug|Win32
		{8948E44A-7D2C-42B3-B430-CEB224BDF557}.Unicode Debug|Win32.Build.0 = Unicode Debug|Win32
		{8948E44A-7D2C-42B3-B430-CEB224BDF557}.Unicode Release|Win32.ActiveCfg = Unicode Release|Win32
		{8948E44A-7D2C-42B3-B430-CEB224BDF557}.Unicode Release|Win32.Build.0 = Unicode Release|Win32
		{12EE9BED-7352-46C3-8BEC-984A6B2174B8}.MBCS Debug|Win32.ActiveCfg = MBCS Debug|Win32
		{12EE9BED-7352-46C3-8BEC-984A6B2174B8}.MBCS Debug|Win32.Build.0 = MBCS Debug|Win32
		{12EE9BED-7352-46C3-8BEC-984A6B2174B8}.MBCS Release|Win32.ActiveCfg = MBCS Release|Win32
		{12EE9BED-7352-46C3-8BEC-984A6B2174B8}.MBCS Release|Win32.Build.0 = MBCS Release|Win32
		{12EE9BED-7352-46C3-8BEC-984A6B2174B8}.Unicode Debug|Win32.ActiveCfg = Unicode Debug|Win32
		{12EE9BED-7352-46C3-8BEC-984A6B2174B8}.Unicode Debug|Win32.Build.0 = Unicode Debug|Win32
		{12EE9BED-7352-46C3-8BEC-984A6B2174B8}.Unicode Release|Win32.ActiveCfg = Unicode Release|Win32
		{12EE9BED-7352-46C3-8BEC-984A6B2174B8}.Unicode Release|Win32.Build.0 = Unicode Release|Win32
		{C1231262-07A1-4D64-BF85-3CBE5E793655}.MBCS Debug|Win32.ActiveCfg = MBCS Debug|Win32
		{C1231262-07A1-4D64-BF85-3CBE5E793655}.MBCS Debug|Win32.Build.0 = MBCS Debug|Win32
		{C1231262-07A1-4D64-BF85-3CBE5E793655}.MBCS Release|Win32.ActiveCfg = MBCS Release|Win32
		{C1231262-07A1-4D64-BF85-3CBE5E793655}.MBCS Release|Win32.Build.0 = MBCS Release|Win32
		{C1231262-07A1-4D64-BF85-3CBE5E793655}.Unicode Debug|Win32.ActiveCfg = Unicode Debug|Win32
		{C1231262-07A1-4D64-BF85-3CBE5E793655}.Unicode Debug|Win32.Build.0 = Unicode Debug|Win32
		{C1231262-07A1-4D64-BF85-3CBE5E793655}.Unicode Release|Win32.ActiveCfg = Unicode Release|Win32
		{C1231262-07A1-4D64-BF85-3CBE5E793655}.Unicode Release|Win32.Build.0 = Unicode Release|Win32
		{E638F87E-C6B2-43F3-B4EC-692D0A4B3B73}.MBCS Debug|Win32.ActiveCfg = MBCS Debug|Win32
		{E638F87E-C6B2-43F3-B4EC-692D0A4B3B73}.MBCS Debug|Win32.Build.0 = MBCS Debug|Win32
		{E638F87E-C6B2-43F3-B4EC-692D0A4B3B73}.MBCS Release|Win32.ActiveCfg = MBCS Release|Win32
		{E638F87E-C6B2-43F3-B4EC-692D0A4B3B73}.MBCS Release|Win32.Build.0 = MBCS Release|Win32
		{E638F87E-C6B2-43F3-B4EC-692D0A4B3B73}.Unicode Debug|Win32.ActiveCfg = Unicode Debug|Win32
		{E638F87E-C6B2-43F3-B4EC-692D0A4B3B73}.Unicode Debug|Win32.Build.0 = Unicode Debug|Win32
		{E638F87E-C6B2-43F3-B4EC-692D0A4B3B73}.Unicode Release|Win32.ActiveCfg = Unicode Release|Win32
		{E638F87E-C6B2-43F3-B4EC-692D0A4B3B73}.Unicode Release|Win32.Build.0 = Unicode Release|Win32
		{E06EA1B8-32FE-429A-AD40-EA0B5A700CC3}.MBCS Debug|Win32.ActiveCfg = MBCS Debug|Win32
		{E06EA1B8-32FE-429A-AD40-EA0B5A700CC3}.MBCS Debug|Win32.Build.0 = MBCS Debug|Win32
		{E06EA1B8-32FE-429A-AD40-EA0B5A700CC3}.MBCS Release|Win32.ActiveCfg = MBCS Release|Win32
		{E06EA1B8-32FE-429A-AD40-EA0B5A700CC3}.MBCS Release|Win32.Build.0 = MBCS Release|Win32
		{E06EA1B8-32FE-429A-AD40-EA0B5A700CC3}.Unicode Debug|Win32.ActiveCfg = Unicode Debug|Win32
		{E06EA1B8-32FE-429A-AD40-EA0B5A700CC3}.Unicode Debug|Win32.Build.0 = Unicode Debug|Win32
		{E06EA1B8-32FE-429A-AD40-EA0B5A700CC3}.Unicode Release|Win32.ActiveCfg = Unicode Release|Win32
		{E06EA1B8-32FE-429A-AD40-EA0B5A700CC3}.Unicode Release|Win32.Build.0 = Unicode Release|Win32
		{B84E5A3F-2FCE-4075-8C6D-34F439205457}.MBCS Debug|Win32.ActiveCfg = MBCS Debug|Win32
		{B84E5A3F-2FCE-4075-8C6D-34F439205457}.MBCS Debug|Win32.Build.0 = MBCS Debug|Win32
		{B84E5A3F-2FCE-4075-8C6D-34F439205457}.MBCS Release|Win32.ActiveCfg = MBCS Release|Win32
		{B84E5A3F-2FCE-4075-8C6D-34F439205457}.MBCS Release|Win32.Build.0 = MBCS Release|Win32
		{B84E5A3F-2FCE-4075-8C6D-34F439205457}.Unicode Debug|Win32.ActiveCfg = Unicode Debug|Win32
		{B84E5A3F-2FCE-4075-8C6D-34F439205457}.Unicode Debug|Win32.Build.0 = Unicode Debug|Win32
		{B84E5A3F-2FCE-4075-8C6D-34F439205457}.Unicode Release|Win32.ActiveCfg = Unicode Release|Win32
		{B84E5A3F-2FCE-4075-8C6D-34F439205457}.Unicode Release|Win32.Build.0 = Unicode Release|Win32
		{556E86CA-B91F-4E5A-9A91-40C220474D89}.MBCS Debug|Win32.ActiveCfg = MBCS Debug|Win32
		{556E86CA-B91F-4E5A-9A91-40C220474D89}.MBCS Debug|Win32.Build.0 = MBCS Debug|Win32
		{556E86CA-B91F-4E5A-9A91-40C220474D89}.MBCS Release|Win32.ActiveCfg = MBCS Release|Win32
		{556E86CA-B91F-4E5A-9A91-40C220474D89}.MBCS Release|Win32.Build.0 = MBCS Release|Win32
		{556E86CA-B91F-4E5A-9A91-40C220474D89}.Unicode Debug|Win32.ActiveCfg = Unicode Debug|Win32
		{556E86CA-B91F-4E5A-9A91-40C220474D89}.Unicode Debug|Win32.Build.0 = Unicode Debug|Win32
		{556E86CA-B91F-4E5A-9A91-40C220474D89}.Unicode Release|Win32.ActiveCfg = Unicode Release|Win32
		{556E86CA-B91F-4E5A-9A91-40C220474D89}.Unicode Release|Win32.Build.0 = Unicode Release|Win32
		{3C893F63-B146-433C-87EF-DEEB926351FE}.MBCS Debug|Win32.ActiveCfg = MBCS Debug|Win32
		{3C893F63-B146-433C-87EF-DEEB926351FE}.MBCS Debug|Win32.Build.0 = MBCS Debug|Win32
		{3C893F63-B146-433C-87EF-DEEB926351FE}.MBCS Release|Win32.ActiveCfg = MBCS Release|Win32
		{3C893F63-B146-433C-87EF-DEEB926351FE}.MBCS Release|Win32.Build.0 = MBCS Release|Win32
		{3C893F63-B146-433C-87EF-DEEB926351FE}.Unicode Debug|Win32.ActiveCfg = Unicode Debug|Win32
		{3C893F63-B146-433C-87EF-DEEB926351FE}.Unicode Debug|Win32.Build.0 = Unicode Debug|Win32
		{3C893F63-B146-433C-87EF-DEEB926351FE}.Unicode Release|Win32.ActiveCfg = Unicode Release|Win32
		{3C893F63-B146-433C-87EF-DEEB926351FE}.Unicode Release|Win32.Build.0 = Unicode Release|Win32
		{E5A0B295-607E-48D5-9A9E-2FC112775D09}.MBCS Debug|Win32.ActiveCfg = MBCS Debug|Win32
		{E5A0B295-607E-48D5-9A9E-2FC112775D09}.MBCS Debug|Win32.Build.0 = MBCS Debug|Win32
		{E5A0B295-607E-48D5-9A9E-2FC112775D09}.MBCS Release|Win32.ActiveCfg = MBCS Release|Win32
		{E5A0B295-607E-48D5-9A9E-2FC112775D09}.MBCS Release|Win32.Build.0 = MBCS Release|Win32
		{E5A0B295-607E-48D5-9A9E-2FC112775D09}.Unicode Debug|Win32.ActiveCfg = Unicode Debug|Win32
		{E5A0B295-607E-48D5-9A9E-2FC112775D09}.Unicode Debug|Win32.Build.0 = Unicode Debug|Win32
		{E5A0B295-607E-48D5-9A9E-2FC112775D09}.Unicode Release|Win32.ActiveCfg = Unicode Release|Win32
		{E5A0B295-607E-48D5-9A9E-2FC112775D09}.Unicode Release|Win32.Build.0 = Unicode Release|Win32
		{3D0C6F8D-DBCF-4A58-957C-C40E348FB9F5}.MBCS Debug|Win32.ActiveCfg = MBCS Debug|Win32
		{3D0C6F8D-DBCF-4A58-957C-C40E348FB9F5}.MBCS Debug|Win32.Build.0 = MBCS Debug|Win32
		{3D0C6F8D-DBCF-4A58-957C-C40E348FB9F5}.MBCS Release|Win32.ActiveCfg = MBCS Release|Win32
		{3D0C6F8D-DBCF-4A58-957C-C40E348FB9F5}.MBCS Release|Win32.Build.0 = MBCS Release|Win32
		{3D0C6F8D-DBCF-4A58-957C-C40E348FB9F5}.Unicode Debug|Win32.ActiveCfg = Unicode Debug|Win32
		{3D0C6F8D-DBCF-4A58-957C-C40E348FB9F5}.Unicode Debug|Win32.Build.0 = Unicode Debug|Win32
		{3D0C6F8D-DBCF-4A58-957C-C40E348FB9F5}.Unicode Release|Win32.ActiveCfg = Unicode Release|Win32
		{3D0C6F8D-DBCF-4A58-957C-C40E348FB9F5}.Unicode Release|Win32.Build.0 = Unicode Release|Win32
		{1691252C-C5A4-4044-877F-4BA925C86332}.MBCS Debug|Win32.ActiveCfg = MBCS Debug|Win32
		{1691252C-C5A4-4044-877F-4BA925C86332}.MBCS Debug|Win32.Build.0 = MBCS Debug|Win32
		{1691252C-C5A4-4044-877F-4BA925C86332}.MBCS Release|Win32.ActiveCfg = MBCS Release|Win32
		{1691252C-C5A4-4044-877F-4BA925C86332}.MBCS Release|Win32.Build.0 = MBCS Release|Win32
		{1691252C-C5A4-4044-877F-4BA925C86332}.Unicode Debug|Win32.ActiveCfg = Unicode Debug|Win32
		{1691252C-C5A4-4044-877F-4BA925C86332}.Unicode Debug|Win32.Build.0 = Unicode Debug|Win32
		{1691252C-C5A4-4044-877F-4BA925C86332}.Unicode Release|Win32.ActiveCfg = Unicode Release|Win32
		{1691252C-C5A4-4044-877F-4BA925C86332}.Unicode Release|Win32.Build.0 = Unicode Release|Win32
		{A6F968D1-42AC-4202-94D0-75CDA7848EBE}.MBCS Debug|Win32.ActiveCfg = MBCS Debug|Win32
		{A6F968D1-42AC-4202-94D0-75CDA7848EBE}.MBCS Debug|Win32.Build.0 = MBCS Debug|Win32
		{A6F968D1-42AC-4202-94D0-75CDA7848EBE}.MBCS Release|Win32.ActiveCfg = MBCS Release|Win32
		{A6F968D1-42AC-4202-94D0-75CDA7848EBE}.MBCS Release|Win32.Build.0 = MBCS Release|Win32
		{A6F968D1-42AC-4202-94D0-75CDA7848EBE}.Unicode Debug|Win32.ActiveCfg = Unicode Debug|Win32
		{A6F968D1-42AC-4202-94D0-75CDA7848EBE}.Unicode Debug|Win32.Build.0 = Unicode Debug|Win32
		{A6F968D1-42AC-4202-94D0-75CDA7848EBE}.Unicode Release|Win32.ActiveCfg = Unicode Release|Win32
		{A6F968D1-42AC-4202-94D0-75CDA7848EBE}.Unicode Release|Win32.Build.0 = Unicode Release|Win32
	EndGlobalSection
	GlobalSection(SolutionProperties) = preSolution
		HideSolutionNode = FALSE
	EndGlobalSection
	GlobalSection(NestedProjects) = preSolution
		{55F49127-D37F-4C01-861A-55ACC3A71242} = {B62D3682-8248-46CC-815F-4A7B6BD5EB95}
		{6B7749EE-74DF-496C-9EBE-0E6C73CAA50B} = {B62D3682-8248-46CC-815F-4A7B6BD5EB95}
		{79DED8B0-AB89-46EA-97FE-B2C0129D7401} = {B62D3682-8248-46CC-815F-4A7B6BD5EB95}
		{2EBC127D-357A-4258-B19F-78466C0C467B} = {B62D3682-8248-46CC-815F-4A7B6BD5EB95}
		{B84E5A3F-2FCE-4075-8C6D-34F439205457} = {B62D3682-8248-46CC-815F-4A7B6BD5EB95}
		{4B70F6A5-35AE-4CEE-815C-20E1F31B5F5E} = {7811E230-BCB0-4E29-8ADB-74C85C712EF6}
		{EFD1CCD3-3C31-4BDE-976A-B45A08FBFF83} = {09FD50CB-4B26-4620-A2AB-117AA50F1330}
		{8E941715-D8DA-46A6-BA3A-37FA06367DE6} = {ED5079A9-5110-4527-B400-B6A23D52803E}
		{2244F7C1-5A6E-4B0F-BE20-0188BEDF73D8} = {ED5079A9-5110-4527-B400-B6A23D52803E}
		{44F0B7AD-2952-4D7C-AF72-6A0CB26F00DB} = {ED5079A9-5110-4527-B400-B6A23D52803E}
		{1B250FF9-59DA-4F60-98DD-C3C0E9BE2F7C} = {FDEEF85C-B228-4DC2-BE67-002D63EF5E5D}
		{8646B05A-1711-4E89-BB3D-ADE551D9836C} = {FDEEF85C-B228-4DC2-BE67-002D63EF5E5D}
		{3551A0AD-0231-4229-BED1-829CC3B7712E} = {FDEEF85C-B228-4DC2-BE67-002D63EF5E5D}
		{3B567EEC-3F1F-4C75-91CD-5B3B7E096F3B} = {FDEEF85C-B228-4DC2-BE67-002D63EF5E5D}
		{14E1708C-7C58-4757-81F3-C6434F41B33B} = {FDEEF85C-B228-4DC2-BE67-002D63EF5E5D}
		{B74C3F31-EAE2-47F2-80F3-F749311DE762} = {FDEEF85C-B228-4DC2-BE67-002D63EF5E5D}
		{EB1B996F-0A4C-46BE-A099-030AC5976E64} = {FDEEF85C-B228-4DC2-BE67-002D63EF5E5D}
		{CFEF302C-6A18-4730-A429-2461C1AC2E61} = {FDEEF85C-B228-4DC2-BE67-002D63EF5E5D}
		{AC3B609B-D001-4954-AEFD-431F50C9EB3A} = {FDEEF85C-B228-4DC2-BE67-002D63EF5E5D}
		{A5C073B4-27EC-4A3F-8D02-73529C70F475} = {8514D57A-D157-4B4D-B67F-EA65FA725766}
		{BB0AAC6A-DA87-477A-8E83-DEA7FDD14A26} = {8514D57A-D157-4B4D-B67F-EA65FA725766}
		{C3747F7E-4912-47AF-B447-2BED07B41F87} = {6BFEAF3E-FB05-4F0B-BF32-5A01C9FB6231}
		{D024843C-E81D-4C68-8900-8B22BAAA336B} = {6BFEAF3E-FB05-4F0B-BF32-5A01C9FB6231}
		{A0AE856C-02E9-4CAE-A34D-B13C0BF4FFB3} = {6BFEAF3E-FB05-4F0B-BF32-5A01C9FB6231}
		{A6F968D1-42AC-4202-94D0-75CDA7848EBE} = {6BFEAF3E-FB05-4F0B-BF32-5A01C9FB6231}
		{66F653CA-5669-48BA-A47B-5A941ECEC448} = {83F8863F-2EB6-48BF-8174-FB638768DE60}
		{FF062B4A-0840-4466-8D24-D00DC620439E} = {83F8863F-2EB6-48BF-8174-FB638768DE60}
		{D4CB1EE3-844F-47CB-AB28-66DB1FAF9438} = {83F8863F-2EB6-48BF-8174-FB638768DE60}
		{198B4BEF-AB52-4F8C-8A76-2BB93BA587A8} = {83F8863F-2EB6-48BF-8174-FB638768DE60}
		{3892F47D-7B8D-4C46-9514-63E829589C9F} = {83F8863F-2EB6-48BF-8174-FB638768DE60}
		{E8FEC777-AB65-4135-A1E5-22F3FD335299} = {83F8863F-2EB6-48BF-8174-FB638768DE60}
		{8CE77835-2DE4-48B1-B279-40D2B7522506} = {83F8863F-2EB6-48BF-8174-FB638768DE60}
		{42E283ED-ED74-40EE-B258-8F9993106945} = {83F8863F-2EB6-48BF-8174-FB638768DE60}
		{8948E44A-7D2C-42B3-B430-CEB224BDF557} = {83F8863F-2EB6-48BF-8174-FB638768DE60}
		{12EE9BED-7352-46C3-8BEC-984A6B2174B8} = {83F8863F-2EB6-48BF-8174-FB638768DE60}
		{C1231262-07A1-4D64-BF85-3CBE5E793655} = {83F8863F-2EB6-48BF-8174-FB638768DE60}
		{3D0C6F8D-DBCF-4A58-957C-C40E348FB9F5} = {83F8863F-2EB6-48BF-8174-FB638768DE60}
		{1691252C-C5A4-4044-877F-4BA925C86332} = {83F8863F-2EB6-48BF-8174-FB638768DE60}
		{27C082A8-D189-4526-A465-1D0404F1FADC} = {B87601B5-EE9A-4E5B-B266-C4FC3A60A002}
		{E638F87E-C6B2-43F3-B4EC-692D0A4B3B73} = {EE5F77BC-FDC9-4D20-85E1-FF79EDFC54D0}
		{E06EA1B8-32FE-429A-AD40-EA0B5A700CC3} = {306DE93F-C9A6-4499-9197-F4CB49D05CC6}
		{556E86CA-B91F-4E5A-9A91-40C220474D89} = {164564BE-A125-41C8-8099-C03381D35D63}
		{3C893F63-B146-433C-87EF-DEEB926351FE} = {164564BE-A125-41C8-8099-C03381D35D63}
		{E5A0B295-607E-48D5-9A9E-2FC112775D09} = {164564BE-A125-41C8-8099-C03381D35D63}
	EndGlobalSection
EndGlobal
