Microsoft Visual Studio Solution File, Format Version 10.00
# Visual Studio 2008
Project("{8BC9CEB8-8B4A-11D0-8D11-00A0C91BC942}") = "Naughter", "Naughter\Naughter.2008.vcproj", "{2EBC127D-357A-4258-B19F-78466C0C467B}"
EndProject
Project("{8BC9CEB8-8B4A-11D0-8D11-00A0C91BC942}") = "CodeProject", "CodeProject\CodeProject.2008.vcproj", "{55F49127-D37F-4C01-861A-55ACC3A71242}"
EndProject
Project("{8BC9CEB8-8B4A-11D0-8D11-00A0C91BC942}") = "AfxGadgets", "AfxGadgets\AfxGadgets.2008.vcproj", "{6B7749EE-74DF-496C-9EBE-0E6C73CAA50B}"
EndProject
Project("{8BC9CEB8-8B4A-11D0-8D11-00A0C91BC942}") = "zlib", "zlib\zlib.2008.vcproj", "{4B70F6A5-35AE-4CEE-815C-20E1F31B5F5E}"
EndProject
Project("{8BC9CEB8-8B4A-11D0-8D11-00A0C91BC942}") = "ZipArchive", "ZipArchive\ZipArchive.2008.vcproj", "{EFD1CCD3-3C31-4BDE-976A-B45A08FBFF83}"
	ProjectSection(ProjectDependencies) = postProject
		{4B70F6A5-35AE-4CEE-815C-20E1F31B5F5E} = {4B70F6A5-35AE-4CEE-815C-20E1F31B5F5E}
	EndProjectSection
EndProject
Project("{8BC9CEB8-8B4A-11D0-8D11-00A0C91BC942}") = "ClassLib", "Jan_van_den_Baard\ClassLib\ClassLib.2008.vcproj", "{44F0B7AD-2952-4D7C-AF72-6A0CB26F00DB}"
EndProject
Project("{8BC9CEB8-8B4A-11D0-8D11-00A0C91BC942}") = "Brainchild", "Jan_van_den_Baard\Brainchild\Brainchild.2008.vcproj", "{8E941715-D8DA-46A6-BA3A-37FA06367DE6}"
EndProject
Project("{8BC9CEB8-8B4A-11D0-8D11-00A0C91BC942}") = "BCApplet", "Jan_van_den_Baard\BCApplet\BCApplet.2008.vcproj", "{2244F7C1-5A6E-4B0F-BE20-0188BEDF73D8}"
	ProjectSection(ProjectDependencies) = postProject
		{8E941715-D8DA-46A6-BA3A-37FA06367DE6} = {8E941715-D8DA-46A6-BA3A-37FA06367DE6}
		{44F0B7AD-2952-4D7C-AF72-6A0CB26F00DB} = {44F0B7AD-2952-4D7C-AF72-6A0CB26F00DB}
	EndProjectSection
EndProject
Project("{8BC9CEB8-8B4A-11D0-8D11-00A0C91BC942}") = "CJLibrary", "CJLibrary\CJLibrary.2008.vcproj", "{79DED8B0-AB89-46EA-97FE-B2C0129D7401}"
EndProject
Project("{8BC9CEB8-8B4A-11D0-8D11-00A0C91BC942}") = "libjpeg", "Graphics\libjpeg\libjpeg.2008.vcproj", "{CFEF302C-6A18-4730-A429-2461C1AC2E61}"
EndProject
Project("{8BC9CEB8-8B4A-11D0-8D11-00A0C91BC942}") = "libmng", "Graphics\libmng\libmng.2008.vcproj", "{1B250FF9-59DA-4F60-98DD-C3C0E9BE2F7C}"
	ProjectSection(ProjectDependencies) = postProject
		{4B70F6A5-35AE-4CEE-815C-20E1F31B5F5E} = {4B70F6A5-35AE-4CEE-815C-20E1F31B5F5E}
	EndProjectSection
EndProject
Project("{8BC9CEB8-8B4A-11D0-8D11-00A0C91BC942}") = "libpng", "Graphics\libpng\libpng.2008.vcproj", "{8646B05A-1711-4E89-BB3D-ADE551D9836C}"
	ProjectSection(ProjectDependencies) = postProject
		{4B70F6A5-35AE-4CEE-815C-20E1F31B5F5E} = {4B70F6A5-35AE-4CEE-815C-20E1F31B5F5E}
	EndProjectSection
EndProject
Project("{8BC9CEB8-8B4A-11D0-8D11-00A0C91BC942}") = "libtiff", "Graphics\libtiff\libtiff.2008.vcproj", "{3551A0AD-0231-4229-BED1-829CC3B7712E}"
	ProjectSection(ProjectDependencies) = postProject
		{4B70F6A5-35AE-4CEE-815C-20E1F31B5F5E} = {4B70F6A5-35AE-4CEE-815C-20E1F31B5F5E}
	EndProjectSection
EndProject
Project("{8BC9CEB8-8B4A-11D0-8D11-00A0C91BC942}") = "OpenJPEG", "Graphics\OpenJPEG\OpenJPEG.2008.vcproj", "{3B567EEC-3F1F-4C75-91CD-5B3B7E096F3B}"
EndProject
Project("{8BC9CEB8-8B4A-11D0-8D11-00A0C91BC942}") = "OpenEXR", "Graphics\OpenEXR\OpenEXR.2008.vcproj", "{14E1708C-7C58-4757-81F3-C6434F41B33B}"
	ProjectSection(ProjectDependencies) = postProject
		{4B70F6A5-35AE-4CEE-815C-20E1F31B5F5E} = {4B70F6A5-35AE-4CEE-815C-20E1F31B5F5E}
	EndProjectSection
EndProject
Project("{8BC9CEB8-8B4A-11D0-8D11-00A0C91BC942}") = "FreeImage", "FreeImage\FreeImage.2008.vcproj", "{B74C3F31-EAE2-47F2-80F3-F749311DE762}"
	ProjectSection(ProjectDependencies) = postProject
		{CFEF302C-6A18-4730-A429-2461C1AC2E61} = {CFEF302C-6A18-4730-A429-2461C1AC2E61}
		{8646B05A-1711-4E89-BB3D-ADE551D9836C} = {8646B05A-1711-4E89-BB3D-ADE551D9836C}
		{14E1708C-7C58-4757-81F3-C6434F41B33B} = {14E1708C-7C58-4757-81F3-C6434F41B33B}
		{AC3B609B-D001-4954-AEFD-431F50C9EB3A} = {AC3B609B-D001-4954-AEFD-431F50C9EB3A}
		{3551A0AD-0231-4229-BED1-829CC3B7712E} = {3551A0AD-0231-4229-BED1-829CC3B7712E}
		{3B567EEC-3F1F-4C75-91CD-5B3B7E096F3B} = {3B567EEC-3F1F-4C75-91CD-5B3B7E096F3B}
		{1B250FF9-59DA-4F60-98DD-C3C0E9BE2F7C} = {1B250FF9-59DA-4F60-98DD-C3C0E9BE2F7C}
	EndProjectSection
EndProject
Project("{8BC9CEB8-8B4A-11D0-8D11-00A0C91BC942}") = "FreeImagePlus", "FreeImagePlus\FreeImagePlus.2008.vcproj", "{EB1B996F-0A4C-46BE-A099-030AC5976E64}"
	ProjectSection(ProjectDependencies) = postProject
		{B74C3F31-EAE2-47F2-80F3-F749311DE762} = {B74C3F31-EAE2-47F2-80F3-F749311DE762}
	EndProjectSection
EndProject
Project("{2150E333-8FDC-42A3-9474-1A3956D46DE8}") = "MFC Extensions", "MFC Extensions", "{B62D3682-8248-46CC-815F-4A7B6BD5EB95}"
EndProject
Project("{2150E333-8FDC-42A3-9474-1A3956D46DE8}") = "Graphics", "Graphics", "{FDEEF85C-B228-4DC2-BE67-002D63EF5E5D}"
EndProject
Project("{2150E333-8FDC-42A3-9474-1A3956D46DE8}") = "Jan van den Baard", "Jan van den Baard", "{ED5079A9-5110-4527-B400-B6A23D52803E}"
EndProject
Project("{2150E333-8FDC-42A3-9474-1A3956D46DE8}") = "Common", "Common", "{7811E230-BCB0-4E29-8ADB-74C85C712EF6}"
EndProject
Project("{2150E333-8FDC-42A3-9474-1A3956D46DE8}") = "General Purpose", "General Purpose", "{09FD50CB-4B26-4620-A2AB-117AA50F1330}"
EndProject
Project("{8BC9CEB8-8B4A-11D0-8D11-00A0C91BC942}") = "LibRawLite", "Graphics\LibRawLite\LibRawLite.2008.vcproj", "{AC3B609B-D001-4954-AEFD-431F50C9EB3A}"
EndProject
Project("{2150E333-8FDC-42A3-9474-1A3956D46DE8}") = "Cryptography", "Cryptography", "{8514D57A-D157-4B4D-B67F-EA65FA725766}"
EndProject
Project("{8BC9CEB8-8B4A-11D0-8D11-00A0C91BC942}") = "Crypto++DLL", "Crypto++\Crypto++DLL.2008.vcproj", "{A5C073B4-27EC-4A3F-8D02-73529C70F475}"
EndProject
Project("{8BC9CEB8-8B4A-11D0-8D11-00A0C91BC942}") = "LibCrypto++", "Crypto++\LibCrypto++.2008.vcproj", "{BB0AAC6A-DA87-477A-8E83-DEA7FDD14A26}"
EndProject
Project("{2150E333-8FDC-42A3-9474-1A3956D46DE8}") = "Regular Expression", "Regular Expression", "{6BFEAF3E-FB05-4F0B-BF32-5A01C9FB6231}"
EndProject
Project("{8BC9CEB8-8B4A-11D0-8D11-00A0C91BC942}") = "LibPCRE", "PCRE\LibPCRE.2008.vcproj", "{C3747F7E-4912-47AF-B447-2BED07B41F87}"
EndProject
Project("{8BC9CEB8-8B4A-11D0-8D11-00A0C91BC942}") = "LibPosixPCRE", "PCRE\LibPosixPCRE.2008.vcproj", "{D024843C-E81D-4C68-8900-8B22BAAA336B}"
	ProjectSection(ProjectDependencies) = postProject
		{C3747F7E-4912-47AF-B447-2BED07B41F87} = {C3747F7E-4912-47AF-B447-2BED07B41F87}
	EndProjectSection
EndProject
Project("{8BC9CEB8-8B4A-11D0-8D11-00A0C91BC942}") = "LibPCRE++", "PCRE\LibPCRE++.2008.vcproj", "{A0AE856C-02E9-4CAE-A34D-B13C0BF4FFB3}"
	ProjectSection(ProjectDependencies) = postProject
		{C3747F7E-4912-47AF-B447-2BED07B41F87} = {C3747F7E-4912-47AF-B447-2BED07B41F87}
	EndProjectSection
EndProject
Project("{2150E333-8FDC-42A3-9474-1A3956D46DE8}") = "AbstractSpoon", "AbstractSpoon", "{83F8863F-2EB6-48BF-8174-FB638768DE60}"
EndProject
Project("{8BC9CEB8-8B4A-11D0-8D11-00A0C91BC942}") = "ToDoList", "AbstractSpoon\ToDoList\ToDoList.2008.vcproj", "{66F653CA-5669-48BA-A47B-5A941ECEC448}"
	ProjectSection(ProjectDependencies) = postProject
		{55F49127-D37F-4C01-861A-55ACC3A71242} = {55F49127-D37F-4C01-861A-55ACC3A71242}
		{2EBC127D-357A-4258-B19F-78466C0C467B} = {2EBC127D-357A-4258-B19F-78466C0C467B}
	EndProjectSection
EndProject
Project("{2150E333-8FDC-42A3-9474-1A3956D46DE8}") = "Spellcheck", "Spellcheck", "{B87601B5-EE9A-4E5B-B266-C4FC3A60A002}"
EndProject
Project("{8BC9CEB8-8B4A-11D0-8D11-00A0C91BC942}") = "MySpell", "MySpell\MySpell.2008.vcproj", "{27C082A8-D189-4526-A465-1D0404F1FADC}"
EndProject
Project("{8BC9CEB8-8B4A-11D0-8D11-00A0C91BC942}") = "MySpellCheck", "AbstractSpoon\MySpellCheck\MySpellCheck.2008.vcproj", "{FF062B4A-0840-4466-8D24-D00DC620439E}"
	ProjectSection(ProjectDependencies) = postProject
		{27C082A8-D189-4526-A465-1D0404F1FADC} = {27C082A8-D189-4526-A465-1D0404F1FADC}
	EndProjectSection
EndProject
Global
	GlobalSection(SolutionConfigurationPlatforms) = preSolution
		MBCS Debug|Win32 = MBCS Debug|Win32
		MBCS Release|Win32 = MBCS Release|Win32
		Unicode Debug|Win32 = Unicode Debug|Win32
		Unicode Release|Win32 = Unicode Release|Win32
	EndGlobalSection
	GlobalSection(ProjectConfigurationPlatforms) = postSolution
		{2EBC127D-357A-4258-B19F-78466C0C467B}.MBCS Debug|Win32.ActiveCfg = MBCS Debug|Win32
		{2EBC127D-357A-4258-B19F-78466C0C467B}.MBCS Debug|Win32.Build.0 = MBCS Debug|Win32
		{2EBC127D-357A-4258-B19F-78466C0C467B}.MBCS Release|Win32.ActiveCfg = MBCS Release|Win32
		{2EBC127D-357A-4258-B19F-78466C0C467B}.MBCS Release|Win32.Build.0 = MBCS Release|Win32
		{2EBC127D-357A-4258-B19F-78466C0C467B}.Unicode Debug|Win32.ActiveCfg = Unicode Debug|Win32
		{2EBC127D-357A-4258-B19F-78466C0C467B}.Unicode Debug|Win32.Build.0 = Unicode Debug|Win32
		{2EBC127D-357A-4258-B19F-78466C0C467B}.Unicode Release|Win32.ActiveCfg = Unicode Release|Win32
		{2EBC127D-357A-4258-B19F-78466C0C467B}.Unicode Release|Win32.Build.0 = Unicode Release|Win32
		{55F49127-D37F-4C01-861A-55ACC3A71242}.MBCS Debug|Win32.ActiveCfg = MBCS Debug|Win32
		{55F49127-D37F-4C01-861A-55ACC3A71242}.MBCS Debug|Win32.Build.0 = MBCS Debug|Win32
		{55F49127-D37F-4C01-861A-55ACC3A71242}.MBCS Release|Win32.ActiveCfg = MBCS Release|Win32
		{55F49127-D37F-4C01-861A-55ACC3A71242}.MBCS Release|Win32.Build.0 = MBCS Release|Win32
		{55F49127-D37F-4C01-861A-55ACC3A71242}.Unicode Debug|Win32.ActiveCfg = Unicode Debug|Win32
		{55F49127-D37F-4C01-861A-55ACC3A71242}.Unicode Debug|Win32.Build.0 = Unicode Debug|Win32
		{55F49127-D37F-4C01-861A-55ACC3A71242}.Unicode Release|Win32.ActiveCfg = Unicode Release|Win32
		{55F49127-D37F-4C01-861A-55ACC3A71242}.Unicode Release|Win32.Build.0 = Unicode Release|Win32
		{6B7749EE-74DF-496C-9EBE-0E6C73CAA50B}.MBCS Debug|Win32.ActiveCfg = MBCS Debug|Win32
		{6B7749EE-74DF-496C-9EBE-0E6C73CAA50B}.MBCS Debug|Win32.Build.0 = MBCS Debug|Win32
		{6B7749EE-74DF-496C-9EBE-0E6C73CAA50B}.MBCS Release|Win32.ActiveCfg = MBCS Release|Win32
		{6B7749EE-74DF-496C-9EBE-0E6C73CAA50B}.MBCS Release|Win32.Build.0 = MBCS Release|Win32
		{6B7749EE-74DF-496C-9EBE-0E6C73CAA50B}.Unicode Debug|Win32.ActiveCfg = Unicode Debug|Win32
		{6B7749EE-74DF-496C-9EBE-0E6C73CAA50B}.Unicode Debug|Win32.Build.0 = Unicode Debug|Win32
		{6B7749EE-74DF-496C-9EBE-0E6C73CAA50B}.Unicode Release|Win32.ActiveCfg = Unicode Release|Win32
		{6B7749EE-74DF-496C-9EBE-0E6C73CAA50B}.Unicode Release|Win32.Build.0 = Unicode Release|Win32
		{4B70F6A5-35AE-4CEE-815C-20E1F31B5F5E}.MBCS Debug|Win32.ActiveCfg = MBCS Debug|Win32
		{4B70F6A5-35AE-4CEE-815C-20E1F31B5F5E}.MBCS Debug|Win32.Build.0 = MBCS Debug|Win32
		{4B70F6A5-35AE-4CEE-815C-20E1F31B5F5E}.MBCS Release|Win32.ActiveCfg = MBCS Release|Win32
		{4B70F6A5-35AE-4CEE-815C-20E1F31B5F5E}.MBCS Release|Win32.Build.0 = MBCS Release|Win32
		{4B70F6A5-35AE-4CEE-815C-20E1F31B5F5E}.Unicode Debug|Win32.ActiveCfg = Unicode Debug|Win32
		{4B70F6A5-35AE-4CEE-815C-20E1F31B5F5E}.Unicode Debug|Win32.Build.0 = Unicode Debug|Win32
		{4B70F6A5-35AE-4CEE-815C-20E1F31B5F5E}.Unicode Release|Win32.ActiveCfg = Unicode Release|Win32
		{4B70F6A5-35AE-4CEE-815C-20E1F31B5F5E}.Unicode Release|Win32.Build.0 = Unicode Release|Win32
		{EFD1CCD3-3C31-4BDE-976A-B45A08FBFF83}.MBCS Debug|Win32.ActiveCfg = MBCS Debug|Win32
		{EFD1CCD3-3C31-4BDE-976A-B45A08FBFF83}.MBCS Debug|Win32.Build.0 = MBCS Debug|Win32
		{EFD1CCD3-3C31-4BDE-976A-B45A08FBFF83}.MBCS Release|Win32.ActiveCfg = MBCS Release|Win32
		{EFD1CCD3-3C31-4BDE-976A-B45A08FBFF83}.MBCS Release|Win32.Build.0 = MBCS Release|Win32
		{EFD1CCD3-3C31-4BDE-976A-B45A08FBFF83}.Unicode Debug|Win32.ActiveCfg = Unicode Debug|Win32
		{EFD1CCD3-3C31-4BDE-976A-B45A08FBFF83}.Unicode Debug|Win32.Build.0 = Unicode Debug|Win32
		{EFD1CCD3-3C31-4BDE-976A-B45A08FBFF83}.Unicode Release|Win32.ActiveCfg = Unicode Release|Win32
		{EFD1CCD3-3C31-4BDE-976A-B45A08FBFF83}.Unicode Release|Win32.Build.0 = Unicode Release|Win32
		{44F0B7AD-2952-4D7C-AF72-6A0CB26F00DB}.MBCS Debug|Win32.ActiveCfg = MBCS Debug|Win32
		{44F0B7AD-2952-4D7C-AF72-6A0CB26F00DB}.MBCS Debug|Win32.Build.0 = MBCS Debug|Win32
		{44F0B7AD-2952-4D7C-AF72-6A0CB26F00DB}.MBCS Release|Win32.ActiveCfg = MBCS Release|Win32
		{44F0B7AD-2952-4D7C-AF72-6A0CB26F00DB}.MBCS Release|Win32.Build.0 = MBCS Release|Win32
		{44F0B7AD-2952-4D7C-AF72-6A0CB26F00DB}.Unicode Debug|Win32.ActiveCfg = Unicode Debug|Win32
		{44F0B7AD-2952-4D7C-AF72-6A0CB26F00DB}.Unicode Debug|Win32.Build.0 = Unicode Debug|Win32
		{44F0B7AD-2952-4D7C-AF72-6A0CB26F00DB}.Unicode Release|Win32.ActiveCfg = Unicode Release|Win32
		{44F0B7AD-2952-4D7C-AF72-6A0CB26F00DB}.Unicode Release|Win32.Build.0 = Unicode Release|Win32
		{8E941715-D8DA-46A6-BA3A-37FA06367DE6}.MBCS Debug|Win32.ActiveCfg = MBCS Debug|Win32
		{8E941715-D8DA-46A6-BA3A-37FA06367DE6}.MBCS Debug|Win32.Build.0 = MBCS Debug|Win32
		{8E941715-D8DA-46A6-BA3A-37FA06367DE6}.MBCS Release|Win32.ActiveCfg = MBCS Release|Win32
		{8E941715-D8DA-46A6-BA3A-37FA06367DE6}.MBCS Release|Win32.Build.0 = MBCS Release|Win32
		{8E941715-D8DA-46A6-BA3A-37FA06367DE6}.Unicode Debug|Win32.ActiveCfg = Unicode Debug|Win32
		{8E941715-D8DA-46A6-BA3A-37FA06367DE6}.Unicode Debug|Win32.Build.0 = Unicode Debug|Win32
		{8E941715-D8DA-46A6-BA3A-37FA06367DE6}.Unicode Release|Win32.ActiveCfg = Unicode Release|Win32
		{8E941715-D8DA-46A6-BA3A-37FA06367DE6}.Unicode Release|Win32.Build.0 = Unicode Release|Win32
		{2244F7C1-5A6E-4B0F-BE20-0188BEDF73D8}.MBCS Debug|Win32.ActiveCfg = MBCS Debug|Win32
		{2244F7C1-5A6E-4B0F-BE20-0188BEDF73D8}.MBCS Debug|Win32.Build.0 = MBCS Debug|Win32
		{2244F7C1-5A6E-4B0F-BE20-0188BEDF73D8}.MBCS Release|Win32.ActiveCfg = MBCS Release|Win32
		{2244F7C1-5A6E-4B0F-BE20-0188BEDF73D8}.MBCS Release|Win32.Build.0 = MBCS Release|Win32
		{2244F7C1-5A6E-4B0F-BE20-0188BEDF73D8}.Unicode Debug|Win32.ActiveCfg = Unicode Debug|Win32
		{2244F7C1-5A6E-4B0F-BE20-0188BEDF73D8}.Unicode Debug|Win32.Build.0 = Unicode Debug|Win32
		{2244F7C1-5A6E-4B0F-BE20-0188BEDF73D8}.Unicode Release|Win32.ActiveCfg = Unicode Release|Win32
		{2244F7C1-5A6E-4B0F-BE20-0188BEDF73D8}.Unicode Release|Win32.Build.0 = Unicode Release|Win32
		{79DED8B0-AB89-46EA-97FE-B2C0129D7401}.MBCS Debug|Win32.ActiveCfg = MBCS Debug|Win32
		{79DED8B0-AB89-46EA-97FE-B2C0129D7401}.MBCS Debug|Win32.Build.0 = MBCS Debug|Win32
		{79DED8B0-AB89-46EA-97FE-B2C0129D7401}.MBCS Release|Win32.ActiveCfg = MBCS Release|Win32
		{79DED8B0-AB89-46EA-97FE-B2C0129D7401}.MBCS Release|Win32.Build.0 = MBCS Release|Win32
		{79DED8B0-AB89-46EA-97FE-B2C0129D7401}.Unicode Debug|Win32.ActiveCfg = Unicode Debug|Win32
		{79DED8B0-AB89-46EA-97FE-B2C0129D7401}.Unicode Debug|Win32.Build.0 = Unicode Debug|Win32
		{79DED8B0-AB89-46EA-97FE-B2C0129D7401}.Unicode Release|Win32.ActiveCfg = Unicode Release|Win32
		{79DED8B0-AB89-46EA-97FE-B2C0129D7401}.Unicode Release|Win32.Build.0 = Unicode Release|Win32
		{CFEF302C-6A18-4730-A429-2461C1AC2E61}.MBCS Debug|Win32.ActiveCfg = MBCS Debug|Win32
		{CFEF302C-6A18-4730-A429-2461C1AC2E61}.MBCS Debug|Win32.Build.0 = MBCS Debug|Win32
		{CFEF302C-6A18-4730-A429-2461C1AC2E61}.MBCS Release|Win32.ActiveCfg = MBCS Release|Win32
		{CFEF302C-6A18-4730-A429-2461C1AC2E61}.MBCS Release|Win32.Build.0 = MBCS Release|Win32
		{CFEF302C-6A18-4730-A429-2461C1AC2E61}.Unicode Debug|Win32.ActiveCfg = Unicode Debug|Win32
		{CFEF302C-6A18-4730-A429-2461C1AC2E61}.Unicode Debug|Win32.Build.0 = Unicode Debug|Win32
		{CFEF302C-6A18-4730-A429-2461C1AC2E61}.Unicode Release|Win32.ActiveCfg = Unicode Release|Win32
		{CFEF302C-6A18-4730-A429-2461C1AC2E61}.Unicode Release|Win32.Build.0 = Unicode Release|Win32
		{1B250FF9-59DA-4F60-98DD-C3C0E9BE2F7C}.MBCS Debug|Win32.ActiveCfg = MBCS Debug|Win32
		{1B250FF9-59DA-4F60-98DD-C3C0E9BE2F7C}.MBCS Debug|Win32.Build.0 = MBCS Debug|Win32
		{1B250FF9-59DA-4F60-98DD-C3C0E9BE2F7C}.MBCS Release|Win32.ActiveCfg = MBCS Release|Win32
		{1B250FF9-59DA-4F60-98DD-C3C0E9BE2F7C}.MBCS Release|Win32.Build.0 = MBCS Release|Win32
		{1B250FF9-59DA-4F60-98DD-C3C0E9BE2F7C}.Unicode Debug|Win32.ActiveCfg = Unicode Debug|Win32
		{1B250FF9-59DA-4F60-98DD-C3C0E9BE2F7C}.Unicode Debug|Win32.Build.0 = Unicode Debug|Win32
		{1B250FF9-59DA-4F60-98DD-C3C0E9BE2F7C}.Unicode Release|Win32.ActiveCfg = Unicode Release|Win32
		{1B250FF9-59DA-4F60-98DD-C3C0E9BE2F7C}.Unicode Release|Win32.Build.0 = Unicode Release|Win32
		{8646B05A-1711-4E89-BB3D-ADE551D9836C}.MBCS Debug|Win32.ActiveCfg = MBCS Debug|Win32
		{8646B05A-1711-4E89-BB3D-ADE551D9836C}.MBCS Debug|Win32.Build.0 = MBCS Debug|Win32
		{8646B05A-1711-4E89-BB3D-ADE551D9836C}.MBCS Release|Win32.ActiveCfg = MBCS Release|Win32
		{8646B05A-1711-4E89-BB3D-ADE551D9836C}.MBCS Release|Win32.Build.0 = MBCS Release|Win32
		{8646B05A-1711-4E89-BB3D-ADE551D9836C}.Unicode Debug|Win32.ActiveCfg = Unicode Debug|Win32
		{8646B05A-1711-4E89-BB3D-ADE551D9836C}.Unicode Debug|Win32.Build.0 = Unicode Debug|Win32
		{8646B05A-1711-4E89-BB3D-ADE551D9836C}.Unicode Release|Win32.ActiveCfg = Unicode Release|Win32
		{8646B05A-1711-4E89-BB3D-ADE551D9836C}.Unicode Release|Win32.Build.0 = Unicode Release|Win32
		{3551A0AD-0231-4229-BED1-829CC3B7712E}.MBCS Debug|Win32.ActiveCfg = MBCS Debug|Win32
		{3551A0AD-0231-4229-BED1-829CC3B7712E}.MBCS Debug|Win32.Build.0 = MBCS Debug|Win32
		{3551A0AD-0231-4229-BED1-829CC3B7712E}.MBCS Release|Win32.ActiveCfg = MBCS Release|Win32
		{3551A0AD-0231-4229-BED1-829CC3B7712E}.MBCS Release|Win32.Build.0 = MBCS Release|Win32
		{3551A0AD-0231-4229-BED1-829CC3B7712E}.Unicode Debug|Win32.ActiveCfg = Unicode Debug|Win32
		{3551A0AD-0231-4229-BED1-829CC3B7712E}.Unicode Debug|Win32.Build.0 = Unicode Debug|Win32
		{3551A0AD-0231-4229-BED1-829CC3B7712E}.Unicode Release|Win32.ActiveCfg = Unicode Release|Win32
		{3551A0AD-0231-4229-BED1-829CC3B7712E}.Unicode Release|Win32.Build.0 = Unicode Release|Win32
		{3B567EEC-3F1F-4C75-91CD-5B3B7E096F3B}.MBCS Debug|Win32.ActiveCfg = MBCS Debug|Win32
		{3B567EEC-3F1F-4C75-91CD-5B3B7E096F3B}.MBCS Debug|Win32.Build.0 = MBCS Debug|Win32
		{3B567EEC-3F1F-4C75-91CD-5B3B7E096F3B}.MBCS Release|Win32.ActiveCfg = MBCS Release|Win32
		{3B567EEC-3F1F-4C75-91CD-5B3B7E096F3B}.MBCS Release|Win32.Build.0 = MBCS Release|Win32
		{3B567EEC-3F1F-4C75-91CD-5B3B7E096F3B}.Unicode Debug|Win32.ActiveCfg = Unicode Debug|Win32
		{3B567EEC-3F1F-4C75-91CD-5B3B7E096F3B}.Unicode Debug|Win32.Build.0 = Unicode Debug|Win32
		{3B567EEC-3F1F-4C75-91CD-5B3B7E096F3B}.Unicode Release|Win32.ActiveCfg = Unicode Release|Win32
		{3B567EEC-3F1F-4C75-91CD-5B3B7E096F3B}.Unicode Release|Win32.Build.0 = Unicode Release|Win32
		{14E1708C-7C58-4757-81F3-C6434F41B33B}.MBCS Debug|Win32.ActiveCfg = MBCS Debug|Win32
		{14E1708C-7C58-4757-81F3-C6434F41B33B}.MBCS Debug|Win32.Build.0 = MBCS Debug|Win32
		{14E1708C-7C58-4757-81F3-C6434F41B33B}.MBCS Release|Win32.ActiveCfg = MBCS Release|Win32
		{14E1708C-7C58-4757-81F3-C6434F41B33B}.MBCS Release|Win32.Build.0 = MBCS Release|Win32
		{14E1708C-7C58-4757-81F3-C6434F41B33B}.Unicode Debug|Win32.ActiveCfg = Unicode Debug|Win32
		{14E1708C-7C58-4757-81F3-C6434F41B33B}.Unicode Debug|Win32.Build.0 = Unicode Debug|Win32
		{14E1708C-7C58-4757-81F3-C6434F41B33B}.Unicode Release|Win32.ActiveCfg = Unicode Release|Win32
		{14E1708C-7C58-4757-81F3-C6434F41B33B}.Unicode Release|Win32.Build.0 = Unicode Release|Win32
		{B74C3F31-EAE2-47F2-80F3-F749311DE762}.MBCS Debug|Win32.ActiveCfg = MBCS Debug|Win32
		{B74C3F31-EAE2-47F2-80F3-F749311DE762}.MBCS Debug|Win32.Build.0 = MBCS Debug|Win32
		{B74C3F31-EAE2-47F2-80F3-F749311DE762}.MBCS Release|Win32.ActiveCfg = MBCS Release|Win32
		{B74C3F31-EAE2-47F2-80F3-F749311DE762}.MBCS Release|Win32.Build.0 = MBCS Release|Win32
		{B74C3F31-EAE2-47F2-80F3-F749311DE762}.Unicode Debug|Win32.ActiveCfg = Unicode Debug|Win32
		{B74C3F31-EAE2-47F2-80F3-F749311DE762}.Unicode Debug|Win32.Build.0 = Unicode Debug|Win32
		{B74C3F31-EAE2-47F2-80F3-F749311DE762}.Unicode Release|Win32.ActiveCfg = Unicode Release|Win32
		{B74C3F31-EAE2-47F2-80F3-F749311DE762}.Unicode Release|Win32.Build.0 = Unicode Release|Win32
		{EB1B996F-0A4C-46BE-A099-030AC5976E64}.MBCS Debug|Win32.ActiveCfg = MBCS Debug|Win32
		{EB1B996F-0A4C-46BE-A099-030AC5976E64}.MBCS Debug|Win32.Build.0 = MBCS Debug|Win32
		{EB1B996F-0A4C-46BE-A099-030AC5976E64}.MBCS Release|Win32.ActiveCfg = MBCS Release|Win32
		{EB1B996F-0A4C-46BE-A099-030AC5976E64}.MBCS Release|Win32.Build.0 = MBCS Release|Win32
		{EB1B996F-0A4C-46BE-A099-030AC5976E64}.Unicode Debug|Win32.ActiveCfg = Unicode Debug|Win32
		{EB1B996F-0A4C-46BE-A099-030AC5976E64}.Unicode Debug|Win32.Build.0 = Unicode Debug|Win32
		{EB1B996F-0A4C-46BE-A099-030AC5976E64}.Unicode Release|Win32.ActiveCfg = Unicode Release|Win32
		{EB1B996F-0A4C-46BE-A099-030AC5976E64}.Unicode Release|Win32.Build.0 = Unicode Release|Win32
		{AC3B609B-D001-4954-AEFD-431F50C9EB3A}.MBCS Debug|Win32.ActiveCfg = MBCS Debug|Win32
		{AC3B609B-D001-4954-AEFD-431F50C9EB3A}.MBCS Debug|Win32.Build.0 = MBCS Debug|Win32
		{AC3B609B-D001-4954-AEFD-431F50C9EB3A}.MBCS Release|Win32.ActiveCfg = MBCS Release|Win32
		{AC3B609B-D001-4954-AEFD-431F50C9EB3A}.MBCS Release|Win32.Build.0 = MBCS Release|Win32
		{AC3B609B-D001-4954-AEFD-431F50C9EB3A}.Unicode Debug|Win32.ActiveCfg = Unicode Debug|Win32
		{AC3B609B-D001-4954-AEFD-431F50C9EB3A}.Unicode Debug|Win32.Build.0 = Unicode Debug|Win32
		{AC3B609B-D001-4954-AEFD-431F50C9EB3A}.Unicode Release|Win32.ActiveCfg = Unicode Release|Win32
		{AC3B609B-D001-4954-AEFD-431F50C9EB3A}.Unicode Release|Win32.Build.0 = Unicode Release|Win32
		{A5C073B4-27EC-4A3F-8D02-73529C70F475}.MBCS Debug|Win32.ActiveCfg = MBCS Debug|Win32
		{A5C073B4-27EC-4A3F-8D02-73529C70F475}.MBCS Debug|Win32.Build.0 = MBCS Debug|Win32
		{A5C073B4-27EC-4A3F-8D02-73529C70F475}.MBCS Release|Win32.ActiveCfg = MBCS Release|Win32
		{A5C073B4-27EC-4A3F-8D02-73529C70F475}.MBCS Release|Win32.Build.0 = MBCS Release|Win32
		{A5C073B4-27EC-4A3F-8D02-73529C70F475}.Unicode Debug|Win32.ActiveCfg = Unicode Debug|Win32
		{A5C073B4-27EC-4A3F-8D02-73529C70F475}.Unicode Debug|Win32.Build.0 = Unicode Debug|Win32
		{A5C073B4-27EC-4A3F-8D02-73529C70F475}.Unicode Release|Win32.ActiveCfg = Unicode Release|Win32
		{A5C073B4-27EC-4A3F-8D02-73529C70F475}.Unicode Release|Win32.Build.0 = Unicode Release|Win32
		{BB0AAC6A-DA87-477A-8E83-DEA7FDD14A26}.MBCS Debug|Win32.ActiveCfg = MBCS Debug|Win32
		{BB0AAC6A-DA87-477A-8E83-DEA7FDD14A26}.MBCS Debug|Win32.Build.0 = MBCS Debug|Win32
		{BB0AAC6A-DA87-477A-8E83-DEA7FDD14A26}.MBCS Release|Win32.ActiveCfg = MBCS Release|Win32
		{BB0AAC6A-DA87-477A-8E83-DEA7FDD14A26}.MBCS Release|Win32.Build.0 = MBCS Release|Win32
		{BB0AAC6A-DA87-477A-8E83-DEA7FDD14A26}.Unicode Debug|Win32.ActiveCfg = Unicode Debug|Win32
		{BB0AAC6A-DA87-477A-8E83-DEA7FDD14A26}.Unicode Debug|Win32.Build.0 = Unicode Debug|Win32
		{BB0AAC6A-DA87-477A-8E83-DEA7FDD14A26}.Unicode Release|Win32.ActiveCfg = Unicode Release|Win32
		{BB0AAC6A-DA87-477A-8E83-DEA7FDD14A26}.Unicode Release|Win32.Build.0 = Unicode Release|Win32
		{C3747F7E-4912-47AF-B447-2BED07B41F87}.MBCS Debug|Win32.ActiveCfg = MBCS Debug|Win32
		{C3747F7E-4912-47AF-B447-2BED07B41F87}.MBCS Debug|Win32.Build.0 = MBCS Debug|Win32
		{C3747F7E-4912-47AF-B447-2BED07B41F87}.MBCS Release|Win32.ActiveCfg = MBCS Release|Win32
		{C3747F7E-4912-47AF-B447-2BED07B41F87}.MBCS Release|Win32.Build.0 = MBCS Release|Win32
		{C3747F7E-4912-47AF-B447-2BED07B41F87}.Unicode Debug|Win32.ActiveCfg = Unicode Debug|Win32
		{C3747F7E-4912-47AF-B447-2BED07B41F87}.Unicode Debug|Win32.Build.0 = Unicode Debug|Win32
		{C3747F7E-4912-47AF-B447-2BED07B41F87}.Unicode Release|Win32.ActiveCfg = Unicode Release|Win32
		{C3747F7E-4912-47AF-B447-2BED07B41F87}.Unicode Release|Win32.Build.0 = Unicode Release|Win32
		{D024843C-E81D-4C68-8900-8B22BAAA336B}.MBCS Debug|Win32.ActiveCfg = MBCS Debug|Win32
		{D024843C-E81D-4C68-8900-8B22BAAA336B}.MBCS Debug|Win32.Build.0 = MBCS Debug|Win32
		{D024843C-E81D-4C68-8900-8B22BAAA336B}.MBCS Release|Win32.ActiveCfg = MBCS Release|Win32
		{D024843C-E81D-4C68-8900-8B22BAAA336B}.MBCS Release|Win32.Build.0 = MBCS Release|Win32
		{D024843C-E81D-4C68-8900-8B22BAAA336B}.Unicode Debug|Win32.ActiveCfg = Unicode Debug|Win32
		{D024843C-E81D-4C68-8900-8B22BAAA336B}.Unicode Debug|Win32.Build.0 = Unicode Debug|Win32
		{D024843C-E81D-4C68-8900-8B22BAAA336B}.Unicode Release|Win32.ActiveCfg = Unicode Release|Win32
		{D024843C-E81D-4C68-8900-8B22BAAA336B}.Unicode Release|Win32.Build.0 = Unicode Release|Win32
		{A0AE856C-02E9-4CAE-A34D-B13C0BF4FFB3}.MBCS Debug|Win32.ActiveCfg = MBCS Debug|Win32
		{A0AE856C-02E9-4CAE-A34D-B13C0BF4FFB3}.MBCS Debug|Win32.Build.0 = MBCS Debug|Win32
		{A0AE856C-02E9-4CAE-A34D-B13C0BF4FFB3}.MBCS Release|Win32.ActiveCfg = MBCS Release|Win32
		{A0AE856C-02E9-4CAE-A34D-B13C0BF4FFB3}.MBCS Release|Win32.Build.0 = MBCS Release|Win32
		{A0AE856C-02E9-4CAE-A34D-B13C0BF4FFB3}.Unicode Debug|Win32.ActiveCfg = Unicode Debug|Win32
		{A0AE856C-02E9-4CAE-A34D-B13C0BF4FFB3}.Unicode Debug|Win32.Build.0 = Unicode Debug|Win32
		{A0AE856C-02E9-4CAE-A34D-B13C0BF4FFB3}.Unicode Release|Win32.ActiveCfg = Unicode Release|Win32
		{A0AE856C-02E9-4CAE-A34D-B13C0BF4FFB3}.Unicode Release|Win32.Build.0 = Unicode Release|Win32
		{66F653CA-5669-48BA-A47B-5A941ECEC448}.MBCS Debug|Win32.ActiveCfg = MBCS Debug|Win32
		{66F653CA-5669-48BA-A47B-5A941ECEC448}.MBCS Debug|Win32.Build.0 = MBCS Debug|Win32
		{66F653CA-5669-48BA-A47B-5A941ECEC448}.MBCS Release|Win32.ActiveCfg = MBCS Release|Win32
		{66F653CA-5669-48BA-A47B-5A941ECEC448}.MBCS Release|Win32.Build.0 = MBCS Release|Win32
		{66F653CA-5669-48BA-A47B-5A941ECEC448}.Unicode Debug|Win32.ActiveCfg = Unicode Debug|Win32
		{66F653CA-5669-48BA-A47B-5A941ECEC448}.Unicode Debug|Win32.Build.0 = Unicode Debug|Win32
		{66F653CA-5669-48BA-A47B-5A941ECEC448}.Unicode Release|Win32.ActiveCfg = Unicode Release|Win32
		{66F653CA-5669-48BA-A47B-5A941ECEC448}.Unicode Release|Win32.Build.0 = Unicode Release|Win32
		{27C082A8-D189-4526-A465-1D0404F1FADC}.MBCS Debug|Win32.ActiveCfg = MBCS Debug|Win32
		{27C082A8-D189-4526-A465-1D0404F1FADC}.MBCS Debug|Win32.Build.0 = MBCS Debug|Win32
		{27C082A8-D189-4526-A465-1D0404F1FADC}.MBCS Release|Win32.ActiveCfg = MBCS Release|Win32
		{27C082A8-D189-4526-A465-1D0404F1FADC}.MBCS Release|Win32.Build.0 = MBCS Release|Win32
		{27C082A8-D189-4526-A465-1D0404F1FADC}.Unicode Debug|Win32.ActiveCfg = Unicode Debug|Win32
		{27C082A8-D189-4526-A465-1D0404F1FADC}.Unicode Debug|Win32.Build.0 = Unicode Debug|Win32
		{27C082A8-D189-4526-A465-1D0404F1FADC}.Unicode Release|Win32.ActiveCfg = Unicode Release|Win32
		{27C082A8-D189-4526-A465-1D0404F1FADC}.Unicode Release|Win32.Build.0 = Unicode Release|Win32
		{FF062B4A-0840-4466-8D24-D00DC620439E}.MBCS Debug|Win32.ActiveCfg = MBCS Debug|Win32
		{FF062B4A-0840-4466-8D24-D00DC620439E}.MBCS Debug|Win32.Build.0 = MBCS Debug|Win32
		{FF062B4A-0840-4466-8D24-D00DC620439E}.MBCS Release|Win32.ActiveCfg = MBCS Release|Win32
		{FF062B4A-0840-4466-8D24-D00DC620439E}.MBCS Release|Win32.Build.0 = MBCS Release|Win32
		{FF062B4A-0840-4466-8D24-D00DC620439E}.Unicode Debug|Win32.ActiveCfg = Unicode Debug|Win32
		{FF062B4A-0840-4466-8D24-D00DC620439E}.Unicode Debug|Win32.Build.0 = Unicode Debug|Win32
		{FF062B4A-0840-4466-8D24-D00DC620439E}.Unicode Release|Win32.ActiveCfg = Unicode Release|Win32
		{FF062B4A-0840-4466-8D24-D00DC620439E}.Unicode Release|Win32.Build.0 = Unicode Release|Win32
	EndGlobalSection
	GlobalSection(SolutionProperties) = preSolution
		HideSolutionNode = FALSE
	EndGlobalSection
	GlobalSection(NestedProjects) = preSolution
		{55F49127-D37F-4C01-861A-55ACC3A71242} = {B62D3682-8248-46CC-815F-4A7B6BD5EB95}
		{6B7749EE-74DF-496C-9EBE-0E6C73CAA50B} = {B62D3682-8248-46CC-815F-4A7B6BD5EB95}
		{79DED8B0-AB89-46EA-97FE-B2C0129D7401} = {B62D3682-8248-46CC-815F-4A7B6BD5EB95}
		{2EBC127D-357A-4258-B19F-78466C0C467B} = {B62D3682-8248-46CC-815F-4A7B6BD5EB95}
		{4B70F6A5-35AE-4CEE-815C-20E1F31B5F5E} = {7811E230-BCB0-4E29-8ADB-74C85C712EF6}
		{EFD1CCD3-3C31-4BDE-976A-B45A08FBFF83} = {09FD50CB-4B26-4620-A2AB-117AA50F1330}
		{8E941715-D8DA-46A6-BA3A-37FA06367DE6} = {ED5079A9-5110-4527-B400-B6A23D52803E}
		{2244F7C1-5A6E-4B0F-BE20-0188BEDF73D8} = {ED5079A9-5110-4527-B400-B6A23D52803E}
		{44F0B7AD-2952-4D7C-AF72-6A0CB26F00DB} = {ED5079A9-5110-4527-B400-B6A23D52803E}
		{1B250FF9-59DA-4F60-98DD-C3C0E9BE2F7C} = {FDEEF85C-B228-4DC2-BE67-002D63EF5E5D}
		{8646B05A-1711-4E89-BB3D-ADE551D9836C} = {FDEEF85C-B228-4DC2-BE67-002D63EF5E5D}
		{3551A0AD-0231-4229-BED1-829CC3B7712E} = {FDEEF85C-B228-4DC2-BE67-002D63EF5E5D}
		{3B567EEC-3F1F-4C75-91CD-5B3B7E096F3B} = {FDEEF85C-B228-4DC2-BE67-002D63EF5E5D}
		{14E1708C-7C58-4757-81F3-C6434F41B33B} = {FDEEF85C-B228-4DC2-BE67-002D63EF5E5D}
		{B74C3F31-EAE2-47F2-80F3-F749311DE762} = {FDEEF85C-B228-4DC2-BE67-002D63EF5E5D}
		{EB1B996F-0A4C-46BE-A099-030AC5976E64} = {FDEEF85C-B228-4DC2-BE67-002D63EF5E5D}
		{CFEF302C-6A18-4730-A429-2461C1AC2E61} = {FDEEF85C-B228-4DC2-BE67-002D63EF5E5D}
		{AC3B609B-D001-4954-AEFD-431F50C9EB3A} = {FDEEF85C-B228-4DC2-BE67-002D63EF5E5D}
		{A5C073B4-27EC-4A3F-8D02-73529C70F475} = {8514D57A-D157-4B4D-B67F-EA65FA725766}
		{BB0AAC6A-DA87-477A-8E83-DEA7FDD14A26} = {8514D57A-D157-4B4D-B67F-EA65FA725766}
		{C3747F7E-4912-47AF-B447-2BED07B41F87} = {6BFEAF3E-FB05-4F0B-BF32-5A01C9FB6231}
		{D024843C-E81D-4C68-8900-8B22BAAA336B} = {6BFEAF3E-FB05-4F0B-BF32-5A01C9FB6231}
		{A0AE856C-02E9-4CAE-A34D-B13C0BF4FFB3} = {6BFEAF3E-FB05-4F0B-BF32-5A01C9FB6231}
		{66F653CA-5669-48BA-A47B-5A941ECEC448} = {83F8863F-2EB6-48BF-8174-FB638768DE60}
		{FF062B4A-0840-4466-8D24-D00DC620439E} = {83F8863F-2EB6-48BF-8174-FB638768DE60}
		{27C082A8-D189-4526-A465-1D0404F1FADC} = {B87601B5-EE9A-4E5B-B266-C4FC3A60A002}
	EndGlobalSection
EndGlobal
