Microsoft Visual Studio Solution File, Format Version 10.00
# Visual Studio 2008
Project("{8BC9CEB8-8B4A-11D0-8D11-00A0C91BC942}") = "CalendarExt", "CalendarExt\CalendarExt.2008.vcproj", "{C1231262-07A1-4D64-BF85-3CBE5E793655}"
	ProjectSection(ProjectDependencies) = postProject
		{55F49127-D37F-4C01-861A-55ACC3A71242} = {55F49127-D37F-4C01-861A-55ACC3A71242}
		{2EBC127D-357A-4258-B19F-78466C0C467B} = {2EBC127D-357A-4258-B19F-78466C0C467B}
	EndProjectSection
EndProject
Project("{8BC9CEB8-8B4A-11D0-8D11-00A0C91BC942}") = "EncryptDecrypt", "EncryptDecrypt\EncryptDecrypt.2008.vcproj", "{D4CB1EE3-844F-47CB-AB28-66DB1FAF9438}"
	ProjectSection(ProjectDependencies) = postProject
		{55F49127-D37F-4C01-861A-55ACC3A71242} = {55F49127-D37F-4C01-861A-55ACC3A71242}
	EndProjectSection
EndProject
Project("{8BC9CEB8-8B4A-11D0-8D11-00A0C91BC942}") = "FMindImportExport", "FMindImportExport\FMindImportExport.2008.vcproj", "{198B4BEF-AB52-4F8C-8A76-2BB93BA587A8}"
	ProjectSection(ProjectDependencies) = postProject
		{55F49127-D37F-4C01-861A-55ACC3A71242} = {55F49127-D37F-4C01-861A-55ACC3A71242}
		{2EBC127D-357A-4258-B19F-78466C0C467B} = {2EBC127D-357A-4258-B19F-78466C0C467B}
	EndProjectSection
EndProject
Project("{8BC9CEB8-8B4A-11D0-8D11-00A0C91BC942}") = "GPExport", "GPExport\GPExport.2008.vcproj", "{3892F47D-7B8D-4C46-9514-63E829589C9F}"
	ProjectSection(ProjectDependencies) = postProject
		{55F49127-D37F-4C01-861A-55ACC3A71242} = {55F49127-D37F-4C01-861A-55ACC3A71242}
		{2EBC127D-357A-4258-B19F-78466C0C467B} = {2EBC127D-357A-4258-B19F-78466C0C467B}
	EndProjectSection
EndProject
Project("{8BC9CEB8-8B4A-11D0-8D11-00A0C91BC942}") = "iCalImportExport", "iCalImportExport\iCalImportExport.2008.vcproj", "{E8FEC777-AB65-4135-A1E5-22F3FD335299}"
	ProjectSection(ProjectDependencies) = postProject
		{55F49127-D37F-4C01-861A-55ACC3A71242} = {55F49127-D37F-4C01-861A-55ACC3A71242}
	EndProjectSection
EndProject
Project("{8BC9CEB8-8B4A-11D0-8D11-00A0C91BC942}") = "MLOImport", "MLOImport\MLOImport.2008.vcproj", "{8CE77835-2DE4-48B1-B279-40D2B7522506}"
	ProjectSection(ProjectDependencies) = postProject
		{55F49127-D37F-4C01-861A-55ACC3A71242} = {55F49127-D37F-4C01-861A-55ACC3A71242}
		{2EBC127D-357A-4258-B19F-78466C0C467B} = {2EBC127D-357A-4258-B19F-78466C0C467B}
	EndProjectSection
EndProject
Project("{8BC9CEB8-8B4A-11D0-8D11-00A0C91BC942}") = "MySpellCheck", "MySpellCheck\MySpellCheck.2008.vcproj", "{FF062B4A-0840-4466-8D24-D00DC620439E}"
	ProjectSection(ProjectDependencies) = postProject
		{27C082A8-D189-4526-A465-1D0404F1FADC} = {27C082A8-D189-4526-A465-1D0404F1FADC}
	EndProjectSection
EndProject
Project("{8BC9CEB8-8B4A-11D0-8D11-00A0C91BC942}") = "OutlookImpExp", "OutlookImpExp\OutlookImpExp.2008.vcproj", "{42E283ED-ED74-40EE-B258-8F9993106945}"
	ProjectSection(ProjectDependencies) = postProject
		{55F49127-D37F-4C01-861A-55ACC3A71242} = {55F49127-D37F-4C01-861A-55ACC3A71242}
	EndProjectSection
EndProject
Project("{8BC9CEB8-8B4A-11D0-8D11-00A0C91BC942}") = "PlainTextImport", "PlainTextImport\PlainTextImport.2008.vcproj", "{8948E44A-7D2C-42B3-B430-CEB224BDF557}"
EndProject
Project("{8BC9CEB8-8B4A-11D0-8D11-00A0C91BC942}") = "RTFContentCtrl", "RTFContentCtrl\RTFContentCtrl.2008.vcproj", "{12EE9BED-7352-46C3-8BEC-984A6B2174B8}"
	ProjectSection(ProjectDependencies) = postProject
		{55F49127-D37F-4C01-861A-55ACC3A71242} = {55F49127-D37F-4C01-861A-55ACC3A71242}
		{4B70F6A5-35AE-4CEE-815C-20E1F31B5F5E} = {4B70F6A5-35AE-4CEE-815C-20E1F31B5F5E}
	EndProjectSection
EndProject
Project("{8BC9CEB8-8B4A-11D0-8D11-00A0C91BC942}") = "ToDoList", "ToDoList\ToDoList.2008.vcproj", "{66F653CA-5669-48BA-A47B-5A941ECEC448}"
	ProjectSection(ProjectDependencies) = postProject
		{55F49127-D37F-4C01-861A-55ACC3A71242} = {55F49127-D37F-4C01-861A-55ACC3A71242}
		{8CE77835-2DE4-48B1-B279-40D2B7522506} = {8CE77835-2DE4-48B1-B279-40D2B7522506}
		{FF062B4A-0840-4466-8D24-D00DC620439E} = {FF062B4A-0840-4466-8D24-D00DC620439E}
		{8948E44A-7D2C-42B3-B430-CEB224BDF557} = {8948E44A-7D2C-42B3-B430-CEB224BDF557}
		{C1231262-07A1-4D64-BF85-3CBE5E793655} = {C1231262-07A1-4D64-BF85-3CBE5E793655}
		{E8FEC777-AB65-4135-A1E5-22F3FD335299} = {E8FEC777-AB65-4135-A1E5-22F3FD335299}
		{2EBC127D-357A-4258-B19F-78466C0C467B} = {2EBC127D-357A-4258-B19F-78466C0C467B}
		{3892F47D-7B8D-4C46-9514-63E829589C9F} = {3892F47D-7B8D-4C46-9514-63E829589C9F}
		{3D0C6F8D-DBCF-4A58-957C-C40E348FB9F5} = {3D0C6F8D-DBCF-4A58-957C-C40E348FB9F5}
		{D4CB1EE3-844F-47CB-AB28-66DB1FAF9438} = {D4CB1EE3-844F-47CB-AB28-66DB1FAF9438}
		{42E283ED-ED74-40EE-B258-8F9993106945} = {42E283ED-ED74-40EE-B258-8F9993106945}
		{12EE9BED-7352-46C3-8BEC-984A6B2174B8} = {12EE9BED-7352-46C3-8BEC-984A6B2174B8}
		{198B4BEF-AB52-4F8C-8A76-2BB93BA587A8} = {198B4BEF-AB52-4F8C-8A76-2BB93BA587A8}
	EndProjectSection
EndProject
Project("{2150E333-8FDC-42A3-9474-1A3956D46DE8}") = "Dependent Projects", "Dependent Projects", "{F382683D-C383-44E2-886F-CDABF9DFCDD5}"
EndProject
Project("{8BC9CEB8-8B4A-11D0-8D11-00A0C91BC942}") = "CodeProject", "..\CodeProject\CodeProject.2008.vcproj", "{55F49127-D37F-4C01-861A-55ACC3A71242}"
EndProject
Project("{8BC9CEB8-8B4A-11D0-8D11-00A0C91BC942}") = "Naughter", "..\Naughter\Naughter.2008.vcproj", "{2EBC127D-357A-4258-B19F-78466C0C467B}"
EndProject
Project("{8BC9CEB8-8B4A-11D0-8D11-00A0C91BC942}") = "MySpell", "..\MySpell\MySpell.2008.vcproj", "{27C082A8-D189-4526-A465-1D0404F1FADC}"
EndProject
Project("{8BC9CEB8-8B4A-11D0-8D11-00A0C91BC942}") = "zlib", "..\zlib\zlib.2008.vcproj", "{4B70F6A5-35AE-4CEE-815C-20E1F31B5F5E}"
EndProject
Project("{2150E333-8FDC-42A3-9474-1A3956D46DE8}") = "Inno Setup Files", "Inno Setup Files", "{928B110E-7472-4960-AF5A-B0E0ECD73170}"
	ProjectSection(SolutionItems) = preProject
		EclipsePublicLicense.rtf = EclipsePublicLicense.rtf
		ToDoListSetup.iss = ToDoListSetup.iss
	EndProjectSection
EndProject
Project("{8BC9CEB8-8B4A-11D0-8D11-00A0C91BC942}") = "Rtf2HtmlBridge", "Rtf2HtmlBridge\Rtf2HtmlBridge.2008.vcproj", "{3D0C6F8D-DBCF-4A58-957C-C40E348FB9F5}"
	ProjectSection(ProjectDependencies) = postProject
		{1691252C-C5A4-4044-877F-4BA925C86332} = {1691252C-C5A4-4044-877F-4BA925C86332}
	EndProjectSection
EndProject
Project("{8BC9CEB8-8B4A-11D0-8D11-00A0C91BC942}") = "RtfConverter", "..\RtfConverter\RtfConverter.2008.vcproj", "{1691252C-C5A4-4044-877F-4BA925C86332}"
EndProject
Global
	GlobalSection(SolutionConfigurationPlatforms) = preSolution
		MBCS Debug|Win32 = MBCS Debug|Win32
		MBCS Release|Win32 = MBCS Release|Win32
		Unicode Debug|Win32 = Unicode Debug|Win32
		Unicode Release|Win32 = Unicode Release|Win32
	EndGlobalSection
	GlobalSection(ProjectConfigurationPlatforms) = postSolution
		{C1231262-07A1-4D64-BF85-3CBE5E793655}.MBCS Debug|Win32.ActiveCfg = MBCS Debug|Win32
		{C1231262-07A1-4D64-BF85-3CBE5E793655}.MBCS Debug|Win32.Build.0 = MBCS Debug|Win32
		{C1231262-07A1-4D64-BF85-3CBE5E793655}.MBCS Release|Win32.ActiveCfg = MBCS Release|Win32
		{C1231262-07A1-4D64-BF85-3CBE5E793655}.MBCS Release|Win32.Build.0 = MBCS Release|Win32
		{C1231262-07A1-4D64-BF85-3CBE5E793655}.Unicode Debug|Win32.ActiveCfg = Unicode Debug|Win32
		{C1231262-07A1-4D64-BF85-3CBE5E793655}.Unicode Debug|Win32.Build.0 = Unicode Debug|Win32
		{C1231262-07A1-4D64-BF85-3CBE5E793655}.Unicode Release|Win32.ActiveCfg = Unicode Release|Win32
		{C1231262-07A1-4D64-BF85-3CBE5E793655}.Unicode Release|Win32.Build.0 = Unicode Release|Win32
		{D4CB1EE3-844F-47CB-AB28-66DB1FAF9438}.MBCS Debug|Win32.ActiveCfg = MBCS Debug|Win32
		{D4CB1EE3-844F-47CB-AB28-66DB1FAF9438}.MBCS Debug|Win32.Build.0 = MBCS Debug|Win32
		{D4CB1EE3-844F-47CB-AB28-66DB1FAF9438}.MBCS Release|Win32.ActiveCfg = MBCS Release|Win32
		{D4CB1EE3-844F-47CB-AB28-66DB1FAF9438}.MBCS Release|Win32.Build.0 = MBCS Release|Win32
		{D4CB1EE3-844F-47CB-AB28-66DB1FAF9438}.Unicode Debug|Win32.ActiveCfg = Unicode Debug|Win32
		{D4CB1EE3-844F-47CB-AB28-66DB1FAF9438}.Unicode Debug|Win32.Build.0 = Unicode Debug|Win32
		{D4CB1EE3-844F-47CB-AB28-66DB1FAF9438}.Unicode Release|Win32.ActiveCfg = Unicode Release|Win32
		{D4CB1EE3-844F-47CB-AB28-66DB1FAF9438}.Unicode Release|Win32.Build.0 = Unicode Release|Win32
		{198B4BEF-AB52-4F8C-8A76-2BB93BA587A8}.MBCS Debug|Win32.ActiveCfg = MBCS Debug|Win32
		{198B4BEF-AB52-4F8C-8A76-2BB93BA587A8}.MBCS Debug|Win32.Build.0 = MBCS Debug|Win32
		{198B4BEF-AB52-4F8C-8A76-2BB93BA587A8}.MBCS Release|Win32.ActiveCfg = MBCS Release|Win32
		{198B4BEF-AB52-4F8C-8A76-2BB93BA587A8}.MBCS Release|Win32.Build.0 = MBCS Release|Win32
		{198B4BEF-AB52-4F8C-8A76-2BB93BA587A8}.Unicode Debug|Win32.ActiveCfg = Unicode Debug|Win32
		{198B4BEF-AB52-4F8C-8A76-2BB93BA587A8}.Unicode Debug|Win32.Build.0 = Unicode Debug|Win32
		{198B4BEF-AB52-4F8C-8A76-2BB93BA587A8}.Unicode Release|Win32.ActiveCfg = Unicode Release|Win32
		{198B4BEF-AB52-4F8C-8A76-2BB93BA587A8}.Unicode Release|Win32.Build.0 = Unicode Release|Win32
		{3892F47D-7B8D-4C46-9514-63E829589C9F}.MBCS Debug|Win32.ActiveCfg = MBCS Debug|Win32
		{3892F47D-7B8D-4C46-9514-63E829589C9F}.MBCS Debug|Win32.Build.0 = MBCS Debug|Win32
		{3892F47D-7B8D-4C46-9514-63E829589C9F}.MBCS Release|Win32.ActiveCfg = MBCS Release|Win32
		{3892F47D-7B8D-4C46-9514-63E829589C9F}.MBCS Release|Win32.Build.0 = MBCS Release|Win32
		{3892F47D-7B8D-4C46-9514-63E829589C9F}.Unicode Debug|Win32.ActiveCfg = Unicode Debug|Win32
		{3892F47D-7B8D-4C46-9514-63E829589C9F}.Unicode Debug|Win32.Build.0 = Unicode Debug|Win32
		{3892F47D-7B8D-4C46-9514-63E829589C9F}.Unicode Release|Win32.ActiveCfg = Unicode Release|Win32
		{3892F47D-7B8D-4C46-9514-63E829589C9F}.Unicode Release|Win32.Build.0 = Unicode Release|Win32
		{E8FEC777-AB65-4135-A1E5-22F3FD335299}.MBCS Debug|Win32.ActiveCfg = MBCS Debug|Win32
		{E8FEC777-AB65-4135-A1E5-22F3FD335299}.MBCS Debug|Win32.Build.0 = MBCS Debug|Win32
		{E8FEC777-AB65-4135-A1E5-22F3FD335299}.MBCS Release|Win32.ActiveCfg = MBCS Release|Win32
		{E8FEC777-AB65-4135-A1E5-22F3FD335299}.MBCS Release|Win32.Build.0 = MBCS Release|Win32
		{E8FEC777-AB65-4135-A1E5-22F3FD335299}.Unicode Debug|Win32.ActiveCfg = Unicode Debug|Win32
		{E8FEC777-AB65-4135-A1E5-22F3FD335299}.Unicode Debug|Win32.Build.0 = Unicode Debug|Win32
		{E8FEC777-AB65-4135-A1E5-22F3FD335299}.Unicode Release|Win32.ActiveCfg = Unicode Release|Win32
		{E8FEC777-AB65-4135-A1E5-22F3FD335299}.Unicode Release|Win32.Build.0 = Unicode Release|Win32
		{8CE77835-2DE4-48B1-B279-40D2B7522506}.MBCS Debug|Win32.ActiveCfg = MBCS Debug|Win32
		{8CE77835-2DE4-48B1-B279-40D2B7522506}.MBCS Debug|Win32.Build.0 = MBCS Debug|Win32
		{8CE77835-2DE4-48B1-B279-40D2B7522506}.MBCS Release|Win32.ActiveCfg = MBCS Release|Win32
		{8CE77835-2DE4-48B1-B279-40D2B7522506}.MBCS Release|Win32.Build.0 = MBCS Release|Win32
		{8CE77835-2DE4-48B1-B279-40D2B7522506}.Unicode Debug|Win32.ActiveCfg = Unicode Debug|Win32
		{8CE77835-2DE4-48B1-B279-40D2B7522506}.Unicode Debug|Win32.Build.0 = Unicode Debug|Win32
		{8CE77835-2DE4-48B1-B279-40D2B7522506}.Unicode Release|Win32.ActiveCfg = Unicode Release|Win32
		{8CE77835-2DE4-48B1-B279-40D2B7522506}.Unicode Release|Win32.Build.0 = Unicode Release|Win32
		{FF062B4A-0840-4466-8D24-D00DC620439E}.MBCS Debug|Win32.ActiveCfg = MBCS Debug|Win32
		{FF062B4A-0840-4466-8D24-D00DC620439E}.MBCS Debug|Win32.Build.0 = MBCS Debug|Win32
		{FF062B4A-0840-4466-8D24-D00DC620439E}.MBCS Release|Win32.ActiveCfg = MBCS Release|Win32
		{FF062B4A-0840-4466-8D24-D00DC620439E}.MBCS Release|Win32.Build.0 = MBCS Release|Win32
		{FF062B4A-0840-4466-8D24-D00DC620439E}.Unicode Debug|Win32.ActiveCfg = Unicode Debug|Win32
		{FF062B4A-0840-4466-8D24-D00DC620439E}.Unicode Debug|Win32.Build.0 = Unicode Debug|Win32
		{FF062B4A-0840-4466-8D24-D00DC620439E}.Unicode Release|Win32.ActiveCfg = Unicode Release|Win32
		{FF062B4A-0840-4466-8D24-D00DC620439E}.Unicode Release|Win32.Build.0 = Unicode Release|Win32
		{42E283ED-ED74-40EE-B258-8F9993106945}.MBCS Debug|Win32.ActiveCfg = MBCS Debug|Win32
		{42E283ED-ED74-40EE-B258-8F9993106945}.MBCS Debug|Win32.Build.0 = MBCS Debug|Win32
		{42E283ED-ED74-40EE-B258-8F9993106945}.MBCS Release|Win32.ActiveCfg = MBCS Release|Win32
		{42E283ED-ED74-40EE-B258-8F9993106945}.MBCS Release|Win32.Build.0 = MBCS Release|Win32
		{42E283ED-ED74-40EE-B258-8F9993106945}.Unicode Debug|Win32.ActiveCfg = Unicode Debug|Win32
		{42E283ED-ED74-40EE-B258-8F9993106945}.Unicode Debug|Win32.Build.0 = Unicode Debug|Win32
		{42E283ED-ED74-40EE-B258-8F9993106945}.Unicode Release|Win32.ActiveCfg = Unicode Release|Win32
		{42E283ED-ED74-40EE-B258-8F9993106945}.Unicode Release|Win32.Build.0 = Unicode Release|Win32
		{8948E44A-7D2C-42B3-B430-CEB224BDF557}.MBCS Debug|Win32.ActiveCfg = MBCS Debug|Win32
		{8948E44A-7D2C-42B3-B430-CEB224BDF557}.MBCS Debug|Win32.Build.0 = MBCS Debug|Win32
		{8948E44A-7D2C-42B3-B430-CEB224BDF557}.MBCS Release|Win32.ActiveCfg = MBCS Release|Win32
		{8948E44A-7D2C-42B3-B430-CEB224BDF557}.MBCS Release|Win32.Build.0 = MBCS Release|Win32
		{8948E44A-7D2C-42B3-B430-CEB224BDF557}.Unicode Debug|Win32.ActiveCfg = Unicode Debug|Win32
		{8948E44A-7D2C-42B3-B430-CEB224BDF557}.Unicode Debug|Win32.Build.0 = Unicode Debug|Win32
		{8948E44A-7D2C-42B3-B430-CEB224BDF557}.Unicode Release|Win32.ActiveCfg = Unicode Release|Win32
		{8948E44A-7D2C-42B3-B430-CEB224BDF557}.Unicode Release|Win32.Build.0 = Unicode Release|Win32
		{12EE9BED-7352-46C3-8BEC-984A6B2174B8}.MBCS Debug|Win32.ActiveCfg = MBCS Debug|Win32
		{12EE9BED-7352-46C3-8BEC-984A6B2174B8}.MBCS Debug|Win32.Build.0 = MBCS Debug|Win32
		{12EE9BED-7352-46C3-8BEC-984A6B2174B8}.MBCS Release|Win32.ActiveCfg = MBCS Release|Win32
		{12EE9BED-7352-46C3-8BEC-984A6B2174B8}.MBCS Release|Win32.Build.0 = MBCS Release|Win32
		{12EE9BED-7352-46C3-8BEC-984A6B2174B8}.Unicode Debug|Win32.ActiveCfg = Unicode Debug|Win32
		{12EE9BED-7352-46C3-8BEC-984A6B2174B8}.Unicode Debug|Win32.Build.0 = Unicode Debug|Win32
		{12EE9BED-7352-46C3-8BEC-984A6B2174B8}.Unicode Release|Win32.ActiveCfg = Unicode Release|Win32
		{12EE9BED-7352-46C3-8BEC-984A6B2174B8}.Unicode Release|Win32.Build.0 = Unicode Release|Win32
		{66F653CA-5669-48BA-A47B-5A941ECEC448}.MBCS Debug|Win32.ActiveCfg = MBCS Debug|Win32
		{66F653CA-5669-48BA-A47B-5A941ECEC448}.MBCS Debug|Win32.Build.0 = MBCS Debug|Win32
		{66F653CA-5669-48BA-A47B-5A941ECEC448}.MBCS Release|Win32.ActiveCfg = MBCS Release|Win32
		{66F653CA-5669-48BA-A47B-5A941ECEC448}.MBCS Release|Win32.Build.0 = MBCS Release|Win32
		{66F653CA-5669-48BA-A47B-5A941ECEC448}.Unicode Debug|Win32.ActiveCfg = Unicode Debug|Win32
		{66F653CA-5669-48BA-A47B-5A941ECEC448}.Unicode Debug|Win32.Build.0 = Unicode Debug|Win32
		{66F653CA-5669-48BA-A47B-5A941ECEC448}.Unicode Release|Win32.ActiveCfg = Unicode Release|Win32
		{66F653CA-5669-48BA-A47B-5A941ECEC448}.Unicode Release|Win32.Build.0 = Unicode Release|Win32
		{55F49127-D37F-4C01-861A-55ACC3A71242}.MBCS Debug|Win32.ActiveCfg = MBCS Debug|Win32
		{55F49127-D37F-4C01-861A-55ACC3A71242}.MBCS Debug|Win32.Build.0 = MBCS Debug|Win32
		{55F49127-D37F-4C01-861A-55ACC3A71242}.MBCS Release|Win32.ActiveCfg = MBCS Release|Win32
		{55F49127-D37F-4C01-861A-55ACC3A71242}.MBCS Release|Win32.Build.0 = MBCS Release|Win32
		{55F49127-D37F-4C01-861A-55ACC3A71242}.Unicode Debug|Win32.ActiveCfg = Unicode Debug|Win32
		{55F49127-D37F-4C01-861A-55ACC3A71242}.Unicode Debug|Win32.Build.0 = Unicode Debug|Win32
		{55F49127-D37F-4C01-861A-55ACC3A71242}.Unicode Release|Win32.ActiveCfg = Unicode Release|Win32
		{55F49127-D37F-4C01-861A-55ACC3A71242}.Unicode Release|Win32.Build.0 = Unicode Release|Win32
		{2EBC127D-357A-4258-B19F-78466C0C467B}.MBCS Debug|Win32.ActiveCfg = MBCS Debug|Win32
		{2EBC127D-357A-4258-B19F-78466C0C467B}.MBCS Debug|Win32.Build.0 = MBCS Debug|Win32
		{2EBC127D-357A-4258-B19F-78466C0C467B}.MBCS Release|Win32.ActiveCfg = MBCS Release|Win32
		{2EBC127D-357A-4258-B19F-78466C0C467B}.MBCS Release|Win32.Build.0 = MBCS Release|Win32
		{2EBC127D-357A-4258-B19F-78466C0C467B}.Unicode Debug|Win32.ActiveCfg = Unicode Debug|Win32
		{2EBC127D-357A-4258-B19F-78466C0C467B}.Unicode Debug|Win32.Build.0 = Unicode Debug|Win32
		{2EBC127D-357A-4258-B19F-78466C0C467B}.Unicode Release|Win32.ActiveCfg = Unicode Release|Win32
		{2EBC127D-357A-4258-B19F-78466C0C467B}.Unicode Release|Win32.Build.0 = Unicode Release|Win32
		{27C082A8-D189-4526-A465-1D0404F1FADC}.MBCS Debug|Win32.ActiveCfg = MBCS Debug|Win32
		{27C082A8-D189-4526-A465-1D0404F1FADC}.MBCS Debug|Win32.Build.0 = MBCS Debug|Win32
		{27C082A8-D189-4526-A465-1D0404F1FADC}.MBCS Release|Win32.ActiveCfg = MBCS Release|Win32
		{27C082A8-D189-4526-A465-1D0404F1FADC}.MBCS Release|Win32.Build.0 = MBCS Release|Win32
		{27C082A8-D189-4526-A465-1D0404F1FADC}.Unicode Debug|Win32.ActiveCfg = Unicode Debug|Win32
		{27C082A8-D189-4526-A465-1D0404F1FADC}.Unicode Debug|Win32.Build.0 = Unicode Debug|Win32
		{27C082A8-D189-4526-A465-1D0404F1FADC}.Unicode Release|Win32.ActiveCfg = Unicode Release|Win32
		{27C082A8-D189-4526-A465-1D0404F1FADC}.Unicode Release|Win32.Build.0 = Unicode Release|Win32
		{4B70F6A5-35AE-4CEE-815C-20E1F31B5F5E}.MBCS Debug|Win32.ActiveCfg = MBCS Debug|Win32
		{4B70F6A5-35AE-4CEE-815C-20E1F31B5F5E}.MBCS Debug|Win32.Build.0 = MBCS Debug|Win32
		{4B70F6A5-35AE-4CEE-815C-20E1F31B5F5E}.MBCS Release|Win32.ActiveCfg = MBCS Release|Win32
		{4B70F6A5-35AE-4CEE-815C-20E1F31B5F5E}.MBCS Release|Win32.Build.0 = MBCS Release|Win32
		{4B70F6A5-35AE-4CEE-815C-20E1F31B5F5E}.Unicode Debug|Win32.ActiveCfg = Unicode Debug|Win32
		{4B70F6A5-35AE-4CEE-815C-20E1F31B5F5E}.Unicode Debug|Win32.Build.0 = Unicode Debug|Win32
		{4B70F6A5-35AE-4CEE-815C-20E1F31B5F5E}.Unicode Release|Win32.ActiveCfg = Unicode Release|Win32
		{4B70F6A5-35AE-4CEE-815C-20E1F31B5F5E}.Unicode Release|Win32.Build.0 = Unicode Release|Win32
		{3D0C6F8D-DBCF-4A58-957C-C40E348FB9F5}.MBCS Debug|Win32.ActiveCfg = MBCS Debug|Win32
		{3D0C6F8D-DBCF-4A58-957C-C40E348FB9F5}.MBCS Debug|Win32.Build.0 = MBCS Debug|Win32
		{3D0C6F8D-DBCF-4A58-957C-C40E348FB9F5}.MBCS Release|Win32.ActiveCfg = MBCS Release|Win32
		{3D0C6F8D-DBCF-4A58-957C-C40E348FB9F5}.MBCS Release|Win32.Build.0 = MBCS Release|Win32
		{3D0C6F8D-DBCF-4A58-957C-C40E348FB9F5}.Unicode Debug|Win32.ActiveCfg = Unicode Debug|Win32
		{3D0C6F8D-DBCF-4A58-957C-C40E348FB9F5}.Unicode Debug|Win32.Build.0 = Unicode Debug|Win32
		{3D0C6F8D-DBCF-4A58-957C-C40E348FB9F5}.Unicode Release|Win32.ActiveCfg = Unicode Release|Win32
		{3D0C6F8D-DBCF-4A58-957C-C40E348FB9F5}.Unicode Release|Win32.Build.0 = Unicode Release|Win32
		{1691252C-C5A4-4044-877F-4BA925C86332}.MBCS Debug|Win32.ActiveCfg = MBCS Debug|Win32
		{1691252C-C5A4-4044-877F-4BA925C86332}.MBCS Debug|Win32.Build.0 = MBCS Debug|Win32
		{1691252C-C5A4-4044-877F-4BA925C86332}.MBCS Release|Win32.ActiveCfg = MBCS Release|Win32
		{1691252C-C5A4-4044-877F-4BA925C86332}.MBCS Release|Win32.Build.0 = MBCS Release|Win32
		{1691252C-C5A4-4044-877F-4BA925C86332}.Unicode Debug|Win32.ActiveCfg = Unicode Debug|Win32
		{1691252C-C5A4-4044-877F-4BA925C86332}.Unicode Debug|Win32.Build.0 = Unicode Debug|Win32
		{1691252C-C5A4-4044-877F-4BA925C86332}.Unicode Release|Win32.ActiveCfg = Unicode Release|Win32
		{1691252C-C5A4-4044-877F-4BA925C86332}.Unicode Release|Win32.Build.0 = Unicode Release|Win32
	EndGlobalSection
	GlobalSection(SolutionProperties) = preSolution
		HideSolutionNode = FALSE
	EndGlobalSection
	GlobalSection(NestedProjects) = preSolution
		{55F49127-D37F-4C01-861A-55ACC3A71242} = {F382683D-C383-44E2-886F-CDABF9DFCDD5}
		{2EBC127D-357A-4258-B19F-78466C0C467B} = {F382683D-C383-44E2-886F-CDABF9DFCDD5}
		{27C082A8-D189-4526-A465-1D0404F1FADC} = {F382683D-C383-44E2-886F-CDABF9DFCDD5}
		{4B70F6A5-35AE-4CEE-815C-20E1F31B5F5E} = {F382683D-C383-44E2-886F-CDABF9DFCDD5}
		{1691252C-C5A4-4044-877F-4BA925C86332} = {F382683D-C383-44E2-886F-CDABF9DFCDD5}
	EndGlobalSection
EndGlobal
